// !$*UTF8*$!
{
	archiveVersion = 1;
	classes = {
	};
	objectVersion = 55;
	objects = {

/* Begin PBXBuildFile section */
		0009D7C32BB176F00093D24E /* NSArray+category.m in Sources */ = {isa = PBXBuildFile; fileRef = 0009D7C22BB176F00093D24E /* NSArray+category.m */; };
		000C7B172BC39DF0003ABB1A /* YLUtility.m in Sources */ = {isa = PBXBuildFile; fileRef = 000C7B162BC39DF0003ABB1A /* YLUtility.m */; };
		000D0DA32B05E58F00CF6C32 /* YLCFNotificationManager.m in Sources */ = {isa = PBXBuildFile; fileRef = 000D0DA12B05E58F00CF6C32 /* YLCFNotificationManager.m */; };
		000D0DA72B05E81B00CF6C32 /* NSScreen+category.m in Sources */ = {isa = PBXBuildFile; fileRef = 000D0DA62B05E81B00CF6C32 /* NSScreen+category.m */; };
		004C1E1D2CD2297A00890A67 /* YLAppleReview.m in Sources */ = {isa = PBXBuildFile; fileRef = 004C1E1C2CD2297A00890A67 /* YLAppleReview.m */; };
		004C1E212CD229EC00890A67 /* YLPermissionManager.m in Sources */ = {isa = PBXBuildFile; fileRef = 004C1E202CD229EC00890A67 /* YLPermissionManager.m */; };
		004C1E242CD22A4200890A67 /* YLPermissionWindowController.m in Sources */ = {isa = PBXBuildFile; fileRef = 004C1E232CD22A4200890A67 /* YLPermissionWindowController.m */; };
		004C1E272CD22A5700890A67 /* YLPermissionViewController.m in Sources */ = {isa = PBXBuildFile; fileRef = 004C1E262CD22A5700890A67 /* YLPermissionViewController.m */; };
		004C1E2A2CD22A6C00890A67 /* YLPermissionItem.m in Sources */ = {isa = PBXBuildFile; fileRef = 004C1E292CD22A6C00890A67 /* YLPermissionItem.m */; };
		004C1E2D2CD22A7F00890A67 /* YLPermissionModel.m in Sources */ = {isa = PBXBuildFile; fileRef = 004C1E2C2CD22A7F00890A67 /* YLPermissionModel.m */; };
		004C1E302CD22C7800890A67 /* YLPermissionManager.bundle in Resources */ = {isa = PBXBuildFile; fileRef = 004C1E2F2CD22C7800890A67 /* YLPermissionManager.bundle */; };
		004C1E332CD22CA700890A67 /* YLPermissionManager.strings in Resources */ = {isa = PBXBuildFile; fileRef = 004C1E312CD22CA700890A67 /* YLPermissionManager.strings */; };
		004C1E3F2CD22DBE00890A67 /* YLLanguage.m in Sources */ = {isa = PBXBuildFile; fileRef = 004C1E3E2CD22DBE00890A67 /* YLLanguage.m */; };
		004C1E452CD22E1400890A67 /* YLLanguageModel.m in Sources */ = {isa = PBXBuildFile; fileRef = 004C1E442CD22E1400890A67 /* YLLanguageModel.m */; };
		004C1E492CD22E8F00890A67 /* YLLanguage.strings in Resources */ = {isa = PBXBuildFile; fileRef = 004C1E472CD22E8F00890A67 /* YLLanguage.strings */; };
		004C1E552CD22F5D00890A67 /* YLWindowButton.m in Sources */ = {isa = PBXBuildFile; fileRef = 004C1E542CD22F5D00890A67 /* YLWindowButton.m */; };
		004C1E582CD22FAE00890A67 /* YLWindowOperateView.m in Sources */ = {isa = PBXBuildFile; fileRef = 004C1E572CD22FAE00890A67 /* YLWindowOperateView.m */; };
		004C1E5C2CD230B200890A67 /* YLHud.m in Sources */ = {isa = PBXBuildFile; fileRef = 004C1E5B2CD230B200890A67 /* YLHud.m */; };
		004C1E5F2CD230C600890A67 /* YLHudConfig.m in Sources */ = {isa = PBXBuildFile; fileRef = 004C1E5E2CD230C600890A67 /* YLHudConfig.m */; };
		004C1E622CD230DB00890A67 /* YLHudContentView.m in Sources */ = {isa = PBXBuildFile; fileRef = 004C1E612CD230DB00890A67 /* YLHudContentView.m */; };
		004C1E652CD230EE00890A67 /* YLHudProgressView.m in Sources */ = {isa = PBXBuildFile; fileRef = 004C1E642CD230EE00890A67 /* YLHudProgressView.m */; };
		004C1E682CD2310200890A67 /* YLHud.bundle in Resources */ = {isa = PBXBuildFile; fileRef = 004C1E672CD2310200890A67 /* YLHud.bundle */; };
		004C1E6C2CD233CB00890A67 /* YLAppRating.m in Sources */ = {isa = PBXBuildFile; fileRef = 004C1E6B2CD233CB00890A67 /* YLAppRating.m */; };
		004C1E702CD235C700890A67 /* YLUpdateManager.m in Sources */ = {isa = PBXBuildFile; fileRef = 004C1E6F2CD235C700890A67 /* YLUpdateManager.m */; };
		004C1E762CD235EA00890A67 /* YLUpdateWindowController.m in Sources */ = {isa = PBXBuildFile; fileRef = 004C1E752CD235EA00890A67 /* YLUpdateWindowController.m */; };
		004C1E792CD2361000890A67 /* YLUpdateViewController.m in Sources */ = {isa = PBXBuildFile; fileRef = 004C1E782CD2361000890A67 /* YLUpdateViewController.m */; };
		004C1E7D2CD2363B00890A67 /* YLUpdateManager.strings in Resources */ = {isa = PBXBuildFile; fileRef = 004C1E7B2CD2363B00890A67 /* YLUpdateManager.strings */; };
		006AA1602A9F26F20084F02F /* YLShortcutView.m in Sources */ = {isa = PBXBuildFile; fileRef = 006AA1572A9F26F20084F02F /* YLShortcutView.m */; };
		006AA1612A9F26F20084F02F /* YLShortcutView.strings in Resources */ = {isa = PBXBuildFile; fileRef = 006AA15A2A9F26F20084F02F /* YLShortcutView.strings */; };
		006AA19E2A9F2BD00084F02F /* YLShortcutView.bundle in Resources */ = {isa = PBXBuildFile; fileRef = 006AA19D2A9F2BD00084F02F /* YLShortcutView.bundle */; };
		006AA1A22A9F34F80084F02F /* YLUserDefaults.m in Sources */ = {isa = PBXBuildFile; fileRef = 006AA1A12A9F34F80084F02F /* YLUserDefaults.m */; };
		006AA1A62A9F3A970084F02F /* YLWeakTimer.m in Sources */ = {isa = PBXBuildFile; fileRef = 006AA1A52A9F3A970084F02F /* YLWeakTimer.m */; };
		006AA1AA2A9F3B190084F02F /* YLCollectionView.m in Sources */ = {isa = PBXBuildFile; fileRef = 006AA1A82A9F3B190084F02F /* YLCollectionView.m */; };
		009B0EF02AA7200D0001A679 /* NSColor+category.m in Sources */ = {isa = PBXBuildFile; fileRef = 009B0EEF2AA7200D0001A679 /* NSColor+category.m */; };
		009DA80F2CCF501A00F4BADA /* YLShortcutConfig.m in Sources */ = {isa = PBXBuildFile; fileRef = 009DA80E2CCF501A00F4BADA /* YLShortcutConfig.m */; };
		00A979BB29E92D870066F7C7 /* Assets.xcassets in Resources */ = {isa = PBXBuildFile; fileRef = 00A9797F29E92D870066F7C7 /* Assets.xcassets */; };
		00A979BC29E92D870066F7C7 /* ViewController.m in Sources */ = {isa = PBXBuildFile; fileRef = 00A9798029E92D870066F7C7 /* ViewController.m */; };
		00A979BD29E92D870066F7C7 /* Main.storyboard in Resources */ = {isa = PBXBuildFile; fileRef = 00A9798229E92D870066F7C7 /* Main.storyboard */; };
		00A979BE29E92D870066F7C7 /* main.m in Sources */ = {isa = PBXBuildFile; fileRef = 00A9798429E92D870066F7C7 /* main.m */; };
		00A979BF29E92D870066F7C7 /* AppDelegate.m in Sources */ = {isa = PBXBuildFile; fileRef = 00A9798529E92D870066F7C7 /* AppDelegate.m */; };
		00A979C029E92D870066F7C7 /* NSView+gesture.m in Sources */ = {isa = PBXBuildFile; fileRef = 00A9798C29E92D870066F7C7 /* NSView+gesture.m */; };
		00A979C129E92D870066F7C7 /* NSView+frame.m in Sources */ = {isa = PBXBuildFile; fileRef = 00A9798D29E92D870066F7C7 /* NSView+frame.m */; };
		00A979C229E92D870066F7C7 /* NSView+category.m in Sources */ = {isa = PBXBuildFile; fileRef = 00A9798E29E92D870066F7C7 /* NSView+category.m */; };
		00A979C329E92D870066F7C7 /* NSControl+category.m in Sources */ = {isa = PBXBuildFile; fileRef = 00A9799129E92D870066F7C7 /* NSControl+category.m */; };
		00A979C429E92D870066F7C7 /* NSString+category.m in Sources */ = {isa = PBXBuildFile; fileRef = 00A9799929E92D870066F7C7 /* NSString+category.m */; };
		00A979C529E92D870066F7C7 /* NSString+bounds.m in Sources */ = {isa = PBXBuildFile; fileRef = 00A9799A29E92D870066F7C7 /* NSString+bounds.m */; };
		00A979C629E92D870066F7C7 /* NSString+predicate.m in Sources */ = {isa = PBXBuildFile; fileRef = 00A9799B29E92D870066F7C7 /* NSString+predicate.m */; };
		00A979C729E92D870066F7C7 /* NSString+secret.m in Sources */ = {isa = PBXBuildFile; fileRef = 00A9799C29E92D870066F7C7 /* NSString+secret.m */; };
		00A979CA29E92D870066F7C7 /* NSButton+category.m in Sources */ = {isa = PBXBuildFile; fileRef = 00A979A429E92D870066F7C7 /* NSButton+category.m */; };
		00A979CB29E92D870066F7C7 /* NSAlert+category.m in Sources */ = {isa = PBXBuildFile; fileRef = 00A979A729E92D870066F7C7 /* NSAlert+category.m */; };
		00A979CC29E92D870066F7C7 /* NSObject+category.m in Sources */ = {isa = PBXBuildFile; fileRef = 00A979AB29E92D870066F7C7 /* NSObject+category.m */; };
		00A979CE29E92D870066F7C7 /* NSImage+category.m in Sources */ = {isa = PBXBuildFile; fileRef = 00A979B129E92D870066F7C7 /* NSImage+category.m */; };
		00A979CF29E92D870066F7C7 /* NSWindow+frame.m in Sources */ = {isa = PBXBuildFile; fileRef = 00A979B529E92D870066F7C7 /* NSWindow+frame.m */; };
		00A979D029E92D870066F7C7 /* NSWindow+category.m in Sources */ = {isa = PBXBuildFile; fileRef = 00A979B629E92D870066F7C7 /* NSWindow+category.m */; };
		00A979D129E92D870066F7C7 /* NSDate+category.m in Sources */ = {isa = PBXBuildFile; fileRef = 00A979B929E92D870066F7C7 /* NSDate+category.m */; };
		00B6B3EA2A08DD7B00457886 /* NSResponder+category.m in Sources */ = {isa = PBXBuildFile; fileRef = 00B6B3E92A08DD7B00457886 /* NSResponder+category.m */; };
		00B6B3ED2A08FD4A00457886 /* SecondViewController.m in Sources */ = {isa = PBXBuildFile; fileRef = 00B6B3EC2A08FD4A00457886 /* SecondViewController.m */; };
		00B6B3F12A09246D00457886 /* NSTextField+category.m in Sources */ = {isa = PBXBuildFile; fileRef = 00B6B3F02A09246D00457886 /* NSTextField+category.m */; };
		00B6B3FB2A0A271600457886 /* NSImageView+category.m in Sources */ = {isa = PBXBuildFile; fileRef = 00B6B3FA2A0A271600457886 /* NSImageView+category.m */; };
		00C47F292AA01C750082E813 /* YLFlipView.m in Sources */ = {isa = PBXBuildFile; fileRef = 00C47F282AA01C750082E813 /* YLFlipView.m */; };
		00C47F322AA01DDD0082E813 /* YLAppleScript.strings in Resources */ = {isa = PBXBuildFile; fileRef = 00C47F2D2AA01DDD0082E813 /* YLAppleScript.strings */; };
		00C47F332AA01DDD0082E813 /* YLAppleScript.m in Sources */ = {isa = PBXBuildFile; fileRef = 00C47F312AA01DDD0082E813 /* YLAppleScript.m */; };
		00CE518D2B314BF400A4EDFD /* YLControl.m in Sources */ = {isa = PBXBuildFile; fileRef = 00CE518C2B314BF400A4EDFD /* YLControl.m */; };
		00E8C0CB2BA163BE00C37E97 /* XcodeLog.m in Sources */ = {isa = PBXBuildFile; fileRef = 00E8C0CA2BA163BE00C37E97 /* XcodeLog.m */; };
		00F6624C2CCE04D100EF1D93 /* MASShortcutValidator.m in Sources */ = {isa = PBXBuildFile; fileRef = 00F6624B2CCE04D100EF1D93 /* MASShortcutValidator.m */; };
		00F6624D2CCE04D100EF1D93 /* MASShortcut.m in Sources */ = {isa = PBXBuildFile; fileRef = 00F662492CCE04D100EF1D93 /* MASShortcut.m */; };
		00F662532CCE04F800EF1D93 /* MASShortcutMonitor.m in Sources */ = {isa = PBXBuildFile; fileRef = 00F662522CCE04F800EF1D93 /* MASShortcutMonitor.m */; };
		00F662542CCE04F800EF1D93 /* MASHotKey.m in Sources */ = {isa = PBXBuildFile; fileRef = 00F662502CCE04F800EF1D93 /* MASHotKey.m */; };
		00F6625E2CCE050A00EF1D93 /* MASShortcutViewButtonCell.m in Sources */ = {isa = PBXBuildFile; fileRef = 00F6625D2CCE050A00EF1D93 /* MASShortcutViewButtonCell.m */; };
		00F6625F2CCE050A00EF1D93 /* MASLocalization.m in Sources */ = {isa = PBXBuildFile; fileRef = 00F662572CCE050A00EF1D93 /* MASLocalization.m */; };
		00F662602CCE050A00EF1D93 /* MASShortcutView+Bindings.m in Sources */ = {isa = PBXBuildFile; fileRef = 00F6625B2CCE050A00EF1D93 /* MASShortcutView+Bindings.m */; };
		00F662612CCE050A00EF1D93 /* MASShortcutView.m in Sources */ = {isa = PBXBuildFile; fileRef = 00F662592CCE050A00EF1D93 /* MASShortcutView.m */; };
		00F662672CCE052F00EF1D93 /* MASShortcutBinder.m in Sources */ = {isa = PBXBuildFile; fileRef = 00F662662CCE052F00EF1D93 /* MASShortcutBinder.m */; };
		00F662682CCE052F00EF1D93 /* MASDictionaryTransformer.m in Sources */ = {isa = PBXBuildFile; fileRef = 00F662642CCE052F00EF1D93 /* MASDictionaryTransformer.m */; };
		00F6627C2CCE0C0A00EF1D93 /* MAShortcutLocalizable.strings in Resources */ = {isa = PBXBuildFile; fileRef = 00F6627B2CCE0C0A00EF1D93 /* MAShortcutLocalizable.strings */; };
/* End PBXBuildFile section */

/* Begin PBXFileReference section */
		0009D7C12BB176F00093D24E /* NSArray+category.h */ = {isa = PBXFileReference; lastKnownFileType = sourcecode.c.h; path = "NSArray+category.h"; sourceTree = "<group>"; };
		0009D7C22BB176F00093D24E /* NSArray+category.m */ = {isa = PBXFileReference; lastKnownFileType = sourcecode.c.objc; path = "NSArray+category.m"; sourceTree = "<group>"; };
		000C7B152BC39DF0003ABB1A /* YLUtility.h */ = {isa = PBXFileReference; lastKnownFileType = sourcecode.c.h; path = YLUtility.h; sourceTree = "<group>"; };
		000C7B162BC39DF0003ABB1A /* YLUtility.m */ = {isa = PBXFileReference; lastKnownFileType = sourcecode.c.objc; path = YLUtility.m; sourceTree = "<group>"; };
		000D0DA12B05E58F00CF6C32 /* YLCFNotificationManager.m */ = {isa = PBXFileReference; fileEncoding = 4; lastKnownFileType = sourcecode.c.objc; path = YLCFNotificationManager.m; sourceTree = "<group>"; };
		000D0DA22B05E58F00CF6C32 /* YLCFNotificationManager.h */ = {isa = PBXFileReference; fileEncoding = 4; lastKnownFileType = sourcecode.c.h; path = YLCFNotificationManager.h; sourceTree = "<group>"; };
		000D0DA52B05E81B00CF6C32 /* NSScreen+category.h */ = {isa = PBXFileReference; lastKnownFileType = sourcecode.c.h; path = "NSScreen+category.h"; sourceTree = "<group>"; };
		000D0DA62B05E81B00CF6C32 /* NSScreen+category.m */ = {isa = PBXFileReference; lastKnownFileType = sourcecode.c.objc; path = "NSScreen+category.m"; sourceTree = "<group>"; };
		001F8D5528C8829B007A6F0F /* YLCategory-MacOS.app */ = {isa = PBXFileReference; explicitFileType = wrapper.application; includeInIndex = 0; path = "YLCategory-MacOS.app"; sourceTree = BUILT_PRODUCTS_DIR; };
		004C1E1B2CD2297A00890A67 /* YLAppleReview.h */ = {isa = PBXFileReference; lastKnownFileType = sourcecode.c.h; path = YLAppleReview.h; sourceTree = "<group>"; };
		004C1E1C2CD2297A00890A67 /* YLAppleReview.m */ = {isa = PBXFileReference; lastKnownFileType = sourcecode.c.objc; path = YLAppleReview.m; sourceTree = "<group>"; };
		004C1E1F2CD229EC00890A67 /* YLPermissionManager.h */ = {isa = PBXFileReference; lastKnownFileType = sourcecode.c.h; path = YLPermissionManager.h; sourceTree = "<group>"; };
		004C1E202CD229EC00890A67 /* YLPermissionManager.m */ = {isa = PBXFileReference; lastKnownFileType = sourcecode.c.objc; path = YLPermissionManager.m; sourceTree = "<group>"; };
		004C1E222CD22A4200890A67 /* YLPermissionWindowController.h */ = {isa = PBXFileReference; lastKnownFileType = sourcecode.c.h; path = YLPermissionWindowController.h; sourceTree = "<group>"; };
		004C1E232CD22A4200890A67 /* YLPermissionWindowController.m */ = {isa = PBXFileReference; lastKnownFileType = sourcecode.c.objc; path = YLPermissionWindowController.m; sourceTree = "<group>"; };
		004C1E252CD22A5700890A67 /* YLPermissionViewController.h */ = {isa = PBXFileReference; lastKnownFileType = sourcecode.c.h; path = YLPermissionViewController.h; sourceTree = "<group>"; };
		004C1E262CD22A5700890A67 /* YLPermissionViewController.m */ = {isa = PBXFileReference; lastKnownFileType = sourcecode.c.objc; path = YLPermissionViewController.m; sourceTree = "<group>"; };
		004C1E282CD22A6C00890A67 /* YLPermissionItem.h */ = {isa = PBXFileReference; lastKnownFileType = sourcecode.c.h; path = YLPermissionItem.h; sourceTree = "<group>"; };
		004C1E292CD22A6C00890A67 /* YLPermissionItem.m */ = {isa = PBXFileReference; lastKnownFileType = sourcecode.c.objc; path = YLPermissionItem.m; sourceTree = "<group>"; };
		004C1E2B2CD22A7F00890A67 /* YLPermissionModel.h */ = {isa = PBXFileReference; lastKnownFileType = sourcecode.c.h; path = YLPermissionModel.h; sourceTree = "<group>"; };
		004C1E2C2CD22A7F00890A67 /* YLPermissionModel.m */ = {isa = PBXFileReference; lastKnownFileType = sourcecode.c.objc; path = YLPermissionModel.m; sourceTree = "<group>"; };
		004C1E2F2CD22C7800890A67 /* YLPermissionManager.bundle */ = {isa = PBXFileReference; lastKnownFileType = "wrapper.plug-in"; path = YLPermissionManager.bundle; sourceTree = "<group>"; };
		004C1E322CD22CA700890A67 /* en */ = {isa = PBXFileReference; lastKnownFileType = text.plist.strings; name = en; path = en.lproj/YLPermissionManager.strings; sourceTree = "<group>"; };
		004C1E342CD22CB800890A67 /* zh-Hans */ = {isa = PBXFileReference; lastKnownFileType = text.plist.strings; name = "zh-Hans"; path = "zh-Hans.lproj/YLPermissionManager.strings"; sourceTree = "<group>"; };
		004C1E352CD22CB900890A67 /* zh-Hant */ = {isa = PBXFileReference; lastKnownFileType = text.plist.strings; name = "zh-Hant"; path = "zh-Hant.lproj/YLPermissionManager.strings"; sourceTree = "<group>"; };
		004C1E362CD22CBD00890A67 /* fr */ = {isa = PBXFileReference; lastKnownFileType = text.plist.strings; name = fr; path = fr.lproj/YLPermissionManager.strings; sourceTree = "<group>"; };
		004C1E372CD22CBF00890A67 /* de */ = {isa = PBXFileReference; lastKnownFileType = text.plist.strings; name = de; path = de.lproj/YLPermissionManager.strings; sourceTree = "<group>"; };
		004C1E382CD22CC300890A67 /* ja */ = {isa = PBXFileReference; lastKnownFileType = text.plist.strings; name = ja; path = ja.lproj/YLPermissionManager.strings; sourceTree = "<group>"; };
		004C1E392CD22CC400890A67 /* ko */ = {isa = PBXFileReference; lastKnownFileType = text.plist.strings; name = ko; path = ko.lproj/YLPermissionManager.strings; sourceTree = "<group>"; };
		004C1E3A2CD22CCB00890A67 /* pt */ = {isa = PBXFileReference; lastKnownFileType = text.plist.strings; name = pt; path = pt.lproj/YLPermissionManager.strings; sourceTree = "<group>"; };
		004C1E3B2CD22CD000890A67 /* es */ = {isa = PBXFileReference; lastKnownFileType = text.plist.strings; name = es; path = es.lproj/YLPermissionManager.strings; sourceTree = "<group>"; };
		004C1E3D2CD22DBE00890A67 /* YLLanguage.h */ = {isa = PBXFileReference; lastKnownFileType = sourcecode.c.h; path = YLLanguage.h; sourceTree = "<group>"; };
		004C1E3E2CD22DBE00890A67 /* YLLanguage.m */ = {isa = PBXFileReference; lastKnownFileType = sourcecode.c.objc; path = YLLanguage.m; sourceTree = "<group>"; };
		004C1E432CD22E1400890A67 /* YLLanguageModel.h */ = {isa = PBXFileReference; lastKnownFileType = sourcecode.c.h; path = YLLanguageModel.h; sourceTree = "<group>"; };
		004C1E442CD22E1400890A67 /* YLLanguageModel.m */ = {isa = PBXFileReference; lastKnownFileType = sourcecode.c.objc; path = YLLanguageModel.m; sourceTree = "<group>"; };
		004C1E482CD22E8F00890A67 /* en */ = {isa = PBXFileReference; lastKnownFileType = text.plist.strings; name = en; path = en.lproj/YLLanguage.strings; sourceTree = "<group>"; };
		004C1E4A2CD22E9700890A67 /* zh-Hans */ = {isa = PBXFileReference; lastKnownFileType = text.plist.strings; name = "zh-Hans"; path = "zh-Hans.lproj/YLLanguage.strings"; sourceTree = "<group>"; };
		004C1E4B2CD22E9900890A67 /* zh-Hant */ = {isa = PBXFileReference; lastKnownFileType = text.plist.strings; name = "zh-Hant"; path = "zh-Hant.lproj/YLLanguage.strings"; sourceTree = "<group>"; };
		004C1E4C2CD22E9C00890A67 /* fr */ = {isa = PBXFileReference; lastKnownFileType = text.plist.strings; name = fr; path = fr.lproj/YLLanguage.strings; sourceTree = "<group>"; };
		004C1E4D2CD22E9E00890A67 /* de */ = {isa = PBXFileReference; lastKnownFileType = text.plist.strings; name = de; path = de.lproj/YLLanguage.strings; sourceTree = "<group>"; };
		004C1E4E2CD22EA100890A67 /* ja */ = {isa = PBXFileReference; lastKnownFileType = text.plist.strings; name = ja; path = ja.lproj/YLLanguage.strings; sourceTree = "<group>"; };
		004C1E4F2CD22EA200890A67 /* ko */ = {isa = PBXFileReference; lastKnownFileType = text.plist.strings; name = ko; path = ko.lproj/YLLanguage.strings; sourceTree = "<group>"; };
		004C1E502CD22EA400890A67 /* pt */ = {isa = PBXFileReference; lastKnownFileType = text.plist.strings; name = pt; path = pt.lproj/YLLanguage.strings; sourceTree = "<group>"; };
		004C1E512CD22EA700890A67 /* es */ = {isa = PBXFileReference; lastKnownFileType = text.plist.strings; name = es; path = es.lproj/YLLanguage.strings; sourceTree = "<group>"; };
		004C1E532CD22F5D00890A67 /* YLWindowButton.h */ = {isa = PBXFileReference; lastKnownFileType = sourcecode.c.h; path = YLWindowButton.h; sourceTree = "<group>"; };
		004C1E542CD22F5D00890A67 /* YLWindowButton.m */ = {isa = PBXFileReference; lastKnownFileType = sourcecode.c.objc; path = YLWindowButton.m; sourceTree = "<group>"; };
		004C1E562CD22FAE00890A67 /* YLWindowOperateView.h */ = {isa = PBXFileReference; lastKnownFileType = sourcecode.c.h; path = YLWindowOperateView.h; sourceTree = "<group>"; };
		004C1E572CD22FAE00890A67 /* YLWindowOperateView.m */ = {isa = PBXFileReference; lastKnownFileType = sourcecode.c.objc; path = YLWindowOperateView.m; sourceTree = "<group>"; };
		004C1E5A2CD230B200890A67 /* YLHud.h */ = {isa = PBXFileReference; lastKnownFileType = sourcecode.c.h; path = YLHud.h; sourceTree = "<group>"; };
		004C1E5B2CD230B200890A67 /* YLHud.m */ = {isa = PBXFileReference; lastKnownFileType = sourcecode.c.objc; path = YLHud.m; sourceTree = "<group>"; };
		004C1E5D2CD230C600890A67 /* YLHudConfig.h */ = {isa = PBXFileReference; lastKnownFileType = sourcecode.c.h; path = YLHudConfig.h; sourceTree = "<group>"; };
		004C1E5E2CD230C600890A67 /* YLHudConfig.m */ = {isa = PBXFileReference; lastKnownFileType = sourcecode.c.objc; path = YLHudConfig.m; sourceTree = "<group>"; };
		004C1E602CD230DB00890A67 /* YLHudContentView.h */ = {isa = PBXFileReference; lastKnownFileType = sourcecode.c.h; path = YLHudContentView.h; sourceTree = "<group>"; };
		004C1E612CD230DB00890A67 /* YLHudContentView.m */ = {isa = PBXFileReference; lastKnownFileType = sourcecode.c.objc; path = YLHudContentView.m; sourceTree = "<group>"; };
		004C1E632CD230EE00890A67 /* YLHudProgressView.h */ = {isa = PBXFileReference; lastKnownFileType = sourcecode.c.h; path = YLHudProgressView.h; sourceTree = "<group>"; };
		004C1E642CD230EE00890A67 /* YLHudProgressView.m */ = {isa = PBXFileReference; lastKnownFileType = sourcecode.c.objc; path = YLHudProgressView.m; sourceTree = "<group>"; };
		004C1E672CD2310200890A67 /* YLHud.bundle */ = {isa = PBXFileReference; lastKnownFileType = "wrapper.plug-in"; path = YLHud.bundle; sourceTree = "<group>"; };
		004C1E6A2CD233CB00890A67 /* YLAppRating.h */ = {isa = PBXFileReference; lastKnownFileType = sourcecode.c.h; path = YLAppRating.h; sourceTree = "<group>"; };
		004C1E6B2CD233CB00890A67 /* YLAppRating.m */ = {isa = PBXFileReference; lastKnownFileType = sourcecode.c.objc; path = YLAppRating.m; sourceTree = "<group>"; };
		004C1E6E2CD235C700890A67 /* YLUpdateManager.h */ = {isa = PBXFileReference; lastKnownFileType = sourcecode.c.h; path = YLUpdateManager.h; sourceTree = "<group>"; };
		004C1E6F2CD235C700890A67 /* YLUpdateManager.m */ = {isa = PBXFileReference; lastKnownFileType = sourcecode.c.objc; path = YLUpdateManager.m; sourceTree = "<group>"; };
		004C1E742CD235EA00890A67 /* YLUpdateWindowController.h */ = {isa = PBXFileReference; lastKnownFileType = sourcecode.c.h; path = YLUpdateWindowController.h; sourceTree = "<group>"; };
		004C1E752CD235EA00890A67 /* YLUpdateWindowController.m */ = {isa = PBXFileReference; lastKnownFileType = sourcecode.c.objc; path = YLUpdateWindowController.m; sourceTree = "<group>"; };
		004C1E772CD2361000890A67 /* YLUpdateViewController.h */ = {isa = PBXFileReference; lastKnownFileType = sourcecode.c.h; path = YLUpdateViewController.h; sourceTree = "<group>"; };
		004C1E782CD2361000890A67 /* YLUpdateViewController.m */ = {isa = PBXFileReference; lastKnownFileType = sourcecode.c.objc; path = YLUpdateViewController.m; sourceTree = "<group>"; };
		004C1E7C2CD2363B00890A67 /* en */ = {isa = PBXFileReference; lastKnownFileType = text.plist.strings; name = en; path = en.lproj/YLUpdateManager.strings; sourceTree = "<group>"; };
		004C1E7E2CD2363F00890A67 /* zh-Hans */ = {isa = PBXFileReference; lastKnownFileType = text.plist.strings; name = "zh-Hans"; path = "zh-Hans.lproj/YLUpdateManager.strings"; sourceTree = "<group>"; };
		004C1E7F2CD2363F00890A67 /* zh-Hant */ = {isa = PBXFileReference; lastKnownFileType = text.plist.strings; name = "zh-Hant"; path = "zh-Hant.lproj/YLUpdateManager.strings"; sourceTree = "<group>"; };
		004C1E802CD2364100890A67 /* fr */ = {isa = PBXFileReference; lastKnownFileType = text.plist.strings; name = fr; path = fr.lproj/YLUpdateManager.strings; sourceTree = "<group>"; };
		004C1E812CD2364200890A67 /* de */ = {isa = PBXFileReference; lastKnownFileType = text.plist.strings; name = de; path = de.lproj/YLUpdateManager.strings; sourceTree = "<group>"; };
		004C1E822CD2364300890A67 /* ja */ = {isa = PBXFileReference; lastKnownFileType = text.plist.strings; name = ja; path = ja.lproj/YLUpdateManager.strings; sourceTree = "<group>"; };
		004C1E832CD2364400890A67 /* ko */ = {isa = PBXFileReference; lastKnownFileType = text.plist.strings; name = ko; path = ko.lproj/YLUpdateManager.strings; sourceTree = "<group>"; };
		004C1E842CD2364500890A67 /* pt */ = {isa = PBXFileReference; lastKnownFileType = text.plist.strings; name = pt; path = pt.lproj/YLUpdateManager.strings; sourceTree = "<group>"; };
		004C1E852CD2364600890A67 /* es */ = {isa = PBXFileReference; lastKnownFileType = text.plist.strings; name = es; path = es.lproj/YLUpdateManager.strings; sourceTree = "<group>"; };
		006AA1572A9F26F20084F02F /* YLShortcutView.m */ = {isa = PBXFileReference; fileEncoding = 4; lastKnownFileType = sourcecode.c.objc; path = YLShortcutView.m; sourceTree = "<group>"; };
		006AA1582A9F26F20084F02F /* YLShortcutView.h */ = {isa = PBXFileReference; fileEncoding = 4; lastKnownFileType = sourcecode.c.h; path = YLShortcutView.h; sourceTree = "<group>"; };
		006AA15B2A9F26F20084F02F /* zh-Hans */ = {isa = PBXFileReference; lastKnownFileType = text.plist.strings; name = "zh-Hans"; path = "zh-Hans.lproj/YLShortcutView.strings"; sourceTree = "<group>"; };
		006AA15C2A9F26F20084F02F /* en */ = {isa = PBXFileReference; lastKnownFileType = text.plist.strings; name = en; path = en.lproj/YLShortcutView.strings; sourceTree = "<group>"; };
		006AA15D2A9F26F20084F02F /* zh-Hant */ = {isa = PBXFileReference; lastKnownFileType = text.plist.strings; name = "zh-Hant"; path = "zh-Hant.lproj/YLShortcutView.strings"; sourceTree = "<group>"; };
		006AA19D2A9F2BD00084F02F /* YLShortcutView.bundle */ = {isa = PBXFileReference; lastKnownFileType = "wrapper.plug-in"; path = YLShortcutView.bundle; sourceTree = "<group>"; };
		006AA1A02A9F34F80084F02F /* YLUserDefaults.h */ = {isa = PBXFileReference; fileEncoding = 4; lastKnownFileType = sourcecode.c.h; path = YLUserDefaults.h; sourceTree = "<group>"; };
		006AA1A12A9F34F80084F02F /* YLUserDefaults.m */ = {isa = PBXFileReference; fileEncoding = 4; lastKnownFileType = sourcecode.c.objc; path = YLUserDefaults.m; sourceTree = "<group>"; };
		006AA1A42A9F3A970084F02F /* YLWeakTimer.h */ = {isa = PBXFileReference; fileEncoding = 4; lastKnownFileType = sourcecode.c.h; path = YLWeakTimer.h; sourceTree = "<group>"; };
		006AA1A52A9F3A970084F02F /* YLWeakTimer.m */ = {isa = PBXFileReference; fileEncoding = 4; lastKnownFileType = sourcecode.c.objc; path = YLWeakTimer.m; sourceTree = "<group>"; };
		006AA1A82A9F3B190084F02F /* YLCollectionView.m */ = {isa = PBXFileReference; fileEncoding = 4; lastKnownFileType = sourcecode.c.objc; path = YLCollectionView.m; sourceTree = "<group>"; };
		006AA1A92A9F3B190084F02F /* YLCollectionView.h */ = {isa = PBXFileReference; fileEncoding = 4; lastKnownFileType = sourcecode.c.h; path = YLCollectionView.h; sourceTree = "<group>"; };
		009784F12B88669F00D6590A /* ja */ = {isa = PBXFileReference; lastKnownFileType = text.plist.strings; name = ja; path = ja.lproj/YLShortcutView.strings; sourceTree = "<group>"; };
		009784F22B8866A100D6590A /* ko */ = {isa = PBXFileReference; lastKnownFileType = text.plist.strings; name = ko; path = ko.lproj/YLShortcutView.strings; sourceTree = "<group>"; };
		009784F32B8866A700D6590A /* fr */ = {isa = PBXFileReference; lastKnownFileType = text.plist.strings; name = fr; path = fr.lproj/YLShortcutView.strings; sourceTree = "<group>"; };
		009784F42B8866B300D6590A /* pt */ = {isa = PBXFileReference; lastKnownFileType = text.plist.strings; name = pt; path = pt.lproj/YLShortcutView.strings; sourceTree = "<group>"; };
		009784F52B8866BB00D6590A /* es */ = {isa = PBXFileReference; lastKnownFileType = text.plist.strings; name = es; path = es.lproj/YLShortcutView.strings; sourceTree = "<group>"; };
		009784F62B88671E00D6590A /* fr */ = {isa = PBXFileReference; lastKnownFileType = text.plist.strings; name = fr; path = fr.lproj/YLAppleScript.strings; sourceTree = "<group>"; };
		009784F72B88672000D6590A /* ja */ = {isa = PBXFileReference; lastKnownFileType = text.plist.strings; name = ja; path = ja.lproj/YLAppleScript.strings; sourceTree = "<group>"; };
		009784F82B88672400D6590A /* ko */ = {isa = PBXFileReference; lastKnownFileType = text.plist.strings; name = ko; path = ko.lproj/YLAppleScript.strings; sourceTree = "<group>"; };
		009784F92B88672800D6590A /* pt */ = {isa = PBXFileReference; lastKnownFileType = text.plist.strings; name = pt; path = pt.lproj/YLAppleScript.strings; sourceTree = "<group>"; };
		009784FA2B88672A00D6590A /* es */ = {isa = PBXFileReference; lastKnownFileType = text.plist.strings; name = es; path = es.lproj/YLAppleScript.strings; sourceTree = "<group>"; };
		009784FB2B886C9800D6590A /* de */ = {isa = PBXFileReference; lastKnownFileType = text.plist.strings; name = de; path = de.lproj/YLAppleScript.strings; sourceTree = "<group>"; };
		009784FC2B886C9E00D6590A /* de */ = {isa = PBXFileReference; lastKnownFileType = text.plist.strings; name = de; path = de.lproj/YLShortcutView.strings; sourceTree = "<group>"; };
		009B0EEE2AA7200D0001A679 /* NSColor+category.h */ = {isa = PBXFileReference; lastKnownFileType = sourcecode.c.h; path = "NSColor+category.h"; sourceTree = "<group>"; };
		009B0EEF2AA7200D0001A679 /* NSColor+category.m */ = {isa = PBXFileReference; lastKnownFileType = sourcecode.c.objc; path = "NSColor+category.m"; sourceTree = "<group>"; };
		009DA80D2CCF501A00F4BADA /* YLShortcutConfig.h */ = {isa = PBXFileReference; lastKnownFileType = sourcecode.c.h; path = YLShortcutConfig.h; sourceTree = "<group>"; };
		009DA80E2CCF501A00F4BADA /* YLShortcutConfig.m */ = {isa = PBXFileReference; lastKnownFileType = sourcecode.c.objc; path = YLShortcutConfig.m; sourceTree = "<group>"; };
		00A9797E29E92D870066F7C7 /* AppDelegate.h */ = {isa = PBXFileReference; fileEncoding = 4; lastKnownFileType = sourcecode.c.h; path = AppDelegate.h; sourceTree = "<group>"; };
		00A9797F29E92D870066F7C7 /* Assets.xcassets */ = {isa = PBXFileReference; lastKnownFileType = folder.assetcatalog; path = Assets.xcassets; sourceTree = "<group>"; };
		00A9798029E92D870066F7C7 /* ViewController.m */ = {isa = PBXFileReference; fileEncoding = 4; lastKnownFileType = sourcecode.c.objc; path = ViewController.m; sourceTree = "<group>"; };
		00A9798129E92D870066F7C7 /* YLCategory_MacOS.entitlements */ = {isa = PBXFileReference; fileEncoding = 4; lastKnownFileType = text.plist.entitlements; path = YLCategory_MacOS.entitlements; sourceTree = "<group>"; };
		00A9798329E92D870066F7C7 /* Base */ = {isa = PBXFileReference; lastKnownFileType = file.storyboard; name = Base; path = Base.lproj/Main.storyboard; sourceTree = "<group>"; };
		00A9798429E92D870066F7C7 /* main.m */ = {isa = PBXFileReference; fileEncoding = 4; lastKnownFileType = sourcecode.c.objc; path = main.m; sourceTree = "<group>"; };
		00A9798529E92D870066F7C7 /* AppDelegate.m */ = {isa = PBXFileReference; fileEncoding = 4; lastKnownFileType = sourcecode.c.objc; path = AppDelegate.m; sourceTree = "<group>"; };
		00A9798629E92D870066F7C7 /* ViewController.h */ = {isa = PBXFileReference; fileEncoding = 4; lastKnownFileType = sourcecode.c.h; path = ViewController.h; sourceTree = "<group>"; };
		00A9798929E92D870066F7C7 /* NSView+frame.h */ = {isa = PBXFileReference; fileEncoding = 4; lastKnownFileType = sourcecode.c.h; path = "NSView+frame.h"; sourceTree = "<group>"; };
		00A9798A29E92D870066F7C7 /* NSView+gesture.h */ = {isa = PBXFileReference; fileEncoding = 4; lastKnownFileType = sourcecode.c.h; path = "NSView+gesture.h"; sourceTree = "<group>"; };
		00A9798B29E92D870066F7C7 /* NSView+category.h */ = {isa = PBXFileReference; fileEncoding = 4; lastKnownFileType = sourcecode.c.h; path = "NSView+category.h"; sourceTree = "<group>"; };
		00A9798C29E92D870066F7C7 /* NSView+gesture.m */ = {isa = PBXFileReference; fileEncoding = 4; lastKnownFileType = sourcecode.c.objc; path = "NSView+gesture.m"; sourceTree = "<group>"; };
		00A9798D29E92D870066F7C7 /* NSView+frame.m */ = {isa = PBXFileReference; fileEncoding = 4; lastKnownFileType = sourcecode.c.objc; path = "NSView+frame.m"; sourceTree = "<group>"; };
		00A9798E29E92D870066F7C7 /* NSView+category.m */ = {isa = PBXFileReference; fileEncoding = 4; lastKnownFileType = sourcecode.c.objc; path = "NSView+category.m"; sourceTree = "<group>"; };
		00A9799029E92D870066F7C7 /* NSControl+category.h */ = {isa = PBXFileReference; fileEncoding = 4; lastKnownFileType = sourcecode.c.h; path = "NSControl+category.h"; sourceTree = "<group>"; };
		00A9799129E92D870066F7C7 /* NSControl+category.m */ = {isa = PBXFileReference; fileEncoding = 4; lastKnownFileType = sourcecode.c.objc; path = "NSControl+category.m"; sourceTree = "<group>"; };
		00A9799329E92D870066F7C7 /* Macro.h */ = {isa = PBXFileReference; fileEncoding = 4; lastKnownFileType = sourcecode.c.h; path = Macro.h; sourceTree = "<group>"; };
		00A9799529E92D870066F7C7 /* NSString+category.h */ = {isa = PBXFileReference; fileEncoding = 4; lastKnownFileType = sourcecode.c.h; path = "NSString+category.h"; sourceTree = "<group>"; };
		00A9799629E92D870066F7C7 /* NSString+bounds.h */ = {isa = PBXFileReference; fileEncoding = 4; lastKnownFileType = sourcecode.c.h; path = "NSString+bounds.h"; sourceTree = "<group>"; };
		00A9799729E92D870066F7C7 /* NSString+secret.h */ = {isa = PBXFileReference; fileEncoding = 4; lastKnownFileType = sourcecode.c.h; path = "NSString+secret.h"; sourceTree = "<group>"; };
		00A9799829E92D870066F7C7 /* NSString+predicate.h */ = {isa = PBXFileReference; fileEncoding = 4; lastKnownFileType = sourcecode.c.h; path = "NSString+predicate.h"; sourceTree = "<group>"; };
		00A9799929E92D870066F7C7 /* NSString+category.m */ = {isa = PBXFileReference; fileEncoding = 4; lastKnownFileType = sourcecode.c.objc; path = "NSString+category.m"; sourceTree = "<group>"; };
		00A9799A29E92D870066F7C7 /* NSString+bounds.m */ = {isa = PBXFileReference; fileEncoding = 4; lastKnownFileType = sourcecode.c.objc; path = "NSString+bounds.m"; sourceTree = "<group>"; };
		00A9799B29E92D870066F7C7 /* NSString+predicate.m */ = {isa = PBXFileReference; fileEncoding = 4; lastKnownFileType = sourcecode.c.objc; path = "NSString+predicate.m"; sourceTree = "<group>"; };
		00A9799C29E92D870066F7C7 /* NSString+secret.m */ = {isa = PBXFileReference; fileEncoding = 4; lastKnownFileType = sourcecode.c.objc; path = "NSString+secret.m"; sourceTree = "<group>"; };
		00A979A429E92D870066F7C7 /* NSButton+category.m */ = {isa = PBXFileReference; fileEncoding = 4; lastKnownFileType = sourcecode.c.objc; path = "NSButton+category.m"; sourceTree = "<group>"; };
		00A979A529E92D870066F7C7 /* NSButton+category.h */ = {isa = PBXFileReference; fileEncoding = 4; lastKnownFileType = sourcecode.c.h; path = "NSButton+category.h"; sourceTree = "<group>"; };
		00A979A729E92D870066F7C7 /* NSAlert+category.m */ = {isa = PBXFileReference; fileEncoding = 4; lastKnownFileType = sourcecode.c.objc; path = "NSAlert+category.m"; sourceTree = "<group>"; };
		00A979A829E92D870066F7C7 /* NSAlert+category.h */ = {isa = PBXFileReference; fileEncoding = 4; lastKnownFileType = sourcecode.c.h; path = "NSAlert+category.h"; sourceTree = "<group>"; };
		00A979AA29E92D870066F7C7 /* NSObject+category.h */ = {isa = PBXFileReference; fileEncoding = 4; lastKnownFileType = sourcecode.c.h; path = "NSObject+category.h"; sourceTree = "<group>"; };
		00A979AB29E92D870066F7C7 /* NSObject+category.m */ = {isa = PBXFileReference; fileEncoding = 4; lastKnownFileType = sourcecode.c.objc; path = "NSObject+category.m"; sourceTree = "<group>"; };
		00A979AC29E92D870066F7C7 /* YLCategory.h */ = {isa = PBXFileReference; fileEncoding = 4; lastKnownFileType = sourcecode.c.h; path = YLCategory.h; sourceTree = "<group>"; };
		00A979B129E92D870066F7C7 /* NSImage+category.m */ = {isa = PBXFileReference; fileEncoding = 4; lastKnownFileType = sourcecode.c.objc; path = "NSImage+category.m"; sourceTree = "<group>"; };
		00A979B229E92D870066F7C7 /* NSImage+category.h */ = {isa = PBXFileReference; fileEncoding = 4; lastKnownFileType = sourcecode.c.h; path = "NSImage+category.h"; sourceTree = "<group>"; };
		00A979B429E92D870066F7C7 /* NSWindow+category.h */ = {isa = PBXFileReference; fileEncoding = 4; lastKnownFileType = sourcecode.c.h; path = "NSWindow+category.h"; sourceTree = "<group>"; };
		00A979B529E92D870066F7C7 /* NSWindow+frame.m */ = {isa = PBXFileReference; fileEncoding = 4; lastKnownFileType = sourcecode.c.objc; path = "NSWindow+frame.m"; sourceTree = "<group>"; };
		00A979B629E92D870066F7C7 /* NSWindow+category.m */ = {isa = PBXFileReference; fileEncoding = 4; lastKnownFileType = sourcecode.c.objc; path = "NSWindow+category.m"; sourceTree = "<group>"; };
		00A979B729E92D870066F7C7 /* NSWindow+frame.h */ = {isa = PBXFileReference; fileEncoding = 4; lastKnownFileType = sourcecode.c.h; path = "NSWindow+frame.h"; sourceTree = "<group>"; };
		00A979B929E92D870066F7C7 /* NSDate+category.m */ = {isa = PBXFileReference; fileEncoding = 4; lastKnownFileType = sourcecode.c.objc; path = "NSDate+category.m"; sourceTree = "<group>"; };
		00A979BA29E92D870066F7C7 /* NSDate+category.h */ = {isa = PBXFileReference; fileEncoding = 4; lastKnownFileType = sourcecode.c.h; path = "NSDate+category.h"; sourceTree = "<group>"; };
		00B6B3E82A08DD7B00457886 /* NSResponder+category.h */ = {isa = PBXFileReference; lastKnownFileType = sourcecode.c.h; path = "NSResponder+category.h"; sourceTree = "<group>"; };
		00B6B3E92A08DD7B00457886 /* NSResponder+category.m */ = {isa = PBXFileReference; lastKnownFileType = sourcecode.c.objc; path = "NSResponder+category.m"; sourceTree = "<group>"; };
		00B6B3EB2A08FD4A00457886 /* SecondViewController.h */ = {isa = PBXFileReference; lastKnownFileType = sourcecode.c.h; path = SecondViewController.h; sourceTree = "<group>"; };
		00B6B3EC2A08FD4A00457886 /* SecondViewController.m */ = {isa = PBXFileReference; lastKnownFileType = sourcecode.c.objc; path = SecondViewController.m; sourceTree = "<group>"; };
		00B6B3EF2A09246D00457886 /* NSTextField+category.h */ = {isa = PBXFileReference; lastKnownFileType = sourcecode.c.h; path = "NSTextField+category.h"; sourceTree = "<group>"; };
		00B6B3F02A09246D00457886 /* NSTextField+category.m */ = {isa = PBXFileReference; lastKnownFileType = sourcecode.c.objc; path = "NSTextField+category.m"; sourceTree = "<group>"; };
		00B6B3F92A0A271600457886 /* NSImageView+category.h */ = {isa = PBXFileReference; lastKnownFileType = sourcecode.c.h; path = "NSImageView+category.h"; sourceTree = "<group>"; };
		00B6B3FA2A0A271600457886 /* NSImageView+category.m */ = {isa = PBXFileReference; lastKnownFileType = sourcecode.c.objc; path = "NSImageView+category.m"; sourceTree = "<group>"; };
		00C47F272AA01C750082E813 /* YLFlipView.h */ = {isa = PBXFileReference; lastKnownFileType = sourcecode.c.h; path = YLFlipView.h; sourceTree = "<group>"; };
		00C47F282AA01C750082E813 /* YLFlipView.m */ = {isa = PBXFileReference; lastKnownFileType = sourcecode.c.objc; path = YLFlipView.m; sourceTree = "<group>"; };
		00C47F2B2AA01DDD0082E813 /* YLAppleScript.h */ = {isa = PBXFileReference; fileEncoding = 4; lastKnownFileType = sourcecode.c.h; path = YLAppleScript.h; sourceTree = "<group>"; };
		00C47F2E2AA01DDD0082E813 /* zh-Hans */ = {isa = PBXFileReference; lastKnownFileType = text.plist.strings; name = "zh-Hans"; path = "zh-Hans.lproj/YLAppleScript.strings"; sourceTree = "<group>"; };
		00C47F2F2AA01DDD0082E813 /* en */ = {isa = PBXFileReference; lastKnownFileType = text.plist.strings; name = en; path = en.lproj/YLAppleScript.strings; sourceTree = "<group>"; };
		00C47F302AA01DDD0082E813 /* zh-Hant */ = {isa = PBXFileReference; lastKnownFileType = text.plist.strings; name = "zh-Hant"; path = "zh-Hant.lproj/YLAppleScript.strings"; sourceTree = "<group>"; };
		00C47F312AA01DDD0082E813 /* YLAppleScript.m */ = {isa = PBXFileReference; fileEncoding = 4; lastKnownFileType = sourcecode.c.objc; path = YLAppleScript.m; sourceTree = "<group>"; };
		00CE518B2B314BF400A4EDFD /* YLControl.h */ = {isa = PBXFileReference; lastKnownFileType = sourcecode.c.h; path = YLControl.h; sourceTree = "<group>"; };
		00CE518C2B314BF400A4EDFD /* YLControl.m */ = {isa = PBXFileReference; lastKnownFileType = sourcecode.c.objc; path = YLControl.m; sourceTree = "<group>"; };
		00E8C0CA2BA163BE00C37E97 /* XcodeLog.m */ = {isa = PBXFileReference; fileEncoding = 4; lastKnownFileType = sourcecode.c.objc; path = XcodeLog.m; sourceTree = "<group>"; };
		00F662472CCE04D100EF1D93 /* MASKeyCodes.h */ = {isa = PBXFileReference; lastKnownFileType = sourcecode.c.h; path = MASKeyCodes.h; sourceTree = "<group>"; };
		00F662482CCE04D100EF1D93 /* MASShortcut.h */ = {isa = PBXFileReference; lastKnownFileType = sourcecode.c.h; path = MASShortcut.h; sourceTree = "<group>"; };
		00F662492CCE04D100EF1D93 /* MASShortcut.m */ = {isa = PBXFileReference; lastKnownFileType = sourcecode.c.objc; path = MASShortcut.m; sourceTree = "<group>"; };
		00F6624A2CCE04D100EF1D93 /* MASShortcutValidator.h */ = {isa = PBXFileReference; lastKnownFileType = sourcecode.c.h; path = MASShortcutValidator.h; sourceTree = "<group>"; };
		00F6624B2CCE04D100EF1D93 /* MASShortcutValidator.m */ = {isa = PBXFileReference; lastKnownFileType = sourcecode.c.objc; path = MASShortcutValidator.m; sourceTree = "<group>"; };
		00F6624F2CCE04F800EF1D93 /* MASHotKey.h */ = {isa = PBXFileReference; lastKnownFileType = sourcecode.c.h; path = MASHotKey.h; sourceTree = "<group>"; };
		00F662502CCE04F800EF1D93 /* MASHotKey.m */ = {isa = PBXFileReference; lastKnownFileType = sourcecode.c.objc; path = MASHotKey.m; sourceTree = "<group>"; };
		00F662512CCE04F800EF1D93 /* MASShortcutMonitor.h */ = {isa = PBXFileReference; lastKnownFileType = sourcecode.c.h; path = MASShortcutMonitor.h; sourceTree = "<group>"; };
		00F662522CCE04F800EF1D93 /* MASShortcutMonitor.m */ = {isa = PBXFileReference; lastKnownFileType = sourcecode.c.objc; path = MASShortcutMonitor.m; sourceTree = "<group>"; };
		00F662562CCE050A00EF1D93 /* MASLocalization.h */ = {isa = PBXFileReference; lastKnownFileType = sourcecode.c.h; path = MASLocalization.h; sourceTree = "<group>"; };
		00F662572CCE050A00EF1D93 /* MASLocalization.m */ = {isa = PBXFileReference; lastKnownFileType = sourcecode.c.objc; path = MASLocalization.m; sourceTree = "<group>"; };
		00F662582CCE050A00EF1D93 /* MASShortcutView.h */ = {isa = PBXFileReference; lastKnownFileType = sourcecode.c.h; path = MASShortcutView.h; sourceTree = "<group>"; };
		00F662592CCE050A00EF1D93 /* MASShortcutView.m */ = {isa = PBXFileReference; lastKnownFileType = sourcecode.c.objc; path = MASShortcutView.m; sourceTree = "<group>"; };
		00F6625A2CCE050A00EF1D93 /* MASShortcutView+Bindings.h */ = {isa = PBXFileReference; lastKnownFileType = sourcecode.c.h; path = "MASShortcutView+Bindings.h"; sourceTree = "<group>"; };
		00F6625B2CCE050A00EF1D93 /* MASShortcutView+Bindings.m */ = {isa = PBXFileReference; lastKnownFileType = sourcecode.c.objc; path = "MASShortcutView+Bindings.m"; sourceTree = "<group>"; };
		00F6625C2CCE050A00EF1D93 /* MASShortcutViewButtonCell.h */ = {isa = PBXFileReference; lastKnownFileType = sourcecode.c.h; path = MASShortcutViewButtonCell.h; sourceTree = "<group>"; };
		00F6625D2CCE050A00EF1D93 /* MASShortcutViewButtonCell.m */ = {isa = PBXFileReference; lastKnownFileType = sourcecode.c.objc; path = MASShortcutViewButtonCell.m; sourceTree = "<group>"; };
		00F662632CCE052F00EF1D93 /* MASDictionaryTransformer.h */ = {isa = PBXFileReference; lastKnownFileType = sourcecode.c.h; path = MASDictionaryTransformer.h; sourceTree = "<group>"; };
		00F662642CCE052F00EF1D93 /* MASDictionaryTransformer.m */ = {isa = PBXFileReference; lastKnownFileType = sourcecode.c.objc; path = MASDictionaryTransformer.m; sourceTree = "<group>"; };
		00F662652CCE052F00EF1D93 /* MASShortcutBinder.h */ = {isa = PBXFileReference; lastKnownFileType = sourcecode.c.h; path = MASShortcutBinder.h; sourceTree = "<group>"; };
		00F662662CCE052F00EF1D93 /* MASShortcutBinder.m */ = {isa = PBXFileReference; lastKnownFileType = sourcecode.c.objc; path = MASShortcutBinder.m; sourceTree = "<group>"; };
		00F6626A2CCE09DC00EF1D93 /* Shortcut.h */ = {isa = PBXFileReference; lastKnownFileType = sourcecode.c.h; path = Shortcut.h; sourceTree = "<group>"; };
		00F6626C2CCE0C0A00EF1D93 /* Localizable.strings */ = {isa = PBXFileReference; lastKnownFileType = text.plist.strings; name = Localizable.strings; path = cs.lproj/MAShortcutLocalizable.strings; sourceTree = "<group>"; };
		00F6626D2CCE0C0A00EF1D93 /* Localizable.strings */ = {isa = PBXFileReference; lastKnownFileType = text.plist.strings; name = Localizable.strings; path = de.lproj/MAShortcutLocalizable.strings; sourceTree = "<group>"; };
		00F6626E2CCE0C0A00EF1D93 /* Localizable.strings */ = {isa = PBXFileReference; lastKnownFileType = text.plist.strings; name = Localizable.strings; path = en.lproj/MAShortcutLocalizable.strings; sourceTree = "<group>"; };
		00F6626F2CCE0C0A00EF1D93 /* Localizable.strings */ = {isa = PBXFileReference; lastKnownFileType = text.plist.strings; name = Localizable.strings; path = es.lproj/MAShortcutLocalizable.strings; sourceTree = "<group>"; };
		00F662702CCE0C0A00EF1D93 /* Localizable.strings */ = {isa = PBXFileReference; lastKnownFileType = text.plist.strings; name = Localizable.strings; path = fr.lproj/MAShortcutLocalizable.strings; sourceTree = "<group>"; };
		00F662712CCE0C0A00EF1D93 /* Localizable.strings */ = {isa = PBXFileReference; lastKnownFileType = text.plist.strings; name = Localizable.strings; path = it.lproj/MAShortcutLocalizable.strings; sourceTree = "<group>"; };
		00F662722CCE0C0A00EF1D93 /* Localizable.strings */ = {isa = PBXFileReference; lastKnownFileType = text.plist.strings; name = Localizable.strings; path = ja.lproj/MAShortcutLocalizable.strings; sourceTree = "<group>"; };
		00F662732CCE0C0A00EF1D93 /* Localizable.strings */ = {isa = PBXFileReference; lastKnownFileType = text.plist.strings; name = Localizable.strings; path = ko.lproj/MAShortcutLocalizable.strings; sourceTree = "<group>"; };
		00F662742CCE0C0A00EF1D93 /* Localizable.strings */ = {isa = PBXFileReference; lastKnownFileType = text.plist.strings; name = Localizable.strings; path = nl.lproj/MAShortcutLocalizable.strings; sourceTree = "<group>"; };
		00F662752CCE0C0A00EF1D93 /* Localizable.strings */ = {isa = PBXFileReference; lastKnownFileType = text.plist.strings; name = Localizable.strings; path = pl.lproj/MAShortcutLocalizable.strings; sourceTree = "<group>"; };
		00F662762CCE0C0A00EF1D93 /* Localizable.strings */ = {isa = PBXFileReference; lastKnownFileType = text.plist.strings; name = Localizable.strings; path = pt.lproj/MAShortcutLocalizable.strings; sourceTree = "<group>"; };
		00F662772CCE0C0A00EF1D93 /* Localizable.strings */ = {isa = PBXFileReference; lastKnownFileType = text.plist.strings; name = Localizable.strings; path = ru.lproj/MAShortcutLocalizable.strings; sourceTree = "<group>"; };
		00F662782CCE0C0A00EF1D93 /* Localizable.strings */ = {isa = PBXFileReference; lastKnownFileType = text.plist.strings; name = Localizable.strings; path = sv.lproj/MAShortcutLocalizable.strings; sourceTree = "<group>"; };
		00F662792CCE0C0A00EF1D93 /* Localizable.strings */ = {isa = PBXFileReference; lastKnownFileType = text.plist.strings; name = Localizable.strings; path = "zh-Hans.lproj/MAShortcutLocalizable.strings"; sourceTree = "<group>"; };
		00F6627A2CCE0C0A00EF1D93 /* Localizable.strings */ = {isa = PBXFileReference; lastKnownFileType = text.plist.strings; name = Localizable.strings; path = "zh-Hant.lproj/MAShortcutLocalizable.strings"; sourceTree = "<group>"; };
/* End PBXFileReference section */

/* Begin PBXFrameworksBuildPhase section */
		001F8D5228C8829B007A6F0F /* Frameworks */ = {
			isa = PBXFrameworksBuildPhase;
			buildActionMask = 2147483647;
			files = (
			);
			runOnlyForDeploymentPostprocessing = 0;
		};
/* End PBXFrameworksBuildPhase section */

/* Begin PBXGroup section */
		00003A9B2BB174AF0007D0D0 /* NSArray */ = {
			isa = PBXGroup;
			children = (
				0009D7C12BB176F00093D24E /* NSArray+category.h */,
				0009D7C22BB176F00093D24E /* NSArray+category.m */,
			);
			path = NSArray;
			sourceTree = "<group>";
		};
		000C7B142BC399CC003ABB1A /* YLUtility */ = {
			isa = PBXGroup;
			children = (
				000C7B152BC39DF0003ABB1A /* YLUtility.h */,
				000C7B162BC39DF0003ABB1A /* YLUtility.m */,
			);
			path = YLUtility;
			sourceTree = "<group>";
		};
		000D0DA02B05E58F00CF6C32 /* YLCFNotificationManager */ = {
			isa = PBXGroup;
			children = (
				000D0DA22B05E58F00CF6C32 /* YLCFNotificationManager.h */,
				000D0DA12B05E58F00CF6C32 /* YLCFNotificationManager.m */,
			);
			path = YLCFNotificationManager;
			sourceTree = "<group>";
		};
		000D0DA42B05E80000CF6C32 /* NSScreen */ = {
			isa = PBXGroup;
			children = (
				000D0DA52B05E81B00CF6C32 /* NSScreen+category.h */,
				000D0DA62B05E81B00CF6C32 /* NSScreen+category.m */,
			);
			path = NSScreen;
			sourceTree = "<group>";
		};
		001F8D4C28C8829B007A6F0F = {
			isa = PBXGroup;
			children = (
				00A9797D29E92D870066F7C7 /* YLCategory-Demo */,
				00A9798729E92D870066F7C7 /* YLCategory-MacOS */,
				001F8D5628C8829B007A6F0F /* Products */,
				7C45926FE87C4A31E6BC0573 /* Frameworks */,
			);
			sourceTree = "<group>";
		};
		001F8D5628C8829B007A6F0F /* Products */ = {
			isa = PBXGroup;
			children = (
				001F8D5528C8829B007A6F0F /* YLCategory-MacOS.app */,
			);
			name = Products;
			sourceTree = "<group>";
		};
		004C1E1A2CD2296100890A67 /* YLAppleReview */ = {
			isa = PBXGroup;
			children = (
				004C1E1B2CD2297A00890A67 /* YLAppleReview.h */,
				004C1E1C2CD2297A00890A67 /* YLAppleReview.m */,
			);
			path = YLAppleReview;
			sourceTree = "<group>";
		};
		004C1E1E2CD229DE00890A67 /* YLPermissionManager */ = {
			isa = PBXGroup;
			children = (
				004C1E1F2CD229EC00890A67 /* YLPermissionManager.h */,
				004C1E202CD229EC00890A67 /* YLPermissionManager.m */,
				004C1E222CD22A4200890A67 /* YLPermissionWindowController.h */,
				004C1E232CD22A4200890A67 /* YLPermissionWindowController.m */,
				004C1E252CD22A5700890A67 /* YLPermissionViewController.h */,
				004C1E262CD22A5700890A67 /* YLPermissionViewController.m */,
				004C1E282CD22A6C00890A67 /* YLPermissionItem.h */,
				004C1E292CD22A6C00890A67 /* YLPermissionItem.m */,
				004C1E2B2CD22A7F00890A67 /* YLPermissionModel.h */,
				004C1E2C2CD22A7F00890A67 /* YLPermissionModel.m */,
				004C1E2E2CD22C6400890A67 /* Resources */,
			);
			path = YLPermissionManager;
			sourceTree = "<group>";
		};
		004C1E2E2CD22C6400890A67 /* Resources */ = {
			isa = PBXGroup;
			children = (
				004C1E2F2CD22C7800890A67 /* YLPermissionManager.bundle */,
				004C1E312CD22CA700890A67 /* YLPermissionManager.strings */,
			);
			path = Resources;
			sourceTree = "<group>";
		};
		004C1E3C2CD22DAD00890A67 /* YLLanguage */ = {
			isa = PBXGroup;
			children = (
				004C1E3D2CD22DBE00890A67 /* YLLanguage.h */,
				004C1E3E2CD22DBE00890A67 /* YLLanguage.m */,
				004C1E432CD22E1400890A67 /* YLLanguageModel.h */,
				004C1E442CD22E1400890A67 /* YLLanguageModel.m */,
				004C1E462CD22E7A00890A67 /* Resources */,
			);
			path = YLLanguage;
			sourceTree = "<group>";
		};
		004C1E462CD22E7A00890A67 /* Resources */ = {
			isa = PBXGroup;
			children = (
				004C1E472CD22E8F00890A67 /* YLLanguage.strings */,
			);
			path = Resources;
			sourceTree = "<group>";
		};
		004C1E522CD22F4000890A67 /* YLWindowButton */ = {
			isa = PBXGroup;
			children = (
				004C1E532CD22F5D00890A67 /* YLWindowButton.h */,
				004C1E542CD22F5D00890A67 /* YLWindowButton.m */,
				004C1E562CD22FAE00890A67 /* YLWindowOperateView.h */,
				004C1E572CD22FAE00890A67 /* YLWindowOperateView.m */,
			);
			path = YLWindowButton;
			sourceTree = "<group>";
		};
		004C1E592CD2309600890A67 /* YLHud */ = {
			isa = PBXGroup;
			children = (
				004C1E5A2CD230B200890A67 /* YLHud.h */,
				004C1E5B2CD230B200890A67 /* YLHud.m */,
				004C1E5D2CD230C600890A67 /* YLHudConfig.h */,
				004C1E5E2CD230C600890A67 /* YLHudConfig.m */,
				004C1E602CD230DB00890A67 /* YLHudContentView.h */,
				004C1E612CD230DB00890A67 /* YLHudContentView.m */,
				004C1E632CD230EE00890A67 /* YLHudProgressView.h */,
				004C1E642CD230EE00890A67 /* YLHudProgressView.m */,
				004C1E662CD230F500890A67 /* Resources */,
			);
			path = YLHud;
			sourceTree = "<group>";
		};
		004C1E662CD230F500890A67 /* Resources */ = {
			isa = PBXGroup;
			children = (
				004C1E672CD2310200890A67 /* YLHud.bundle */,
			);
			path = Resources;
			sourceTree = "<group>";
		};
		004C1E692CD233B400890A67 /* YLAppRating */ = {
			isa = PBXGroup;
			children = (
				004C1E6A2CD233CB00890A67 /* YLAppRating.h */,
				004C1E6B2CD233CB00890A67 /* YLAppRating.m */,
			);
			path = YLAppRating;
			sourceTree = "<group>";
		};
		004C1E6D2CD235AE00890A67 /* YLUpdateManager */ = {
			isa = PBXGroup;
			children = (
				004C1E6E2CD235C700890A67 /* YLUpdateManager.h */,
				004C1E6F2CD235C700890A67 /* YLUpdateManager.m */,
				004C1E742CD235EA00890A67 /* YLUpdateWindowController.h */,
				004C1E752CD235EA00890A67 /* YLUpdateWindowController.m */,
				004C1E772CD2361000890A67 /* YLUpdateViewController.h */,
				004C1E782CD2361000890A67 /* YLUpdateViewController.m */,
				004C1E7A2CD2361A00890A67 /* Resources */,
			);
			path = YLUpdateManager;
			sourceTree = "<group>";
		};
		004C1E7A2CD2361A00890A67 /* Resources */ = {
			isa = PBXGroup;
			children = (
				004C1E7B2CD2363B00890A67 /* YLUpdateManager.strings */,
			);
			path = Resources;
			sourceTree = "<group>";
		};
		006AA1542A9F26D40084F02F /* YLShortcutView */ = {
			isa = PBXGroup;
			children = (
				00F662692CCE09B900EF1D93 /* MASShortcut */,
				006AA1582A9F26F20084F02F /* YLShortcutView.h */,
				006AA1572A9F26F20084F02F /* YLShortcutView.m */,
				009DA80D2CCF501A00F4BADA /* YLShortcutConfig.h */,
				009DA80E2CCF501A00F4BADA /* YLShortcutConfig.m */,
				006AA1592A9F26F20084F02F /* Resources */,
			);
			path = YLShortcutView;
			sourceTree = "<group>";
		};
		006AA1592A9F26F20084F02F /* Resources */ = {
			isa = PBXGroup;
			children = (
				006AA19D2A9F2BD00084F02F /* YLShortcutView.bundle */,
				006AA15A2A9F26F20084F02F /* YLShortcutView.strings */,
			);
			path = Resources;
			sourceTree = "<group>";
		};
		006AA19F2A9F34F80084F02F /* YLUserDefaults */ = {
			isa = PBXGroup;
			children = (
				006AA1A02A9F34F80084F02F /* YLUserDefaults.h */,
				006AA1A12A9F34F80084F02F /* YLUserDefaults.m */,
			);
			path = YLUserDefaults;
			sourceTree = "<group>";
		};
		006AA1A32A9F3A970084F02F /* YLWeakTimer */ = {
			isa = PBXGroup;
			children = (
				006AA1A42A9F3A970084F02F /* YLWeakTimer.h */,
				006AA1A52A9F3A970084F02F /* YLWeakTimer.m */,
			);
			path = YLWeakTimer;
			sourceTree = "<group>";
		};
		006AA1A72A9F3B190084F02F /* YLCollectionView */ = {
			isa = PBXGroup;
			children = (
				006AA1A92A9F3B190084F02F /* YLCollectionView.h */,
				006AA1A82A9F3B190084F02F /* YLCollectionView.m */,
			);
			path = YLCollectionView;
			sourceTree = "<group>";
		};
		00A9797D29E92D870066F7C7 /* YLCategory-Demo */ = {
			isa = PBXGroup;
			children = (
				00A9797E29E92D870066F7C7 /* AppDelegate.h */,
				00A9798529E92D870066F7C7 /* AppDelegate.m */,
				00A9798629E92D870066F7C7 /* ViewController.h */,
				00A9798029E92D870066F7C7 /* ViewController.m */,
				00B6B3EB2A08FD4A00457886 /* SecondViewController.h */,
				00B6B3EC2A08FD4A00457886 /* SecondViewController.m */,
				00A9798129E92D870066F7C7 /* YLCategory_MacOS.entitlements */,
				00A9797F29E92D870066F7C7 /* Assets.xcassets */,
				00A9798229E92D870066F7C7 /* Main.storyboard */,
				00A9798429E92D870066F7C7 /* main.m */,
			);
			path = "YLCategory-Demo";
			sourceTree = "<group>";
		};
		00A9798729E92D870066F7C7 /* YLCategory-MacOS */ = {
			isa = PBXGroup;
			children = (
				00A979AC29E92D870066F7C7 /* YLCategory.h */,
				004C1E6D2CD235AE00890A67 /* YLUpdateManager */,
				004C1E692CD233B400890A67 /* YLAppRating */,
				004C1E592CD2309600890A67 /* YLHud */,
				004C1E522CD22F4000890A67 /* YLWindowButton */,
				004C1E3C2CD22DAD00890A67 /* YLLanguage */,
				004C1E1E2CD229DE00890A67 /* YLPermissionManager */,
				004C1E1A2CD2296100890A67 /* YLAppleReview */,
				000C7B142BC399CC003ABB1A /* YLUtility */,
				00CE518A2B314BD900A4EDFD /* YLControl */,
				000D0DA02B05E58F00CF6C32 /* YLCFNotificationManager */,
				00C47F2A2AA01DDD0082E813 /* YLAppleScript */,
				00C47F262AA01C570082E813 /* YLFlipView */,
				006AA1A72A9F3B190084F02F /* YLCollectionView */,
				006AA1A32A9F3A970084F02F /* YLWeakTimer */,
				006AA19F2A9F34F80084F02F /* YLUserDefaults */,
				006AA1542A9F26D40084F02F /* YLShortcutView */,
				00B6B3F82A0A270100457886 /* NSImageView */,
				00B6B3E72A08DD5900457886 /* NSResponder */,
				00003A9B2BB174AF0007D0D0 /* NSArray */,
				00B6B3E32A08DAE000457886 /* NSColor */,
				00A9798829E92D870066F7C7 /* NSView */,
				00A9798F29E92D870066F7C7 /* NSControl */,
				00A9799229E92D870066F7C7 /* Other */,
				00A9799429E92D870066F7C7 /* NSString */,
				00A979A329E92D870066F7C7 /* NSButton */,
				00A979A629E92D870066F7C7 /* NSAlert */,
				00A979A929E92D870066F7C7 /* NSObject */,
				00B6B3EE2A09244D00457886 /* NSTextField */,
				00A979B029E92D870066F7C7 /* NSImage */,
				00A979B329E92D870066F7C7 /* NSWindow */,
				000D0DA42B05E80000CF6C32 /* NSScreen */,
				00A979B829E92D870066F7C7 /* NSDate */,
			);
			path = "YLCategory-MacOS";
			sourceTree = "<group>";
		};
		00A9798829E92D870066F7C7 /* NSView */ = {
			isa = PBXGroup;
			children = (
				00A9798929E92D870066F7C7 /* NSView+frame.h */,
				00A9798D29E92D870066F7C7 /* NSView+frame.m */,
				00A9798B29E92D870066F7C7 /* NSView+category.h */,
				00A9798E29E92D870066F7C7 /* NSView+category.m */,
				00A9798A29E92D870066F7C7 /* NSView+gesture.h */,
				00A9798C29E92D870066F7C7 /* NSView+gesture.m */,
			);
			path = NSView;
			sourceTree = "<group>";
		};
		00A9798F29E92D870066F7C7 /* NSControl */ = {
			isa = PBXGroup;
			children = (
				00A9799029E92D870066F7C7 /* NSControl+category.h */,
				00A9799129E92D870066F7C7 /* NSControl+category.m */,
			);
			path = NSControl;
			sourceTree = "<group>";
		};
		00A9799229E92D870066F7C7 /* Other */ = {
			isa = PBXGroup;
			children = (
				00E8C0CA2BA163BE00C37E97 /* XcodeLog.m */,
				00A9799329E92D870066F7C7 /* Macro.h */,
			);
			path = Other;
			sourceTree = "<group>";
		};
		00A9799429E92D870066F7C7 /* NSString */ = {
			isa = PBXGroup;
			children = (
				00A9799729E92D870066F7C7 /* NSString+secret.h */,
				00A9799C29E92D870066F7C7 /* NSString+secret.m */,
				00A9799829E92D870066F7C7 /* NSString+predicate.h */,
				00A9799B29E92D870066F7C7 /* NSString+predicate.m */,
				00A9799529E92D870066F7C7 /* NSString+category.h */,
				00A9799929E92D870066F7C7 /* NSString+category.m */,
				00A9799629E92D870066F7C7 /* NSString+bounds.h */,
				00A9799A29E92D870066F7C7 /* NSString+bounds.m */,
			);
			path = NSString;
			sourceTree = "<group>";
		};
		00A979A329E92D870066F7C7 /* NSButton */ = {
			isa = PBXGroup;
			children = (
				00A979A529E92D870066F7C7 /* NSButton+category.h */,
				00A979A429E92D870066F7C7 /* NSButton+category.m */,
			);
			path = NSButton;
			sourceTree = "<group>";
		};
		00A979A629E92D870066F7C7 /* NSAlert */ = {
			isa = PBXGroup;
			children = (
				00A979A829E92D870066F7C7 /* NSAlert+category.h */,
				00A979A729E92D870066F7C7 /* NSAlert+category.m */,
			);
			path = NSAlert;
			sourceTree = "<group>";
		};
		00A979A929E92D870066F7C7 /* NSObject */ = {
			isa = PBXGroup;
			children = (
				00A979AA29E92D870066F7C7 /* NSObject+category.h */,
				00A979AB29E92D870066F7C7 /* NSObject+category.m */,
			);
			path = NSObject;
			sourceTree = "<group>";
		};
		00A979B029E92D870066F7C7 /* NSImage */ = {
			isa = PBXGroup;
			children = (
				00A979B229E92D870066F7C7 /* NSImage+category.h */,
				00A979B129E92D870066F7C7 /* NSImage+category.m */,
			);
			path = NSImage;
			sourceTree = "<group>";
		};
		00A979B329E92D870066F7C7 /* NSWindow */ = {
			isa = PBXGroup;
			children = (
				00A979B429E92D870066F7C7 /* NSWindow+category.h */,
				00A979B629E92D870066F7C7 /* NSWindow+category.m */,
				00A979B729E92D870066F7C7 /* NSWindow+frame.h */,
				00A979B529E92D870066F7C7 /* NSWindow+frame.m */,
			);
			path = NSWindow;
			sourceTree = "<group>";
		};
		00A979B829E92D870066F7C7 /* NSDate */ = {
			isa = PBXGroup;
			children = (
				00A979BA29E92D870066F7C7 /* NSDate+category.h */,
				00A979B929E92D870066F7C7 /* NSDate+category.m */,
			);
			path = NSDate;
			sourceTree = "<group>";
		};
		00B6B3E32A08DAE000457886 /* NSColor */ = {
			isa = PBXGroup;
			children = (
				009B0EEE2AA7200D0001A679 /* NSColor+category.h */,
				009B0EEF2AA7200D0001A679 /* NSColor+category.m */,
			);
			path = NSColor;
			sourceTree = "<group>";
		};
		00B6B3E72A08DD5900457886 /* NSResponder */ = {
			isa = PBXGroup;
			children = (
				00B6B3E82A08DD7B00457886 /* NSResponder+category.h */,
				00B6B3E92A08DD7B00457886 /* NSResponder+category.m */,
			);
			path = NSResponder;
			sourceTree = "<group>";
		};
		00B6B3EE2A09244D00457886 /* NSTextField */ = {
			isa = PBXGroup;
			children = (
				00B6B3EF2A09246D00457886 /* NSTextField+category.h */,
				00B6B3F02A09246D00457886 /* NSTextField+category.m */,
			);
			path = NSTextField;
			sourceTree = "<group>";
		};
		00B6B3F82A0A270100457886 /* NSImageView */ = {
			isa = PBXGroup;
			children = (
				00B6B3F92A0A271600457886 /* NSImageView+category.h */,
				00B6B3FA2A0A271600457886 /* NSImageView+category.m */,
			);
			path = NSImageView;
			sourceTree = "<group>";
		};
		00C47F262AA01C570082E813 /* YLFlipView */ = {
			isa = PBXGroup;
			children = (
				00C47F272AA01C750082E813 /* YLFlipView.h */,
				00C47F282AA01C750082E813 /* YLFlipView.m */,
			);
			path = YLFlipView;
			sourceTree = "<group>";
		};
		00C47F2A2AA01DDD0082E813 /* YLAppleScript */ = {
			isa = PBXGroup;
			children = (
				00C47F2B2AA01DDD0082E813 /* YLAppleScript.h */,
				00C47F312AA01DDD0082E813 /* YLAppleScript.m */,
				00C47F2C2AA01DDD0082E813 /* Resources */,
			);
			path = YLAppleScript;
			sourceTree = "<group>";
		};
		00C47F2C2AA01DDD0082E813 /* Resources */ = {
			isa = PBXGroup;
			children = (
				00C47F2D2AA01DDD0082E813 /* YLAppleScript.strings */,
			);
			path = Resources;
			sourceTree = "<group>";
		};
		00CE518A2B314BD900A4EDFD /* YLControl */ = {
			isa = PBXGroup;
			children = (
				00CE518B2B314BF400A4EDFD /* YLControl.h */,
				00CE518C2B314BF400A4EDFD /* YLControl.m */,
			);
			path = YLControl;
			sourceTree = "<group>";
		};
		00F662462CCE04C400EF1D93 /* Model */ = {
			isa = PBXGroup;
			children = (
				00F662472CCE04D100EF1D93 /* MASKeyCodes.h */,
				00F662482CCE04D100EF1D93 /* MASShortcut.h */,
				00F662492CCE04D100EF1D93 /* MASShortcut.m */,
				00F6624A2CCE04D100EF1D93 /* MASShortcutValidator.h */,
				00F6624B2CCE04D100EF1D93 /* MASShortcutValidator.m */,
			);
			path = Model;
			sourceTree = "<group>";
		};
		00F6624E2CCE04E600EF1D93 /* Monitoring */ = {
			isa = PBXGroup;
			children = (
				00F6624F2CCE04F800EF1D93 /* MASHotKey.h */,
				00F662502CCE04F800EF1D93 /* MASHotKey.m */,
				00F662512CCE04F800EF1D93 /* MASShortcutMonitor.h */,
				00F662522CCE04F800EF1D93 /* MASShortcutMonitor.m */,
			);
			path = Monitoring;
			sourceTree = "<group>";
		};
		00F662552CCE04FF00EF1D93 /* UI */ = {
			isa = PBXGroup;
			children = (
				00F662562CCE050A00EF1D93 /* MASLocalization.h */,
				00F662572CCE050A00EF1D93 /* MASLocalization.m */,
				00F662582CCE050A00EF1D93 /* MASShortcutView.h */,
				00F662592CCE050A00EF1D93 /* MASShortcutView.m */,
				00F6625A2CCE050A00EF1D93 /* MASShortcutView+Bindings.h */,
				00F6625B2CCE050A00EF1D93 /* MASShortcutView+Bindings.m */,
				00F6625C2CCE050A00EF1D93 /* MASShortcutViewButtonCell.h */,
				00F6625D2CCE050A00EF1D93 /* MASShortcutViewButtonCell.m */,
			);
			path = UI;
			sourceTree = "<group>";
		};
		00F662622CCE051600EF1D93 /* User Defaults Storage */ = {
			isa = PBXGroup;
			children = (
				00F662632CCE052F00EF1D93 /* MASDictionaryTransformer.h */,
				00F662642CCE052F00EF1D93 /* MASDictionaryTransformer.m */,
				00F662652CCE052F00EF1D93 /* MASShortcutBinder.h */,
				00F662662CCE052F00EF1D93 /* MASShortcutBinder.m */,
			);
			path = "User Defaults Storage";
			sourceTree = "<group>";
		};
		00F662692CCE09B900EF1D93 /* MASShortcut */ = {
			isa = PBXGroup;
			children = (
				00F6626A2CCE09DC00EF1D93 /* Shortcut.h */,
				00F662622CCE051600EF1D93 /* User Defaults Storage */,
				00F662552CCE04FF00EF1D93 /* UI */,
				00F6624E2CCE04E600EF1D93 /* Monitoring */,
				00F662462CCE04C400EF1D93 /* Model */,
				00F6626B2CCE0BFC00EF1D93 /* Resources */,
			);
			path = MASShortcut;
			sourceTree = "<group>";
		};
		00F6626B2CCE0BFC00EF1D93 /* Resources */ = {
			isa = PBXGroup;
			children = (
				00F6627B2CCE0C0A00EF1D93 /* MAShortcutLocalizable.strings */,
			);
			path = Resources;
			sourceTree = "<group>";
		};
		7C45926FE87C4A31E6BC0573 /* Frameworks */ = {
			isa = PBXGroup;
			children = (
			);
			name = Frameworks;
			sourceTree = "<group>";
		};
/* End PBXGroup section */

/* Begin PBXNativeTarget section */
		001F8D5428C8829B007A6F0F /* YLCategory-MacOS */ = {
			isa = PBXNativeTarget;
			buildConfigurationList = 001F8D6828C8829D007A6F0F /* Build configuration list for PBXNativeTarget "YLCategory-MacOS" */;
			buildPhases = (
				001F8D5128C8829B007A6F0F /* Sources */,
				001F8D5228C8829B007A6F0F /* Frameworks */,
				001F8D5328C8829B007A6F0F /* Resources */,
			);
			buildRules = (
			);
			dependencies = (
			);
			name = "YLCategory-MacOS";
			productName = "YLCategory-MacOS";
			productReference = 001F8D5528C8829B007A6F0F /* YLCategory-MacOS.app */;
			productType = "com.apple.product-type.application";
		};
/* End PBXNativeTarget section */

/* Begin PBXProject section */
		001F8D4D28C8829B007A6F0F /* Project object */ = {
			isa = PBXProject;
			attributes = {
				BuildIndependentTargetsInParallel = 1;
				LastUpgradeCheck = 1340;
				TargetAttributes = {
					001F8D5428C8829B007A6F0F = {
						CreatedOnToolsVersion = 13.4.1;
					};
				};
			};
			buildConfigurationList = 001F8D5028C8829B007A6F0F /* Build configuration list for PBXProject "YLCategory-MacOS" */;
			compatibilityVersion = "Xcode 13.0";
			developmentRegion = en;
			hasScannedForEncodings = 0;
			knownRegions = (
				en,
				Base,
				"zh-Hans",
				"zh-Hant",
				de,
				ja,
				es,
				it,
				sv,
				cs,
				ko,
				pl,
				ru,
				fr,
				nl,
				pt,
			);
			mainGroup = 001F8D4C28C8829B007A6F0F;
			productRefGroup = 001F8D5628C8829B007A6F0F /* Products */;
			projectDirPath = "";
			projectRoot = "";
			targets = (
				001F8D5428C8829B007A6F0F /* YLCategory-MacOS */,
			);
		};
/* End PBXProject section */

/* Begin PBXResourcesBuildPhase section */
		001F8D5328C8829B007A6F0F /* Resources */ = {
			isa = PBXResourcesBuildPhase;
			buildActionMask = 2147483647;
			files = (
				004C1E302CD22C7800890A67 /* YLPermissionManager.bundle in Resources */,
				006AA19E2A9F2BD00084F02F /* YLShortcutView.bundle in Resources */,
				00C47F322AA01DDD0082E813 /* YLAppleScript.strings in Resources */,
				00A979BB29E92D870066F7C7 /* Assets.xcassets in Resources */,
				004C1E332CD22CA700890A67 /* YLPermissionManager.strings in Resources */,
				00F6627C2CCE0C0A00EF1D93 /* MAShortcutLocalizable.strings in Resources */,
				004C1E682CD2310200890A67 /* YLHud.bundle in Resources */,
				00A979BD29E92D870066F7C7 /* Main.storyboard in Resources */,
				006AA1612A9F26F20084F02F /* YLShortcutView.strings in Resources */,
				004C1E492CD22E8F00890A67 /* YLLanguage.strings in Resources */,
				004C1E7D2CD2363B00890A67 /* YLUpdateManager.strings in Resources */,
			);
			runOnlyForDeploymentPostprocessing = 0;
		};
/* End PBXResourcesBuildPhase section */

/* Begin PBXSourcesBuildPhase section */
		001F8D5128C8829B007A6F0F /* Sources */ = {
			isa = PBXSourcesBuildPhase;
			buildActionMask = 2147483647;
			files = (
				00F662672CCE052F00EF1D93 /* MASShortcutBinder.m in Sources */,
				004C1E272CD22A5700890A67 /* YLPermissionViewController.m in Sources */,
				004C1E242CD22A4200890A67 /* YLPermissionWindowController.m in Sources */,
				00F662682CCE052F00EF1D93 /* MASDictionaryTransformer.m in Sources */,
				004C1E552CD22F5D00890A67 /* YLWindowButton.m in Sources */,
				00A979CA29E92D870066F7C7 /* NSButton+category.m in Sources */,
				004C1E452CD22E1400890A67 /* YLLanguageModel.m in Sources */,
				004C1E1D2CD2297A00890A67 /* YLAppleReview.m in Sources */,
				00B6B3FB2A0A271600457886 /* NSImageView+category.m in Sources */,
				00C47F332AA01DDD0082E813 /* YLAppleScript.m in Sources */,
				004C1E212CD229EC00890A67 /* YLPermissionManager.m in Sources */,
				00C47F292AA01C750082E813 /* YLFlipView.m in Sources */,
				004C1E3F2CD22DBE00890A67 /* YLLanguage.m in Sources */,
				009DA80F2CCF501A00F4BADA /* YLShortcutConfig.m in Sources */,
				000D0DA32B05E58F00CF6C32 /* YLCFNotificationManager.m in Sources */,
				00A979BE29E92D870066F7C7 /* main.m in Sources */,
				00A979CE29E92D870066F7C7 /* NSImage+category.m in Sources */,
				004C1E2A2CD22A6C00890A67 /* YLPermissionItem.m in Sources */,
				00F662532CCE04F800EF1D93 /* MASShortcutMonitor.m in Sources */,
				00F6625E2CCE050A00EF1D93 /* MASShortcutViewButtonCell.m in Sources */,
				00F6625F2CCE050A00EF1D93 /* MASLocalization.m in Sources */,
				00F662602CCE050A00EF1D93 /* MASShortcutView+Bindings.m in Sources */,
				00F662612CCE050A00EF1D93 /* MASShortcutView.m in Sources */,
				00F662542CCE04F800EF1D93 /* MASHotKey.m in Sources */,
				004C1E762CD235EA00890A67 /* YLUpdateWindowController.m in Sources */,
				00A979C329E92D870066F7C7 /* NSControl+category.m in Sources */,
				004C1E582CD22FAE00890A67 /* YLWindowOperateView.m in Sources */,
				00A979C729E92D870066F7C7 /* NSString+secret.m in Sources */,
				000C7B172BC39DF0003ABB1A /* YLUtility.m in Sources */,
				00A979C129E92D870066F7C7 /* NSView+frame.m in Sources */,
				00F6624C2CCE04D100EF1D93 /* MASShortcutValidator.m in Sources */,
				00F6624D2CCE04D100EF1D93 /* MASShortcut.m in Sources */,
				006AA1602A9F26F20084F02F /* YLShortcutView.m in Sources */,
				00A979D029E92D870066F7C7 /* NSWindow+category.m in Sources */,
				00A979C529E92D870066F7C7 /* NSString+bounds.m in Sources */,
				00A979C029E92D870066F7C7 /* NSView+gesture.m in Sources */,
				00A979CB29E92D870066F7C7 /* NSAlert+category.m in Sources */,
				000D0DA72B05E81B00CF6C32 /* NSScreen+category.m in Sources */,
				004C1E622CD230DB00890A67 /* YLHudContentView.m in Sources */,
				00B6B3ED2A08FD4A00457886 /* SecondViewController.m in Sources */,
				004C1E2D2CD22A7F00890A67 /* YLPermissionModel.m in Sources */,
				00A979BC29E92D870066F7C7 /* ViewController.m in Sources */,
				004C1E6C2CD233CB00890A67 /* YLAppRating.m in Sources */,
				00E8C0CB2BA163BE00C37E97 /* XcodeLog.m in Sources */,
				006AA1AA2A9F3B190084F02F /* YLCollectionView.m in Sources */,
				00A979CF29E92D870066F7C7 /* NSWindow+frame.m in Sources */,
				004C1E5F2CD230C600890A67 /* YLHudConfig.m in Sources */,
				004C1E652CD230EE00890A67 /* YLHudProgressView.m in Sources */,
				00A979D129E92D870066F7C7 /* NSDate+category.m in Sources */,
				006AA1A22A9F34F80084F02F /* YLUserDefaults.m in Sources */,
				00B6B3F12A09246D00457886 /* NSTextField+category.m in Sources */,
				004C1E5C2CD230B200890A67 /* YLHud.m in Sources */,
				009B0EF02AA7200D0001A679 /* NSColor+category.m in Sources */,
				00A979BF29E92D870066F7C7 /* AppDelegate.m in Sources */,
				00A979C629E92D870066F7C7 /* NSString+predicate.m in Sources */,
				006AA1A62A9F3A970084F02F /* YLWeakTimer.m in Sources */,
				0009D7C32BB176F00093D24E /* NSArray+category.m in Sources */,
				00A979C229E92D870066F7C7 /* NSView+category.m in Sources */,
				004C1E792CD2361000890A67 /* YLUpdateViewController.m in Sources */,
				00CE518D2B314BF400A4EDFD /* YLControl.m in Sources */,
				00A979C429E92D870066F7C7 /* NSString+category.m in Sources */,
				00B6B3EA2A08DD7B00457886 /* NSResponder+category.m in Sources */,
				00A979CC29E92D870066F7C7 /* NSObject+category.m in Sources */,
				004C1E702CD235C700890A67 /* YLUpdateManager.m in Sources */,
			);
			runOnlyForDeploymentPostprocessing = 0;
		};
/* End PBXSourcesBuildPhase section */

/* Begin PBXVariantGroup section */
		004C1E312CD22CA700890A67 /* YLPermissionManager.strings */ = {
			isa = PBXVariantGroup;
			children = (
				004C1E322CD22CA700890A67 /* en */,
				004C1E342CD22CB800890A67 /* zh-Hans */,
				004C1E352CD22CB900890A67 /* zh-Hant */,
				004C1E362CD22CBD00890A67 /* fr */,
				004C1E372CD22CBF00890A67 /* de */,
				004C1E382CD22CC300890A67 /* ja */,
				004C1E392CD22CC400890A67 /* ko */,
				004C1E3A2CD22CCB00890A67 /* pt */,
				004C1E3B2CD22CD000890A67 /* es */,
			);
			name = YLPermissionManager.strings;
			sourceTree = "<group>";
		};
		004C1E472CD22E8F00890A67 /* YLLanguage.strings */ = {
			isa = PBXVariantGroup;
			children = (
				004C1E482CD22E8F00890A67 /* en */,
				004C1E4A2CD22E9700890A67 /* zh-Hans */,
				004C1E4B2CD22E9900890A67 /* zh-Hant */,
				004C1E4C2CD22E9C00890A67 /* fr */,
				004C1E4D2CD22E9E00890A67 /* de */,
				004C1E4E2CD22EA100890A67 /* ja */,
				004C1E4F2CD22EA200890A67 /* ko */,
				004C1E502CD22EA400890A67 /* pt */,
				004C1E512CD22EA700890A67 /* es */,
			);
			name = YLLanguage.strings;
			sourceTree = "<group>";
		};
		004C1E7B2CD2363B00890A67 /* YLUpdateManager.strings */ = {
			isa = PBXVariantGroup;
			children = (
				004C1E7C2CD2363B00890A67 /* en */,
				004C1E7E2CD2363F00890A67 /* zh-Hans */,
				004C1E7F2CD2363F00890A67 /* zh-Hant */,
				004C1E802CD2364100890A67 /* fr */,
				004C1E812CD2364200890A67 /* de */,
				004C1E822CD2364300890A67 /* ja */,
				004C1E832CD2364400890A67 /* ko */,
				004C1E842CD2364500890A67 /* pt */,
				004C1E852CD2364600890A67 /* es */,
			);
			name = YLUpdateManager.strings;
			sourceTree = "<group>";
		};
		006AA15A2A9F26F20084F02F /* YLShortcutView.strings */ = {
			isa = PBXVariantGroup;
			children = (
				006AA15B2A9F26F20084F02F /* zh-Hans */,
				006AA15C2A9F26F20084F02F /* en */,
				006AA15D2A9F26F20084F02F /* zh-Hant */,
				009784F12B88669F00D6590A /* ja */,
				009784F22B8866A100D6590A /* ko */,
				009784F32B8866A700D6590A /* fr */,
				009784F42B8866B300D6590A /* pt */,
				009784F52B8866BB00D6590A /* es */,
				009784FC2B886C9E00D6590A /* de */,
			);
			name = YLShortcutView.strings;
			sourceTree = "<group>";
		};
		00A9798229E92D870066F7C7 /* Main.storyboard */ = {
			isa = PBXVariantGroup;
			children = (
				00A9798329E92D870066F7C7 /* Base */,
			);
			name = Main.storyboard;
			sourceTree = "<group>";
		};
		00C47F2D2AA01DDD0082E813 /* YLAppleScript.strings */ = {
			isa = PBXVariantGroup;
			children = (
				00C47F2E2AA01DDD0082E813 /* zh-Hans */,
				00C47F2F2AA01DDD0082E813 /* en */,
				00C47F302AA01DDD0082E813 /* zh-Hant */,
				009784F62B88671E00D6590A /* fr */,
				009784F72B88672000D6590A /* ja */,
				009784F82B88672400D6590A /* ko */,
				009784F92B88672800D6590A /* pt */,
				009784FA2B88672A00D6590A /* es */,
				009784FB2B886C9800D6590A /* de */,
			);
			name = YLAppleScript.strings;
			sourceTree = "<group>";
		};
		00F6627B2CCE0C0A00EF1D93 /* MAShortcutLocalizable.strings */ = {
			isa = PBXVariantGroup;
			children = (
				00F6626C2CCE0C0A00EF1D93 /* Localizable.strings */,
				00F6626D2CCE0C0A00EF1D93 /* Localizable.strings */,
				00F6626E2CCE0C0A00EF1D93 /* Localizable.strings */,
				00F6626F2CCE0C0A00EF1D93 /* Localizable.strings */,
				00F662702CCE0C0A00EF1D93 /* Localizable.strings */,
				00F662712CCE0C0A00EF1D93 /* Localizable.strings */,
				00F662722CCE0C0A00EF1D93 /* Localizable.strings */,
				00F662732CCE0C0A00EF1D93 /* Localizable.strings */,
				00F662742CCE0C0A00EF1D93 /* Localizable.strings */,
				00F662752CCE0C0A00EF1D93 /* Localizable.strings */,
				00F662762CCE0C0A00EF1D93 /* Localizable.strings */,
				00F662772CCE0C0A00EF1D93 /* Localizable.strings */,
				00F662782CCE0C0A00EF1D93 /* Localizable.strings */,
				00F662792CCE0C0A00EF1D93 /* Localizable.strings */,
				00F6627A2CCE0C0A00EF1D93 /* Localizable.strings */,
			);
			name = MAShortcutLocalizable.strings;
			sourceTree = "<group>";
		};
/* End PBXVariantGroup section */

/* Begin XCBuildConfiguration section */
		001F8D6628C8829D007A6F0F /* Debug */ = {
			isa = XCBuildConfiguration;
			buildSettings = {
				ALWAYS_SEARCH_USER_PATHS = NO;
				CLANG_ANALYZER_NONNULL = YES;
				CLANG_ANALYZER_NUMBER_OBJECT_CONVERSION = YES_AGGRESSIVE;
				CLANG_CXX_LANGUAGE_STANDARD = "gnu++17";
				CLANG_ENABLE_MODULES = YES;
				CLANG_ENABLE_OBJC_ARC = YES;
				CLANG_ENABLE_OBJC_WEAK = YES;
				CLANG_WARN_BLOCK_CAPTURE_AUTORELEASING = YES;
				CLANG_WARN_BOOL_CONVERSION = YES;
				CLANG_WARN_COMMA = YES;
				CLANG_WARN_CONSTANT_CONVERSION = YES;
				CLANG_WARN_DEPRECATED_OBJC_IMPLEMENTATIONS = YES;
				CLANG_WARN_DIRECT_OBJC_ISA_USAGE = YES_ERROR;
				CLANG_WARN_DOCUMENTATION_COMMENTS = YES;
				CLANG_WARN_EMPTY_BODY = YES;
				CLANG_WARN_ENUM_CONVERSION = YES;
				CLANG_WARN_INFINITE_RECURSION = YES;
				CLANG_WARN_INT_CONVERSION = YES;
				CLANG_WARN_NON_LITERAL_NULL_CONVERSION = YES;
				CLANG_WARN_OBJC_IMPLICIT_RETAIN_SELF = YES;
				CLANG_WARN_OBJC_LITERAL_CONVERSION = YES;
				CLANG_WARN_OBJC_ROOT_CLASS = YES_ERROR;
				CLANG_WARN_QUOTED_INCLUDE_IN_FRAMEWORK_HEADER = YES;
				CLANG_WARN_RANGE_LOOP_ANALYSIS = YES;
				CLANG_WARN_STRICT_PROTOTYPES = YES;
				CLANG_WARN_SUSPICIOUS_MOVE = YES;
				CLANG_WARN_UNGUARDED_AVAILABILITY = YES_AGGRESSIVE;
				CLANG_WARN_UNREACHABLE_CODE = YES;
				CLANG_WARN__DUPLICATE_METHOD_MATCH = YES;
				COPY_PHASE_STRIP = NO;
				DEBUG_INFORMATION_FORMAT = dwarf;
				ENABLE_STRICT_OBJC_MSGSEND = YES;
				ENABLE_TESTABILITY = YES;
				GCC_C_LANGUAGE_STANDARD = gnu11;
				GCC_DYNAMIC_NO_PIC = NO;
				GCC_NO_COMMON_BLOCKS = YES;
				GCC_OPTIMIZATION_LEVEL = 0;
				GCC_PREPROCESSOR_DEFINITIONS = (
					"DEBUG=1",
					"$(inherited)",
				);
				GCC_WARN_64_TO_32_BIT_CONVERSION = YES;
				GCC_WARN_ABOUT_RETURN_TYPE = YES_ERROR;
				GCC_WARN_UNDECLARED_SELECTOR = YES;
				GCC_WARN_UNINITIALIZED_AUTOS = YES_AGGRESSIVE;
				GCC_WARN_UNUSED_FUNCTION = YES;
				GCC_WARN_UNUSED_VARIABLE = YES;
				MACOSX_DEPLOYMENT_TARGET = 12.3;
				MTL_ENABLE_DEBUG_INFO = INCLUDE_SOURCE;
				MTL_FAST_MATH = YES;
				ONLY_ACTIVE_ARCH = YES;
				SDKROOT = macosx;
			};
			name = Debug;
		};
		001F8D6728C8829D007A6F0F /* Release */ = {
			isa = XCBuildConfiguration;
			buildSettings = {
				ALWAYS_SEARCH_USER_PATHS = NO;
				CLANG_ANALYZER_NONNULL = YES;
				CLANG_ANALYZER_NUMBER_OBJECT_CONVERSION = YES_AGGRESSIVE;
				CLANG_CXX_LANGUAGE_STANDARD = "gnu++17";
				CLANG_ENABLE_MODULES = YES;
				CLANG_ENABLE_OBJC_ARC = YES;
				CLANG_ENABLE_OBJC_WEAK = YES;
				CLANG_WARN_BLOCK_CAPTURE_AUTORELEASING = YES;
				CLANG_WARN_BOOL_CONVERSION = YES;
				CLANG_WARN_COMMA = YES;
				CLANG_WARN_CONSTANT_CONVERSION = YES;
				CLANG_WARN_DEPRECATED_OBJC_IMPLEMENTATIONS = YES;
				CLANG_WARN_DIRECT_OBJC_ISA_USAGE = YES_ERROR;
				CLANG_WARN_DOCUMENTATION_COMMENTS = YES;
				CLANG_WARN_EMPTY_BODY = YES;
				CLANG_WARN_ENUM_CONVERSION = YES;
				CLANG_WARN_INFINITE_RECURSION = YES;
				CLANG_WARN_INT_CONVERSION = YES;
				CLANG_WARN_NON_LITERAL_NULL_CONVERSION = YES;
				CLANG_WARN_OBJC_IMPLICIT_RETAIN_SELF = YES;
				CLANG_WARN_OBJC_LITERAL_CONVERSION = YES;
				CLANG_WARN_OBJC_ROOT_CLASS = YES_ERROR;
				CLANG_WARN_QUOTED_INCLUDE_IN_FRAMEWORK_HEADER = YES;
				CLANG_WARN_RANGE_LOOP_ANALYSIS = YES;
				CLANG_WARN_STRICT_PROTOTYPES = YES;
				CLANG_WARN_SUSPICIOUS_MOVE = YES;
				CLANG_WARN_UNGUARDED_AVAILABILITY = YES_AGGRESSIVE;
				CLANG_WARN_UNREACHABLE_CODE = YES;
				CLANG_WARN__DUPLICATE_METHOD_MATCH = YES;
				COPY_PHASE_STRIP = NO;
				DEBUG_INFORMATION_FORMAT = "dwarf-with-dsym";
				ENABLE_NS_ASSERTIONS = NO;
				ENABLE_STRICT_OBJC_MSGSEND = YES;
				GCC_C_LANGUAGE_STANDARD = gnu11;
				GCC_NO_COMMON_BLOCKS = YES;
				GCC_WARN_64_TO_32_BIT_CONVERSION = YES;
				GCC_WARN_ABOUT_RETURN_TYPE = YES_ERROR;
				GCC_WARN_UNDECLARED_SELECTOR = YES;
				GCC_WARN_UNINITIALIZED_AUTOS = YES_AGGRESSIVE;
				GCC_WARN_UNUSED_FUNCTION = YES;
				GCC_WARN_UNUSED_VARIABLE = YES;
				MACOSX_DEPLOYMENT_TARGET = 12.3;
				MTL_ENABLE_DEBUG_INFO = NO;
				MTL_FAST_MATH = YES;
				SDKROOT = macosx;
			};
			name = Release;
		};
		001F8D6928C8829D007A6F0F /* Debug */ = {
			isa = XCBuildConfiguration;
			buildSettings = {
				ASSETCATALOG_COMPILER_APPICON_NAME = AppIcon;
				ASSETCATALOG_COMPILER_GLOBAL_ACCENT_COLOR_NAME = AccentColor;
				CODE_SIGN_ENTITLEMENTS = "YLCategory-Demo/YLCategory_MacOS.entitlements";
				"CODE_SIGN_IDENTITY[sdk=macosx*]" = "-";
				CODE_SIGN_STYLE = Automatic;
				COMBINE_HIDPI_IMAGES = YES;
				CURRENT_PROJECT_VERSION = 2024080401;
				DEVELOPMENT_TEAM = 87LJF62PN6;
				ENABLE_HARDENED_RUNTIME = YES;
				GENERATE_INFOPLIST_FILE = YES;
				INFOPLIST_KEY_NSHumanReadableCopyright = "";
				INFOPLIST_KEY_NSMainStoryboardFile = Main;
				INFOPLIST_KEY_NSPrincipalClass = NSApplication;
				LD_RUNPATH_SEARCH_PATHS = (
					"$(inherited)",
					"@executable_path/../Frameworks",
				);
				MACOSX_DEPLOYMENT_TARGET = 10.14;
				MARKETING_VERSION = 1.1.2;
				PRODUCT_BUNDLE_IDENTIFIER = "com.wyl.YLCategory-MacOS";
				PRODUCT_NAME = "$(TARGET_NAME)";
				SWIFT_EMIT_LOC_STRINGS = YES;
			};
			name = Debug;
		};
		001F8D6A28C8829D007A6F0F /* Release */ = {
			isa = XCBuildConfiguration;
			buildSettings = {
				ASSETCATALOG_COMPILER_APPICON_NAME = AppIcon;
				ASSETCATALOG_COMPILER_GLOBAL_ACCENT_COLOR_NAME = AccentColor;
				CODE_SIGN_ENTITLEMENTS = "YLCategory-Demo/YLCategory_MacOS.entitlements";
				"CODE_SIGN_IDENTITY[sdk=macosx*]" = "-";
				CODE_SIGN_STYLE = Automatic;
				COMBINE_HIDPI_IMAGES = YES;
				CURRENT_PROJECT_VERSION = 2024080401;
				DEVELOPMENT_TEAM = 87LJF62PN6;
				ENABLE_HARDENED_RUNTIME = YES;
				GENERATE_INFOPLIST_FILE = YES;
				INFOPLIST_KEY_NSHumanReadableCopyright = "";
				INFOPLIST_KEY_NSMainStoryboardFile = Main;
				INFOPLIST_KEY_NSPrincipalClass = NSApplication;
				LD_RUNPATH_SEARCH_PATHS = (
					"$(inherited)",
					"@executable_path/../Frameworks",
				);
				MACOSX_DEPLOYMENT_TARGET = 10.14;
				MARKETING_VERSION = 1.1.2;
				PRODUCT_BUNDLE_IDENTIFIER = "com.wyl.YLCategory-MacOS";
				PRODUCT_NAME = "$(TARGET_NAME)";
				SWIFT_EMIT_LOC_STRINGS = YES;
			};
			name = Release;
		};
/* End XCBuildConfiguration section */

/* Begin XCConfigurationList section */
		001F8D5028C8829B007A6F0F /* Build configuration list for PBXProject "YLCategory-MacOS" */ = {
			isa = XCConfigurationList;
			buildConfigurations = (
				001F8D6628C8829D007A6F0F /* Debug */,
				001F8D6728C8829D007A6F0F /* Release */,
			);
			defaultConfigurationIsVisible = 0;
			defaultConfigurationName = Release;
		};
		001F8D6828C8829D007A6F0F /* Build configuration list for PBXNativeTarget "YLCategory-MacOS" */ = {
			isa = XCConfigurationList;
			buildConfigurations = (
				001F8D6928C8829D007A6F0F /* Debug */,
				001F8D6A28C8829D007A6F0F /* Release */,
			);
			defaultConfigurationIsVisible = 0;
			defaultConfigurationName = Release;
		};
/* End XCConfigurationList section */
	};
	rootObject = 001F8D4D28C8829B007A6F0F /* Project object */;
}
