// !$*UTF8*$!
{
	archiveVersion = 1;
	classes = {
	};
	objectVersion = 55;
	objects = {

/* Begin PBXBuildFile section */
		0009D7C32BB176F00093D24E /* NSArray+category.m in Sources */ = {isa = PBXBuildFile; fileRef = 0009D7C22BB176F00093D24E /* NSArray+category.m */; };
		000C7B172BC39DF0003ABB1A /* YLUtility.m in Sources */ = {isa = PBXBuildFile; fileRef = 000C7B162BC39DF0003ABB1A /* YLUtility.m */; };
		000D0DA32B05E58F00CF6C32 /* YLCFNotificationManager.m in Sources */ = {isa = PBXBuildFile; fileRef = 000D0DA12B05E58F00CF6C32 /* YLCFNotificationManager.m */; };
		000D0DA72B05E81B00CF6C32 /* NSScreen+category.m in Sources */ = {isa = PBXBuildFile; fileRef = 000D0DA62B05E81B00CF6C32 /* NSScreen+category.m */; };
		006AA15F2A9F26F20084F02F /* MASShortcutMonitor+category.m in Sources */ = {isa = PBXBuildFile; fileRef = 006AA1552A9F26F20084F02F /* MASShortcutMonitor+category.m */; };
		006AA1602A9F26F20084F02F /* YLShortcutView.m in Sources */ = {isa = PBXBuildFile; fileRef = 006AA1572A9F26F20084F02F /* YLShortcutView.m */; };
		006AA1612A9F26F20084F02F /* YLShortcutView.strings in Resources */ = {isa = PBXBuildFile; fileRef = 006AA15A2A9F26F20084F02F /* YLShortcutView.strings */; };
		006AA19E2A9F2BD00084F02F /* YLShortcutView.bundle in Resources */ = {isa = PBXBuildFile; fileRef = 006AA19D2A9F2BD00084F02F /* YLShortcutView.bundle */; };
		006AA1A22A9F34F80084F02F /* YLUserDefaults.m in Sources */ = {isa = PBXBuildFile; fileRef = 006AA1A12A9F34F80084F02F /* YLUserDefaults.m */; };
		006AA1A62A9F3A970084F02F /* YLWeakTimer.m in Sources */ = {isa = PBXBuildFile; fileRef = 006AA1A52A9F3A970084F02F /* YLWeakTimer.m */; };
		006AA1AA2A9F3B190084F02F /* YLCollectionView.m in Sources */ = {isa = PBXBuildFile; fileRef = 006AA1A82A9F3B190084F02F /* YLCollectionView.m */; };
		009B0EF02AA7200D0001A679 /* NSColor+category.m in Sources */ = {isa = PBXBuildFile; fileRef = 009B0EEF2AA7200D0001A679 /* NSColor+category.m */; };
		00A979BB29E92D870066F7C7 /* Assets.xcassets in Resources */ = {isa = PBXBuildFile; fileRef = 00A9797F29E92D870066F7C7 /* Assets.xcassets */; };
		00A979BC29E92D870066F7C7 /* ViewController.m in Sources */ = {isa = PBXBuildFile; fileRef = 00A9798029E92D870066F7C7 /* ViewController.m */; };
		00A979BD29E92D870066F7C7 /* Main.storyboard in Resources */ = {isa = PBXBuildFile; fileRef = 00A9798229E92D870066F7C7 /* Main.storyboard */; };
		00A979BE29E92D870066F7C7 /* main.m in Sources */ = {isa = PBXBuildFile; fileRef = 00A9798429E92D870066F7C7 /* main.m */; };
		00A979BF29E92D870066F7C7 /* AppDelegate.m in Sources */ = {isa = PBXBuildFile; fileRef = 00A9798529E92D870066F7C7 /* AppDelegate.m */; };
		00A979C029E92D870066F7C7 /* NSView+gesture.m in Sources */ = {isa = PBXBuildFile; fileRef = 00A9798C29E92D870066F7C7 /* NSView+gesture.m */; };
		00A979C129E92D870066F7C7 /* NSView+frame.m in Sources */ = {isa = PBXBuildFile; fileRef = 00A9798D29E92D870066F7C7 /* NSView+frame.m */; };
		00A979C229E92D870066F7C7 /* NSView+category.m in Sources */ = {isa = PBXBuildFile; fileRef = 00A9798E29E92D870066F7C7 /* NSView+category.m */; };
		00A979C329E92D870066F7C7 /* NSControl+category.m in Sources */ = {isa = PBXBuildFile; fileRef = 00A9799129E92D870066F7C7 /* NSControl+category.m */; };
		00A979C429E92D870066F7C7 /* NSString+category.m in Sources */ = {isa = PBXBuildFile; fileRef = 00A9799929E92D870066F7C7 /* NSString+category.m */; };
		00A979C529E92D870066F7C7 /* NSString+bounds.m in Sources */ = {isa = PBXBuildFile; fileRef = 00A9799A29E92D870066F7C7 /* NSString+bounds.m */; };
		00A979C629E92D870066F7C7 /* NSString+predicate.m in Sources */ = {isa = PBXBuildFile; fileRef = 00A9799B29E92D870066F7C7 /* NSString+predicate.m */; };
		00A979C729E92D870066F7C7 /* NSString+secret.m in Sources */ = {isa = PBXBuildFile; fileRef = 00A9799C29E92D870066F7C7 /* NSString+secret.m */; };
		00A979CA29E92D870066F7C7 /* NSButton+category.m in Sources */ = {isa = PBXBuildFile; fileRef = 00A979A429E92D870066F7C7 /* NSButton+category.m */; };
		00A979CB29E92D870066F7C7 /* NSAlert+category.m in Sources */ = {isa = PBXBuildFile; fileRef = 00A979A729E92D870066F7C7 /* NSAlert+category.m */; };
		00A979CC29E92D870066F7C7 /* NSObject+category.m in Sources */ = {isa = PBXBuildFile; fileRef = 00A979AB29E92D870066F7C7 /* NSObject+category.m */; };
		00A979CE29E92D870066F7C7 /* NSImage+category.m in Sources */ = {isa = PBXBuildFile; fileRef = 00A979B129E92D870066F7C7 /* NSImage+category.m */; };
		00A979CF29E92D870066F7C7 /* NSWindow+frame.m in Sources */ = {isa = PBXBuildFile; fileRef = 00A979B529E92D870066F7C7 /* NSWindow+frame.m */; };
		00A979D029E92D870066F7C7 /* NSWindow+category.m in Sources */ = {isa = PBXBuildFile; fileRef = 00A979B629E92D870066F7C7 /* NSWindow+category.m */; };
		00A979D129E92D870066F7C7 /* NSDate+category.m in Sources */ = {isa = PBXBuildFile; fileRef = 00A979B929E92D870066F7C7 /* NSDate+category.m */; };
		00B6B3EA2A08DD7B00457886 /* NSResponder+category.m in Sources */ = {isa = PBXBuildFile; fileRef = 00B6B3E92A08DD7B00457886 /* NSResponder+category.m */; };
		00B6B3ED2A08FD4A00457886 /* SecondViewController.m in Sources */ = {isa = PBXBuildFile; fileRef = 00B6B3EC2A08FD4A00457886 /* SecondViewController.m */; };
		00B6B3F12A09246D00457886 /* NSTextField+category.m in Sources */ = {isa = PBXBuildFile; fileRef = 00B6B3F02A09246D00457886 /* NSTextField+category.m */; };
		00B6B3F62A09249600457886 /* YLProgressHUD.bundle in Resources */ = {isa = PBXBuildFile; fileRef = 00B6B3F32A09249600457886 /* YLProgressHUD.bundle */; };
		00B6B3F72A09249600457886 /* YLProgressHUD.m in Sources */ = {isa = PBXBuildFile; fileRef = 00B6B3F42A09249600457886 /* YLProgressHUD.m */; };
		00B6B3FB2A0A271600457886 /* NSImageView+category.m in Sources */ = {isa = PBXBuildFile; fileRef = 00B6B3FA2A0A271600457886 /* NSImageView+category.m */; };
		00C47F292AA01C750082E813 /* YLFlipView.m in Sources */ = {isa = PBXBuildFile; fileRef = 00C47F282AA01C750082E813 /* YLFlipView.m */; };
		00C47F322AA01DDD0082E813 /* YLAppleScript.strings in Resources */ = {isa = PBXBuildFile; fileRef = 00C47F2D2AA01DDD0082E813 /* YLAppleScript.strings */; };
		00C47F332AA01DDD0082E813 /* YLAppleScript.m in Sources */ = {isa = PBXBuildFile; fileRef = 00C47F312AA01DDD0082E813 /* YLAppleScript.m */; };
		00CE518D2B314BF400A4EDFD /* YLControl.m in Sources */ = {isa = PBXBuildFile; fileRef = 00CE518C2B314BF400A4EDFD /* YLControl.m */; };
		00E8C0CB2BA163BE00C37E97 /* XcodeLog.m in Sources */ = {isa = PBXBuildFile; fileRef = 00E8C0CA2BA163BE00C37E97 /* XcodeLog.m */; };
		8D9131251AF81A8E0F010524 /* libPods-YLCategory-MacOS.a in Frameworks */ = {isa = PBXBuildFile; fileRef = DE0ACCF1B71ED26C457BC253 /* libPods-YLCategory-MacOS.a */; };
/* End PBXBuildFile section */

/* Begin PBXFileReference section */
		0009D7C12BB176F00093D24E /* NSArray+category.h */ = {isa = PBXFileReference; lastKnownFileType = sourcecode.c.h; path = "NSArray+category.h"; sourceTree = "<group>"; };
		0009D7C22BB176F00093D24E /* NSArray+category.m */ = {isa = PBXFileReference; lastKnownFileType = sourcecode.c.objc; path = "NSArray+category.m"; sourceTree = "<group>"; };
		000C7B152BC39DF0003ABB1A /* YLUtility.h */ = {isa = PBXFileReference; lastKnownFileType = sourcecode.c.h; path = YLUtility.h; sourceTree = "<group>"; };
		000C7B162BC39DF0003ABB1A /* YLUtility.m */ = {isa = PBXFileReference; lastKnownFileType = sourcecode.c.objc; path = YLUtility.m; sourceTree = "<group>"; };
		000D0DA12B05E58F00CF6C32 /* YLCFNotificationManager.m */ = {isa = PBXFileReference; fileEncoding = 4; lastKnownFileType = sourcecode.c.objc; path = YLCFNotificationManager.m; sourceTree = "<group>"; };
		000D0DA22B05E58F00CF6C32 /* YLCFNotificationManager.h */ = {isa = PBXFileReference; fileEncoding = 4; lastKnownFileType = sourcecode.c.h; path = YLCFNotificationManager.h; sourceTree = "<group>"; };
		000D0DA52B05E81B00CF6C32 /* NSScreen+category.h */ = {isa = PBXFileReference; lastKnownFileType = sourcecode.c.h; path = "NSScreen+category.h"; sourceTree = "<group>"; };
		000D0DA62B05E81B00CF6C32 /* NSScreen+category.m */ = {isa = PBXFileReference; lastKnownFileType = sourcecode.c.objc; path = "NSScreen+category.m"; sourceTree = "<group>"; };
		001F8D5528C8829B007A6F0F /* YLCategory-MacOS.app */ = {isa = PBXFileReference; explicitFileType = wrapper.application; includeInIndex = 0; path = "YLCategory-MacOS.app"; sourceTree = BUILT_PRODUCTS_DIR; };
		006AA1552A9F26F20084F02F /* MASShortcutMonitor+category.m */ = {isa = PBXFileReference; fileEncoding = 4; lastKnownFileType = sourcecode.c.objc; path = "MASShortcutMonitor+category.m"; sourceTree = "<group>"; };
		006AA1562A9F26F20084F02F /* MASShortcutMonitor+category.h */ = {isa = PBXFileReference; fileEncoding = 4; lastKnownFileType = sourcecode.c.h; path = "MASShortcutMonitor+category.h"; sourceTree = "<group>"; };
		006AA1572A9F26F20084F02F /* YLShortcutView.m */ = {isa = PBXFileReference; fileEncoding = 4; lastKnownFileType = sourcecode.c.objc; path = YLShortcutView.m; sourceTree = "<group>"; };
		006AA1582A9F26F20084F02F /* YLShortcutView.h */ = {isa = PBXFileReference; fileEncoding = 4; lastKnownFileType = sourcecode.c.h; path = YLShortcutView.h; sourceTree = "<group>"; };
		006AA15B2A9F26F20084F02F /* zh-Hans */ = {isa = PBXFileReference; lastKnownFileType = text.plist.strings; name = "zh-Hans"; path = "zh-Hans.lproj/YLShortcutView.strings"; sourceTree = "<group>"; };
		006AA15C2A9F26F20084F02F /* en */ = {isa = PBXFileReference; lastKnownFileType = text.plist.strings; name = en; path = en.lproj/YLShortcutView.strings; sourceTree = "<group>"; };
		006AA15D2A9F26F20084F02F /* zh-Hant */ = {isa = PBXFileReference; lastKnownFileType = text.plist.strings; name = "zh-Hant"; path = "zh-Hant.lproj/YLShortcutView.strings"; sourceTree = "<group>"; };
		006AA19D2A9F2BD00084F02F /* YLShortcutView.bundle */ = {isa = PBXFileReference; lastKnownFileType = "wrapper.plug-in"; path = YLShortcutView.bundle; sourceTree = "<group>"; };
		006AA1A02A9F34F80084F02F /* YLUserDefaults.h */ = {isa = PBXFileReference; fileEncoding = 4; lastKnownFileType = sourcecode.c.h; path = YLUserDefaults.h; sourceTree = "<group>"; };
		006AA1A12A9F34F80084F02F /* YLUserDefaults.m */ = {isa = PBXFileReference; fileEncoding = 4; lastKnownFileType = sourcecode.c.objc; path = YLUserDefaults.m; sourceTree = "<group>"; };
		006AA1A42A9F3A970084F02F /* YLWeakTimer.h */ = {isa = PBXFileReference; fileEncoding = 4; lastKnownFileType = sourcecode.c.h; path = YLWeakTimer.h; sourceTree = "<group>"; };
		006AA1A52A9F3A970084F02F /* YLWeakTimer.m */ = {isa = PBXFileReference; fileEncoding = 4; lastKnownFileType = sourcecode.c.objc; path = YLWeakTimer.m; sourceTree = "<group>"; };
		006AA1A82A9F3B190084F02F /* YLCollectionView.m */ = {isa = PBXFileReference; fileEncoding = 4; lastKnownFileType = sourcecode.c.objc; path = YLCollectionView.m; sourceTree = "<group>"; };
		006AA1A92A9F3B190084F02F /* YLCollectionView.h */ = {isa = PBXFileReference; fileEncoding = 4; lastKnownFileType = sourcecode.c.h; path = YLCollectionView.h; sourceTree = "<group>"; };
		009784F12B88669F00D6590A /* ja */ = {isa = PBXFileReference; lastKnownFileType = text.plist.strings; name = ja; path = ja.lproj/YLShortcutView.strings; sourceTree = "<group>"; };
		009784F22B8866A100D6590A /* ko */ = {isa = PBXFileReference; lastKnownFileType = text.plist.strings; name = ko; path = ko.lproj/YLShortcutView.strings; sourceTree = "<group>"; };
		009784F32B8866A700D6590A /* fr */ = {isa = PBXFileReference; lastKnownFileType = text.plist.strings; name = fr; path = fr.lproj/YLShortcutView.strings; sourceTree = "<group>"; };
		009784F42B8866B300D6590A /* pt */ = {isa = PBXFileReference; lastKnownFileType = text.plist.strings; name = pt; path = pt.lproj/YLShortcutView.strings; sourceTree = "<group>"; };
		009784F52B8866BB00D6590A /* es */ = {isa = PBXFileReference; lastKnownFileType = text.plist.strings; name = es; path = es.lproj/YLShortcutView.strings; sourceTree = "<group>"; };
		009784F62B88671E00D6590A /* fr */ = {isa = PBXFileReference; lastKnownFileType = text.plist.strings; name = fr; path = fr.lproj/YLAppleScript.strings; sourceTree = "<group>"; };
		009784F72B88672000D6590A /* ja */ = {isa = PBXFileReference; lastKnownFileType = text.plist.strings; name = ja; path = ja.lproj/YLAppleScript.strings; sourceTree = "<group>"; };
		009784F82B88672400D6590A /* ko */ = {isa = PBXFileReference; lastKnownFileType = text.plist.strings; name = ko; path = ko.lproj/YLAppleScript.strings; sourceTree = "<group>"; };
		009784F92B88672800D6590A /* pt */ = {isa = PBXFileReference; lastKnownFileType = text.plist.strings; name = pt; path = pt.lproj/YLAppleScript.strings; sourceTree = "<group>"; };
		009784FA2B88672A00D6590A /* es */ = {isa = PBXFileReference; lastKnownFileType = text.plist.strings; name = es; path = es.lproj/YLAppleScript.strings; sourceTree = "<group>"; };
		009784FB2B886C9800D6590A /* de */ = {isa = PBXFileReference; lastKnownFileType = text.plist.strings; name = de; path = de.lproj/YLAppleScript.strings; sourceTree = "<group>"; };
		009784FC2B886C9E00D6590A /* de */ = {isa = PBXFileReference; lastKnownFileType = text.plist.strings; name = de; path = de.lproj/YLShortcutView.strings; sourceTree = "<group>"; };
		009B0EEE2AA7200D0001A679 /* NSColor+category.h */ = {isa = PBXFileReference; lastKnownFileType = sourcecode.c.h; path = "NSColor+category.h"; sourceTree = "<group>"; };
		009B0EEF2AA7200D0001A679 /* NSColor+category.m */ = {isa = PBXFileReference; lastKnownFileType = sourcecode.c.objc; path = "NSColor+category.m"; sourceTree = "<group>"; };
		00A9797E29E92D870066F7C7 /* AppDelegate.h */ = {isa = PBXFileReference; fileEncoding = 4; lastKnownFileType = sourcecode.c.h; path = AppDelegate.h; sourceTree = "<group>"; };
		00A9797F29E92D870066F7C7 /* Assets.xcassets */ = {isa = PBXFileReference; lastKnownFileType = folder.assetcatalog; path = Assets.xcassets; sourceTree = "<group>"; };
		00A9798029E92D870066F7C7 /* ViewController.m */ = {isa = PBXFileReference; fileEncoding = 4; lastKnownFileType = sourcecode.c.objc; path = ViewController.m; sourceTree = "<group>"; };
		00A9798129E92D870066F7C7 /* YLCategory_MacOS.entitlements */ = {isa = PBXFileReference; fileEncoding = 4; lastKnownFileType = text.plist.entitlements; path = YLCategory_MacOS.entitlements; sourceTree = "<group>"; };
		00A9798329E92D870066F7C7 /* Base */ = {isa = PBXFileReference; lastKnownFileType = file.storyboard; name = Base; path = Base.lproj/Main.storyboard; sourceTree = "<group>"; };
		00A9798429E92D870066F7C7 /* main.m */ = {isa = PBXFileReference; fileEncoding = 4; lastKnownFileType = sourcecode.c.objc; path = main.m; sourceTree = "<group>"; };
		00A9798529E92D870066F7C7 /* AppDelegate.m */ = {isa = PBXFileReference; fileEncoding = 4; lastKnownFileType = sourcecode.c.objc; path = AppDelegate.m; sourceTree = "<group>"; };
		00A9798629E92D870066F7C7 /* ViewController.h */ = {isa = PBXFileReference; fileEncoding = 4; lastKnownFileType = sourcecode.c.h; path = ViewController.h; sourceTree = "<group>"; };
		00A9798929E92D870066F7C7 /* NSView+frame.h */ = {isa = PBXFileReference; fileEncoding = 4; lastKnownFileType = sourcecode.c.h; path = "NSView+frame.h"; sourceTree = "<group>"; };
		00A9798A29E92D870066F7C7 /* NSView+gesture.h */ = {isa = PBXFileReference; fileEncoding = 4; lastKnownFileType = sourcecode.c.h; path = "NSView+gesture.h"; sourceTree = "<group>"; };
		00A9798B29E92D870066F7C7 /* NSView+category.h */ = {isa = PBXFileReference; fileEncoding = 4; lastKnownFileType = sourcecode.c.h; path = "NSView+category.h"; sourceTree = "<group>"; };
		00A9798C29E92D870066F7C7 /* NSView+gesture.m */ = {isa = PBXFileReference; fileEncoding = 4; lastKnownFileType = sourcecode.c.objc; path = "NSView+gesture.m"; sourceTree = "<group>"; };
		00A9798D29E92D870066F7C7 /* NSView+frame.m */ = {isa = PBXFileReference; fileEncoding = 4; lastKnownFileType = sourcecode.c.objc; path = "NSView+frame.m"; sourceTree = "<group>"; };
		00A9798E29E92D870066F7C7 /* NSView+category.m */ = {isa = PBXFileReference; fileEncoding = 4; lastKnownFileType = sourcecode.c.objc; path = "NSView+category.m"; sourceTree = "<group>"; };
		00A9799029E92D870066F7C7 /* NSControl+category.h */ = {isa = PBXFileReference; fileEncoding = 4; lastKnownFileType = sourcecode.c.h; path = "NSControl+category.h"; sourceTree = "<group>"; };
		00A9799129E92D870066F7C7 /* NSControl+category.m */ = {isa = PBXFileReference; fileEncoding = 4; lastKnownFileType = sourcecode.c.objc; path = "NSControl+category.m"; sourceTree = "<group>"; };
		00A9799329E92D870066F7C7 /* Macro.h */ = {isa = PBXFileReference; fileEncoding = 4; lastKnownFileType = sourcecode.c.h; path = Macro.h; sourceTree = "<group>"; };
		00A9799529E92D870066F7C7 /* NSString+category.h */ = {isa = PBXFileReference; fileEncoding = 4; lastKnownFileType = sourcecode.c.h; path = "NSString+category.h"; sourceTree = "<group>"; };
		00A9799629E92D870066F7C7 /* NSString+bounds.h */ = {isa = PBXFileReference; fileEncoding = 4; lastKnownFileType = sourcecode.c.h; path = "NSString+bounds.h"; sourceTree = "<group>"; };
		00A9799729E92D870066F7C7 /* NSString+secret.h */ = {isa = PBXFileReference; fileEncoding = 4; lastKnownFileType = sourcecode.c.h; path = "NSString+secret.h"; sourceTree = "<group>"; };
		00A9799829E92D870066F7C7 /* NSString+predicate.h */ = {isa = PBXFileReference; fileEncoding = 4; lastKnownFileType = sourcecode.c.h; path = "NSString+predicate.h"; sourceTree = "<group>"; };
		00A9799929E92D870066F7C7 /* NSString+category.m */ = {isa = PBXFileReference; fileEncoding = 4; lastKnownFileType = sourcecode.c.objc; path = "NSString+category.m"; sourceTree = "<group>"; };
		00A9799A29E92D870066F7C7 /* NSString+bounds.m */ = {isa = PBXFileReference; fileEncoding = 4; lastKnownFileType = sourcecode.c.objc; path = "NSString+bounds.m"; sourceTree = "<group>"; };
		00A9799B29E92D870066F7C7 /* NSString+predicate.m */ = {isa = PBXFileReference; fileEncoding = 4; lastKnownFileType = sourcecode.c.objc; path = "NSString+predicate.m"; sourceTree = "<group>"; };
		00A9799C29E92D870066F7C7 /* NSString+secret.m */ = {isa = PBXFileReference; fileEncoding = 4; lastKnownFileType = sourcecode.c.objc; path = "NSString+secret.m"; sourceTree = "<group>"; };
		00A979A429E92D870066F7C7 /* NSButton+category.m */ = {isa = PBXFileReference; fileEncoding = 4; lastKnownFileType = sourcecode.c.objc; path = "NSButton+category.m"; sourceTree = "<group>"; };
		00A979A529E92D870066F7C7 /* NSButton+category.h */ = {isa = PBXFileReference; fileEncoding = 4; lastKnownFileType = sourcecode.c.h; path = "NSButton+category.h"; sourceTree = "<group>"; };
		00A979A729E92D870066F7C7 /* NSAlert+category.m */ = {isa = PBXFileReference; fileEncoding = 4; lastKnownFileType = sourcecode.c.objc; path = "NSAlert+category.m"; sourceTree = "<group>"; };
		00A979A829E92D870066F7C7 /* NSAlert+category.h */ = {isa = PBXFileReference; fileEncoding = 4; lastKnownFileType = sourcecode.c.h; path = "NSAlert+category.h"; sourceTree = "<group>"; };
		00A979AA29E92D870066F7C7 /* NSObject+category.h */ = {isa = PBXFileReference; fileEncoding = 4; lastKnownFileType = sourcecode.c.h; path = "NSObject+category.h"; sourceTree = "<group>"; };
		00A979AB29E92D870066F7C7 /* NSObject+category.m */ = {isa = PBXFileReference; fileEncoding = 4; lastKnownFileType = sourcecode.c.objc; path = "NSObject+category.m"; sourceTree = "<group>"; };
		00A979AC29E92D870066F7C7 /* YLCategory.h */ = {isa = PBXFileReference; fileEncoding = 4; lastKnownFileType = sourcecode.c.h; path = YLCategory.h; sourceTree = "<group>"; };
		00A979B129E92D870066F7C7 /* NSImage+category.m */ = {isa = PBXFileReference; fileEncoding = 4; lastKnownFileType = sourcecode.c.objc; path = "NSImage+category.m"; sourceTree = "<group>"; };
		00A979B229E92D870066F7C7 /* NSImage+category.h */ = {isa = PBXFileReference; fileEncoding = 4; lastKnownFileType = sourcecode.c.h; path = "NSImage+category.h"; sourceTree = "<group>"; };
		00A979B429E92D870066F7C7 /* NSWindow+category.h */ = {isa = PBXFileReference; fileEncoding = 4; lastKnownFileType = sourcecode.c.h; path = "NSWindow+category.h"; sourceTree = "<group>"; };
		00A979B529E92D870066F7C7 /* NSWindow+frame.m */ = {isa = PBXFileReference; fileEncoding = 4; lastKnownFileType = sourcecode.c.objc; path = "NSWindow+frame.m"; sourceTree = "<group>"; };
		00A979B629E92D870066F7C7 /* NSWindow+category.m */ = {isa = PBXFileReference; fileEncoding = 4; lastKnownFileType = sourcecode.c.objc; path = "NSWindow+category.m"; sourceTree = "<group>"; };
		00A979B729E92D870066F7C7 /* NSWindow+frame.h */ = {isa = PBXFileReference; fileEncoding = 4; lastKnownFileType = sourcecode.c.h; path = "NSWindow+frame.h"; sourceTree = "<group>"; };
		00A979B929E92D870066F7C7 /* NSDate+category.m */ = {isa = PBXFileReference; fileEncoding = 4; lastKnownFileType = sourcecode.c.objc; path = "NSDate+category.m"; sourceTree = "<group>"; };
		00A979BA29E92D870066F7C7 /* NSDate+category.h */ = {isa = PBXFileReference; fileEncoding = 4; lastKnownFileType = sourcecode.c.h; path = "NSDate+category.h"; sourceTree = "<group>"; };
		00B6B3E82A08DD7B00457886 /* NSResponder+category.h */ = {isa = PBXFileReference; lastKnownFileType = sourcecode.c.h; path = "NSResponder+category.h"; sourceTree = "<group>"; };
		00B6B3E92A08DD7B00457886 /* NSResponder+category.m */ = {isa = PBXFileReference; lastKnownFileType = sourcecode.c.objc; path = "NSResponder+category.m"; sourceTree = "<group>"; };
		00B6B3EB2A08FD4A00457886 /* SecondViewController.h */ = {isa = PBXFileReference; lastKnownFileType = sourcecode.c.h; path = SecondViewController.h; sourceTree = "<group>"; };
		00B6B3EC2A08FD4A00457886 /* SecondViewController.m */ = {isa = PBXFileReference; lastKnownFileType = sourcecode.c.objc; path = SecondViewController.m; sourceTree = "<group>"; };
		00B6B3EF2A09246D00457886 /* NSTextField+category.h */ = {isa = PBXFileReference; lastKnownFileType = sourcecode.c.h; path = "NSTextField+category.h"; sourceTree = "<group>"; };
		00B6B3F02A09246D00457886 /* NSTextField+category.m */ = {isa = PBXFileReference; lastKnownFileType = sourcecode.c.objc; path = "NSTextField+category.m"; sourceTree = "<group>"; };
		00B6B3F32A09249600457886 /* YLProgressHUD.bundle */ = {isa = PBXFileReference; lastKnownFileType = "wrapper.plug-in"; path = YLProgressHUD.bundle; sourceTree = "<group>"; };
		00B6B3F42A09249600457886 /* YLProgressHUD.m */ = {isa = PBXFileReference; fileEncoding = 4; lastKnownFileType = sourcecode.c.objc; path = YLProgressHUD.m; sourceTree = "<group>"; };
		00B6B3F52A09249600457886 /* YLProgressHUD.h */ = {isa = PBXFileReference; fileEncoding = 4; lastKnownFileType = sourcecode.c.h; path = YLProgressHUD.h; sourceTree = "<group>"; };
		00B6B3F92A0A271600457886 /* NSImageView+category.h */ = {isa = PBXFileReference; lastKnownFileType = sourcecode.c.h; path = "NSImageView+category.h"; sourceTree = "<group>"; };
		00B6B3FA2A0A271600457886 /* NSImageView+category.m */ = {isa = PBXFileReference; lastKnownFileType = sourcecode.c.objc; path = "NSImageView+category.m"; sourceTree = "<group>"; };
		00C47F272AA01C750082E813 /* YLFlipView.h */ = {isa = PBXFileReference; lastKnownFileType = sourcecode.c.h; path = YLFlipView.h; sourceTree = "<group>"; };
		00C47F282AA01C750082E813 /* YLFlipView.m */ = {isa = PBXFileReference; lastKnownFileType = sourcecode.c.objc; path = YLFlipView.m; sourceTree = "<group>"; };
		00C47F2B2AA01DDD0082E813 /* YLAppleScript.h */ = {isa = PBXFileReference; fileEncoding = 4; lastKnownFileType = sourcecode.c.h; path = YLAppleScript.h; sourceTree = "<group>"; };
		00C47F2E2AA01DDD0082E813 /* zh-Hans */ = {isa = PBXFileReference; lastKnownFileType = text.plist.strings; name = "zh-Hans"; path = "zh-Hans.lproj/YLAppleScript.strings"; sourceTree = "<group>"; };
		00C47F2F2AA01DDD0082E813 /* en */ = {isa = PBXFileReference; lastKnownFileType = text.plist.strings; name = en; path = en.lproj/YLAppleScript.strings; sourceTree = "<group>"; };
		00C47F302AA01DDD0082E813 /* zh-Hant */ = {isa = PBXFileReference; lastKnownFileType = text.plist.strings; name = "zh-Hant"; path = "zh-Hant.lproj/YLAppleScript.strings"; sourceTree = "<group>"; };
		00C47F312AA01DDD0082E813 /* YLAppleScript.m */ = {isa = PBXFileReference; fileEncoding = 4; lastKnownFileType = sourcecode.c.objc; path = YLAppleScript.m; sourceTree = "<group>"; };
		00CE518B2B314BF400A4EDFD /* YLControl.h */ = {isa = PBXFileReference; lastKnownFileType = sourcecode.c.h; path = YLControl.h; sourceTree = "<group>"; };
		00CE518C2B314BF400A4EDFD /* YLControl.m */ = {isa = PBXFileReference; lastKnownFileType = sourcecode.c.objc; path = YLControl.m; sourceTree = "<group>"; };
		00E8C0CA2BA163BE00C37E97 /* XcodeLog.m */ = {isa = PBXFileReference; fileEncoding = 4; lastKnownFileType = sourcecode.c.objc; path = XcodeLog.m; sourceTree = "<group>"; };
		486207C0208AEDF72FB9DA88 /* Pods-YLCategory-MacOS.debug.xcconfig */ = {isa = PBXFileReference; includeInIndex = 1; lastKnownFileType = text.xcconfig; name = "Pods-YLCategory-MacOS.debug.xcconfig"; path = "Target Support Files/Pods-YLCategory-MacOS/Pods-YLCategory-MacOS.debug.xcconfig"; sourceTree = "<group>"; };
		98ACFFA471F75C6924BB470A /* Pods-YLCategory-MacOS.release.xcconfig */ = {isa = PBXFileReference; includeInIndex = 1; lastKnownFileType = text.xcconfig; name = "Pods-YLCategory-MacOS.release.xcconfig"; path = "Target Support Files/Pods-YLCategory-MacOS/Pods-YLCategory-MacOS.release.xcconfig"; sourceTree = "<group>"; };
		DE0ACCF1B71ED26C457BC253 /* libPods-YLCategory-MacOS.a */ = {isa = PBXFileReference; explicitFileType = archive.ar; includeInIndex = 0; path = "libPods-YLCategory-MacOS.a"; sourceTree = BUILT_PRODUCTS_DIR; };
/* End PBXFileReference section */

/* Begin PBXFrameworksBuildPhase section */
		001F8D5228C8829B007A6F0F /* Frameworks */ = {
			isa = PBXFrameworksBuildPhase;
			buildActionMask = 2147483647;
			files = (
				8D9131251AF81A8E0F010524 /* libPods-YLCategory-MacOS.a in Frameworks */,
			);
			runOnlyForDeploymentPostprocessing = 0;
		};
/* End PBXFrameworksBuildPhase section */

/* Begin PBXGroup section */
		00003A9B2BB174AF0007D0D0 /* NSArray */ = {
			isa = PBXGroup;
			children = (
				0009D7C12BB176F00093D24E /* NSArray+category.h */,
				0009D7C22BB176F00093D24E /* NSArray+category.m */,
			);
			path = NSArray;
			sourceTree = "<group>";
		};
		000C7B142BC399CC003ABB1A /* YLUtility */ = {
			isa = PBXGroup;
			children = (
				000C7B152BC39DF0003ABB1A /* YLUtility.h */,
				000C7B162BC39DF0003ABB1A /* YLUtility.m */,
			);
			path = YLUtility;
			sourceTree = "<group>";
		};
		000D0DA02B05E58F00CF6C32 /* YLCFNotificationManager */ = {
			isa = PBXGroup;
			children = (
				000D0DA22B05E58F00CF6C32 /* YLCFNotificationManager.h */,
				000D0DA12B05E58F00CF6C32 /* YLCFNotificationManager.m */,
			);
			path = YLCFNotificationManager;
			sourceTree = "<group>";
		};
		000D0DA42B05E80000CF6C32 /* NSScreen */ = {
			isa = PBXGroup;
			children = (
				000D0DA52B05E81B00CF6C32 /* NSScreen+category.h */,
				000D0DA62B05E81B00CF6C32 /* NSScreen+category.m */,
			);
			path = NSScreen;
			sourceTree = "<group>";
		};
		001F8D4C28C8829B007A6F0F = {
			isa = PBXGroup;
			children = (
				00A9797D29E92D870066F7C7 /* YLCategory-Demo */,
				00A9798729E92D870066F7C7 /* YLCategory-MacOS */,
				001F8D5628C8829B007A6F0F /* Products */,
				32D65B03EDBC7EB8F665701D /* Pods */,
				7C45926FE87C4A31E6BC0573 /* Frameworks */,
			);
			sourceTree = "<group>";
		};
		001F8D5628C8829B007A6F0F /* Products */ = {
			isa = PBXGroup;
			children = (
				001F8D5528C8829B007A6F0F /* YLCategory-MacOS.app */,
			);
			name = Products;
			sourceTree = "<group>";
		};
		006AA1542A9F26D40084F02F /* YLShortcutView */ = {
			isa = PBXGroup;
			children = (
				006AA1582A9F26F20084F02F /* YLShortcutView.h */,
				006AA1572A9F26F20084F02F /* YLShortcutView.m */,
				006AA1562A9F26F20084F02F /* MASShortcutMonitor+category.h */,
				006AA1552A9F26F20084F02F /* MASShortcutMonitor+category.m */,
				006AA1592A9F26F20084F02F /* Resources */,
			);
			path = YLShortcutView;
			sourceTree = "<group>";
		};
		006AA1592A9F26F20084F02F /* Resources */ = {
			isa = PBXGroup;
			children = (
				006AA19D2A9F2BD00084F02F /* YLShortcutView.bundle */,
				006AA15A2A9F26F20084F02F /* YLShortcutView.strings */,
			);
			path = Resources;
			sourceTree = "<group>";
		};
		006AA19F2A9F34F80084F02F /* YLUserDefaults */ = {
			isa = PBXGroup;
			children = (
				006AA1A02A9F34F80084F02F /* YLUserDefaults.h */,
				006AA1A12A9F34F80084F02F /* YLUserDefaults.m */,
			);
			path = YLUserDefaults;
			sourceTree = "<group>";
		};
		006AA1A32A9F3A970084F02F /* YLWeakTimer */ = {
			isa = PBXGroup;
			children = (
				006AA1A42A9F3A970084F02F /* YLWeakTimer.h */,
				006AA1A52A9F3A970084F02F /* YLWeakTimer.m */,
			);
			path = YLWeakTimer;
			sourceTree = "<group>";
		};
		006AA1A72A9F3B190084F02F /* YLCollectionView */ = {
			isa = PBXGroup;
			children = (
				006AA1A92A9F3B190084F02F /* YLCollectionView.h */,
				006AA1A82A9F3B190084F02F /* YLCollectionView.m */,
			);
			path = YLCollectionView;
			sourceTree = "<group>";
		};
		00A9797D29E92D870066F7C7 /* YLCategory-Demo */ = {
			isa = PBXGroup;
			children = (
				00A9797E29E92D870066F7C7 /* AppDelegate.h */,
				00A9798529E92D870066F7C7 /* AppDelegate.m */,
				00A9798629E92D870066F7C7 /* ViewController.h */,
				00A9798029E92D870066F7C7 /* ViewController.m */,
				00B6B3EB2A08FD4A00457886 /* SecondViewController.h */,
				00B6B3EC2A08FD4A00457886 /* SecondViewController.m */,
				00A9798129E92D870066F7C7 /* YLCategory_MacOS.entitlements */,
				00A9797F29E92D870066F7C7 /* Assets.xcassets */,
				00A9798229E92D870066F7C7 /* Main.storyboard */,
				00A9798429E92D870066F7C7 /* main.m */,
			);
			path = "YLCategory-Demo";
			sourceTree = "<group>";
		};
		00A9798729E92D870066F7C7 /* YLCategory-MacOS */ = {
			isa = PBXGroup;
			children = (
				00A979AC29E92D870066F7C7 /* YLCategory.h */,
				000C7B142BC399CC003ABB1A /* YLUtility */,
				00003A9B2BB174AF0007D0D0 /* NSArray */,
				00CE518A2B314BD900A4EDFD /* YLControl */,
				000D0DA02B05E58F00CF6C32 /* YLCFNotificationManager */,
				00C47F2A2AA01DDD0082E813 /* YLAppleScript */,
				00C47F262AA01C570082E813 /* YLFlipView */,
				006AA1A72A9F3B190084F02F /* YLCollectionView */,
				006AA1A32A9F3A970084F02F /* YLWeakTimer */,
				006AA19F2A9F34F80084F02F /* YLUserDefaults */,
				006AA1542A9F26D40084F02F /* YLShortcutView */,
				00B6B3F82A0A270100457886 /* NSImageView */,
				00B6B3F22A09249600457886 /* YLProgressHUD */,
				00B6B3E72A08DD5900457886 /* NSResponder */,
				00B6B3E32A08DAE000457886 /* NSColor */,
				00A9798829E92D870066F7C7 /* NSView */,
				00A9798F29E92D870066F7C7 /* NSControl */,
				00A9799229E92D870066F7C7 /* Other */,
				00A9799429E92D870066F7C7 /* NSString */,
				00A979A329E92D870066F7C7 /* NSButton */,
				00A979A629E92D870066F7C7 /* NSAlert */,
				00A979A929E92D870066F7C7 /* NSObject */,
				00B6B3EE2A09244D00457886 /* NSTextField */,
				00A979B029E92D870066F7C7 /* NSImage */,
				00A979B329E92D870066F7C7 /* NSWindow */,
				000D0DA42B05E80000CF6C32 /* NSScreen */,
				00A979B829E92D870066F7C7 /* NSDate */,
			);
			path = "YLCategory-MacOS";
			sourceTree = "<group>";
		};
		00A9798829E92D870066F7C7 /* NSView */ = {
			isa = PBXGroup;
			children = (
				00A9798929E92D870066F7C7 /* NSView+frame.h */,
				00A9798D29E92D870066F7C7 /* NSView+frame.m */,
				00A9798B29E92D870066F7C7 /* NSView+category.h */,
				00A9798E29E92D870066F7C7 /* NSView+category.m */,
				00A9798A29E92D870066F7C7 /* NSView+gesture.h */,
				00A9798C29E92D870066F7C7 /* NSView+gesture.m */,
			);
			path = NSView;
			sourceTree = "<group>";
		};
		00A9798F29E92D870066F7C7 /* NSControl */ = {
			isa = PBXGroup;
			children = (
				00A9799029E92D870066F7C7 /* NSControl+category.h */,
				00A9799129E92D870066F7C7 /* NSControl+category.m */,
			);
			path = NSControl;
			sourceTree = "<group>";
		};
		00A9799229E92D870066F7C7 /* Other */ = {
			isa = PBXGroup;
			children = (
				00E8C0CA2BA163BE00C37E97 /* XcodeLog.m */,
				00A9799329E92D870066F7C7 /* Macro.h */,
			);
			path = Other;
			sourceTree = "<group>";
		};
		00A9799429E92D870066F7C7 /* NSString */ = {
			isa = PBXGroup;
			children = (
				00A9799729E92D870066F7C7 /* NSString+secret.h */,
				00A9799C29E92D870066F7C7 /* NSString+secret.m */,
				00A9799829E92D870066F7C7 /* NSString+predicate.h */,
				00A9799B29E92D870066F7C7 /* NSString+predicate.m */,
				00A9799529E92D870066F7C7 /* NSString+category.h */,
				00A9799929E92D870066F7C7 /* NSString+category.m */,
				00A9799629E92D870066F7C7 /* NSString+bounds.h */,
				00A9799A29E92D870066F7C7 /* NSString+bounds.m */,
			);
			path = NSString;
			sourceTree = "<group>";
		};
		00A979A329E92D870066F7C7 /* NSButton */ = {
			isa = PBXGroup;
			children = (
				00A979A529E92D870066F7C7 /* NSButton+category.h */,
				00A979A429E92D870066F7C7 /* NSButton+category.m */,
			);
			path = NSButton;
			sourceTree = "<group>";
		};
		00A979A629E92D870066F7C7 /* NSAlert */ = {
			isa = PBXGroup;
			children = (
				00A979A829E92D870066F7C7 /* NSAlert+category.h */,
				00A979A729E92D870066F7C7 /* NSAlert+category.m */,
			);
			path = NSAlert;
			sourceTree = "<group>";
		};
		00A979A929E92D870066F7C7 /* NSObject */ = {
			isa = PBXGroup;
			children = (
				00A979AA29E92D870066F7C7 /* NSObject+category.h */,
				00A979AB29E92D870066F7C7 /* NSObject+category.m */,
			);
			path = NSObject;
			sourceTree = "<group>";
		};
		00A979B029E92D870066F7C7 /* NSImage */ = {
			isa = PBXGroup;
			children = (
				00A979B229E92D870066F7C7 /* NSImage+category.h */,
				00A979B129E92D870066F7C7 /* NSImage+category.m */,
			);
			path = NSImage;
			sourceTree = "<group>";
		};
		00A979B329E92D870066F7C7 /* NSWindow */ = {
			isa = PBXGroup;
			children = (
				00A979B429E92D870066F7C7 /* NSWindow+category.h */,
				00A979B629E92D870066F7C7 /* NSWindow+category.m */,
				00A979B729E92D870066F7C7 /* NSWindow+frame.h */,
				00A979B529E92D870066F7C7 /* NSWindow+frame.m */,
			);
			path = NSWindow;
			sourceTree = "<group>";
		};
		00A979B829E92D870066F7C7 /* NSDate */ = {
			isa = PBXGroup;
			children = (
				00A979BA29E92D870066F7C7 /* NSDate+category.h */,
				00A979B929E92D870066F7C7 /* NSDate+category.m */,
			);
			path = NSDate;
			sourceTree = "<group>";
		};
		00B6B3E32A08DAE000457886 /* NSColor */ = {
			isa = PBXGroup;
			children = (
				009B0EEE2AA7200D0001A679 /* NSColor+category.h */,
				009B0EEF2AA7200D0001A679 /* NSColor+category.m */,
			);
			path = NSColor;
			sourceTree = "<group>";
		};
		00B6B3E72A08DD5900457886 /* NSResponder */ = {
			isa = PBXGroup;
			children = (
				00B6B3E82A08DD7B00457886 /* NSResponder+category.h */,
				00B6B3E92A08DD7B00457886 /* NSResponder+category.m */,
			);
			path = NSResponder;
			sourceTree = "<group>";
		};
		00B6B3EE2A09244D00457886 /* NSTextField */ = {
			isa = PBXGroup;
			children = (
				00B6B3EF2A09246D00457886 /* NSTextField+category.h */,
				00B6B3F02A09246D00457886 /* NSTextField+category.m */,
			);
			path = NSTextField;
			sourceTree = "<group>";
		};
		00B6B3F22A09249600457886 /* YLProgressHUD */ = {
			isa = PBXGroup;
			children = (
				00B6B3F52A09249600457886 /* YLProgressHUD.h */,
				00B6B3F42A09249600457886 /* YLProgressHUD.m */,
				00B6B3F32A09249600457886 /* YLProgressHUD.bundle */,
			);
			path = YLProgressHUD;
			sourceTree = "<group>";
		};
		00B6B3F82A0A270100457886 /* NSImageView */ = {
			isa = PBXGroup;
			children = (
				00B6B3F92A0A271600457886 /* NSImageView+category.h */,
				00B6B3FA2A0A271600457886 /* NSImageView+category.m */,
			);
			path = NSImageView;
			sourceTree = "<group>";
		};
		00C47F262AA01C570082E813 /* YLFlipView */ = {
			isa = PBXGroup;
			children = (
				00C47F272AA01C750082E813 /* YLFlipView.h */,
				00C47F282AA01C750082E813 /* YLFlipView.m */,
			);
			path = YLFlipView;
			sourceTree = "<group>";
		};
		00C47F2A2AA01DDD0082E813 /* YLAppleScript */ = {
			isa = PBXGroup;
			children = (
				00C47F2B2AA01DDD0082E813 /* YLAppleScript.h */,
				00C47F312AA01DDD0082E813 /* YLAppleScript.m */,
				00C47F2C2AA01DDD0082E813 /* Resource */,
			);
			path = YLAppleScript;
			sourceTree = "<group>";
		};
		00C47F2C2AA01DDD0082E813 /* Resource */ = {
			isa = PBXGroup;
			children = (
				00C47F2D2AA01DDD0082E813 /* YLAppleScript.strings */,
			);
			path = Resource;
			sourceTree = "<group>";
		};
		00CE518A2B314BD900A4EDFD /* YLControl */ = {
			isa = PBXGroup;
			children = (
				00CE518B2B314BF400A4EDFD /* YLControl.h */,
				00CE518C2B314BF400A4EDFD /* YLControl.m */,
			);
			path = YLControl;
			sourceTree = "<group>";
		};
		32D65B03EDBC7EB8F665701D /* Pods */ = {
			isa = PBXGroup;
			children = (
				486207C0208AEDF72FB9DA88 /* Pods-YLCategory-MacOS.debug.xcconfig */,
				98ACFFA471F75C6924BB470A /* Pods-YLCategory-MacOS.release.xcconfig */,
			);
			path = Pods;
			sourceTree = "<group>";
		};
		7C45926FE87C4A31E6BC0573 /* Frameworks */ = {
			isa = PBXGroup;
			children = (
				DE0ACCF1B71ED26C457BC253 /* libPods-YLCategory-MacOS.a */,
			);
			name = Frameworks;
			sourceTree = "<group>";
		};
/* End PBXGroup section */

/* Begin PBXNativeTarget section */
		001F8D5428C8829B007A6F0F /* YLCategory-MacOS */ = {
			isa = PBXNativeTarget;
			buildConfigurationList = 001F8D6828C8829D007A6F0F /* Build configuration list for PBXNativeTarget "YLCategory-MacOS" */;
			buildPhases = (
				F377EAE3AEE105B2ADA964FB /* [CP] Check Pods Manifest.lock */,
				001F8D5128C8829B007A6F0F /* Sources */,
				001F8D5228C8829B007A6F0F /* Frameworks */,
				001F8D5328C8829B007A6F0F /* Resources */,
				60F5C7AC4022F533E2396C4C /* [CP] Copy Pods Resources */,
			);
			buildRules = (
			);
			dependencies = (
			);
			name = "YLCategory-MacOS";
			productName = "YLCategory-MacOS";
			productReference = 001F8D5528C8829B007A6F0F /* YLCategory-MacOS.app */;
			productType = "com.apple.product-type.application";
		};
/* End PBXNativeTarget section */

/* Begin PBXProject section */
		001F8D4D28C8829B007A6F0F /* Project object */ = {
			isa = PBXProject;
			attributes = {
				BuildIndependentTargetsInParallel = 1;
				LastUpgradeCheck = 1340;
				TargetAttributes = {
					001F8D5428C8829B007A6F0F = {
						CreatedOnToolsVersion = 13.4.1;
					};
				};
			};
			buildConfigurationList = 001F8D5028C8829B007A6F0F /* Build configuration list for PBXProject "YLCategory-MacOS" */;
			compatibilityVersion = "Xcode 13.0";
			developmentRegion = en;
			hasScannedForEncodings = 0;
			knownRegions = (
				en,
				Base,
				"zh-Hans",
				"zh-Hant",
				de,
				ja,
				es,
				it,
				sv,
				cs,
				ko,
				pl,
				ru,
				fr,
				nl,
				pt,
			);
			mainGroup = 001F8D4C28C8829B007A6F0F;
			productRefGroup = 001F8D5628C8829B007A6F0F /* Products */;
			projectDirPath = "";
			projectRoot = "";
			targets = (
				001F8D5428C8829B007A6F0F /* YLCategory-MacOS */,
			);
		};
/* End PBXProject section */

/* Begin PBXResourcesBuildPhase section */
		001F8D5328C8829B007A6F0F /* Resources */ = {
			isa = PBXResourcesBuildPhase;
			buildActionMask = 2147483647;
			files = (
				006AA19E2A9F2BD00084F02F /* YLShortcutView.bundle in Resources */,
				00C47F322AA01DDD0082E813 /* YLAppleScript.strings in Resources */,
				00A979BB29E92D870066F7C7 /* Assets.xcassets in Resources */,
				00B6B3F62A09249600457886 /* YLProgressHUD.bundle in Resources */,
				00A979BD29E92D870066F7C7 /* Main.storyboard in Resources */,
				006AA1612A9F26F20084F02F /* YLShortcutView.strings in Resources */,
			);
			runOnlyForDeploymentPostprocessing = 0;
		};
/* End PBXResourcesBuildPhase section */

/* Begin PBXShellScriptBuildPhase section */
		60F5C7AC4022F533E2396C4C /* [CP] Copy Pods Resources */ = {
			isa = PBXShellScriptBuildPhase;
			buildActionMask = 2147483647;
			files = (
			);
			inputFileListPaths = (
				"${PODS_ROOT}/Target Support Files/Pods-YLCategory-MacOS/Pods-YLCategory-MacOS-resources-${CONFIGURATION}-input-files.xcfilelist",
			);
			name = "[CP] Copy Pods Resources";
			outputFileListPaths = (
				"${PODS_ROOT}/Target Support Files/Pods-YLCategory-MacOS/Pods-YLCategory-MacOS-resources-${CONFIGURATION}-output-files.xcfilelist",
			);
			runOnlyForDeploymentPostprocessing = 0;
			shellPath = /bin/sh;
			shellScript = "\"${PODS_ROOT}/Target Support Files/Pods-YLCategory-MacOS/Pods-YLCategory-MacOS-resources.sh\"\n";
			showEnvVarsInLog = 0;
		};
		F377EAE3AEE105B2ADA964FB /* [CP] Check Pods Manifest.lock */ = {
			isa = PBXShellScriptBuildPhase;
			buildActionMask = 2147483647;
			files = (
			);
			inputFileListPaths = (
			);
			inputPaths = (
				"${PODS_PODFILE_DIR_PATH}/Podfile.lock",
				"${PODS_ROOT}/Manifest.lock",
			);
			name = "[CP] Check Pods Manifest.lock";
			outputFileListPaths = (
			);
			outputPaths = (
				"$(DERIVED_FILE_DIR)/Pods-YLCategory-MacOS-checkManifestLockResult.txt",
			);
			runOnlyForDeploymentPostprocessing = 0;
			shellPath = /bin/sh;
			shellScript = "diff \"${PODS_PODFILE_DIR_PATH}/Podfile.lock\" \"${PODS_ROOT}/Manifest.lock\" > /dev/null\nif [ $? != 0 ] ; then\n    # print error to STDERR\n    echo \"error: The sandbox is not in sync with the Podfile.lock. Run 'pod install' or update your CocoaPods installation.\" >&2\n    exit 1\nfi\n# This output is used by Xcode 'outputs' to avoid re-running this script phase.\necho \"SUCCESS\" > \"${SCRIPT_OUTPUT_FILE_0}\"\n";
			showEnvVarsInLog = 0;
		};
/* End PBXShellScriptBuildPhase section */

/* Begin PBXSourcesBuildPhase section */
		001F8D5128C8829B007A6F0F /* Sources */ = {
			isa = PBXSourcesBuildPhase;
			buildActionMask = 2147483647;
			files = (
				00A979CA29E92D870066F7C7 /* NSButton+category.m in Sources */,
				00B6B3FB2A0A271600457886 /* NSImageView+category.m in Sources */,
				00C47F332AA01DDD0082E813 /* YLAppleScript.m in Sources */,
				00C47F292AA01C750082E813 /* YLFlipView.m in Sources */,
				000D0DA32B05E58F00CF6C32 /* YLCFNotificationManager.m in Sources */,
				00A979BE29E92D870066F7C7 /* main.m in Sources */,
				00A979CE29E92D870066F7C7 /* NSImage+category.m in Sources */,
				00A979C329E92D870066F7C7 /* NSControl+category.m in Sources */,
				00A979C729E92D870066F7C7 /* NSString+secret.m in Sources */,
				000C7B172BC39DF0003ABB1A /* YLUtility.m in Sources */,
				00A979C129E92D870066F7C7 /* NSView+frame.m in Sources */,
				006AA1602A9F26F20084F02F /* YLShortcutView.m in Sources */,
				00A979D029E92D870066F7C7 /* NSWindow+category.m in Sources */,
				00A979C529E92D870066F7C7 /* NSString+bounds.m in Sources */,
				00A979C029E92D870066F7C7 /* NSView+gesture.m in Sources */,
				00A979CB29E92D870066F7C7 /* NSAlert+category.m in Sources */,
				000D0DA72B05E81B00CF6C32 /* NSScreen+category.m in Sources */,
				006AA15F2A9F26F20084F02F /* MASShortcutMonitor+category.m in Sources */,
				00B6B3ED2A08FD4A00457886 /* SecondViewController.m in Sources */,
				00A979BC29E92D870066F7C7 /* ViewController.m in Sources */,
				00E8C0CB2BA163BE00C37E97 /* XcodeLog.m in Sources */,
				006AA1AA2A9F3B190084F02F /* YLCollectionView.m in Sources */,
				00A979CF29E92D870066F7C7 /* NSWindow+frame.m in Sources */,
				00A979D129E92D870066F7C7 /* NSDate+category.m in Sources */,
				006AA1A22A9F34F80084F02F /* YLUserDefaults.m in Sources */,
				00B6B3F12A09246D00457886 /* NSTextField+category.m in Sources */,
				009B0EF02AA7200D0001A679 /* NSColor+category.m in Sources */,
				00A979BF29E92D870066F7C7 /* AppDelegate.m in Sources */,
				00B6B3F72A09249600457886 /* YLProgressHUD.m in Sources */,
				00A979C629E92D870066F7C7 /* NSString+predicate.m in Sources */,
				006AA1A62A9F3A970084F02F /* YLWeakTimer.m in Sources */,
				0009D7C32BB176F00093D24E /* NSArray+category.m in Sources */,
				00A979C229E92D870066F7C7 /* NSView+category.m in Sources */,
				00CE518D2B314BF400A4EDFD /* YLControl.m in Sources */,
				00A979C429E92D870066F7C7 /* NSString+category.m in Sources */,
				00B6B3EA2A08DD7B00457886 /* NSResponder+category.m in Sources */,
				00A979CC29E92D870066F7C7 /* NSObject+category.m in Sources */,
			);
			runOnlyForDeploymentPostprocessing = 0;
		};
/* End PBXSourcesBuildPhase section */

/* Begin PBXVariantGroup section */
		006AA15A2A9F26F20084F02F /* YLShortcutView.strings */ = {
			isa = PBXVariantGroup;
			children = (
				006AA15B2A9F26F20084F02F /* zh-Hans */,
				006AA15C2A9F26F20084F02F /* en */,
				006AA15D2A9F26F20084F02F /* zh-Hant */,
				009784F12B88669F00D6590A /* ja */,
				009784F22B8866A100D6590A /* ko */,
				009784F32B8866A700D6590A /* fr */,
				009784F42B8866B300D6590A /* pt */,
				009784F52B8866BB00D6590A /* es */,
				009784FC2B886C9E00D6590A /* de */,
			);
			name = YLShortcutView.strings;
			sourceTree = "<group>";
		};
		00A9798229E92D870066F7C7 /* Main.storyboard */ = {
			isa = PBXVariantGroup;
			children = (
				00A9798329E92D870066F7C7 /* Base */,
			);
			name = Main.storyboard;
			sourceTree = "<group>";
		};
		00C47F2D2AA01DDD0082E813 /* YLAppleScript.strings */ = {
			isa = PBXVariantGroup;
			children = (
				00C47F2E2AA01DDD0082E813 /* zh-Hans */,
				00C47F2F2AA01DDD0082E813 /* en */,
				00C47F302AA01DDD0082E813 /* zh-Hant */,
				009784F62B88671E00D6590A /* fr */,
				009784F72B88672000D6590A /* ja */,
				009784F82B88672400D6590A /* ko */,
				009784F92B88672800D6590A /* pt */,
				009784FA2B88672A00D6590A /* es */,
				009784FB2B886C9800D6590A /* de */,
			);
			name = YLAppleScript.strings;
			sourceTree = "<group>";
		};
/* End PBXVariantGroup section */

/* Begin XCBuildConfiguration section */
		001F8D6628C8829D007A6F0F /* Debug */ = {
			isa = XCBuildConfiguration;
			buildSettings = {
				ALWAYS_SEARCH_USER_PATHS = NO;
				CLANG_ANALYZER_NONNULL = YES;
				CLANG_ANALYZER_NUMBER_OBJECT_CONVERSION = YES_AGGRESSIVE;
				CLANG_CXX_LANGUAGE_STANDARD = "gnu++17";
				CLANG_ENABLE_MODULES = YES;
				CLANG_ENABLE_OBJC_ARC = YES;
				CLANG_ENABLE_OBJC_WEAK = YES;
				CLANG_WARN_BLOCK_CAPTURE_AUTORELEASING = YES;
				CLANG_WARN_BOOL_CONVERSION = YES;
				CLANG_WARN_COMMA = YES;
				CLANG_WARN_CONSTANT_CONVERSION = YES;
				CLANG_WARN_DEPRECATED_OBJC_IMPLEMENTATIONS = YES;
				CLANG_WARN_DIRECT_OBJC_ISA_USAGE = YES_ERROR;
				CLANG_WARN_DOCUMENTATION_COMMENTS = YES;
				CLANG_WARN_EMPTY_BODY = YES;
				CLANG_WARN_ENUM_CONVERSION = YES;
				CLANG_WARN_INFINITE_RECURSION = YES;
				CLANG_WARN_INT_CONVERSION = YES;
				CLANG_WARN_NON_LITERAL_NULL_CONVERSION = YES;
				CLANG_WARN_OBJC_IMPLICIT_RETAIN_SELF = YES;
				CLANG_WARN_OBJC_LITERAL_CONVERSION = YES;
				CLANG_WARN_OBJC_ROOT_CLASS = YES_ERROR;
				CLANG_WARN_QUOTED_INCLUDE_IN_FRAMEWORK_HEADER = YES;
				CLANG_WARN_RANGE_LOOP_ANALYSIS = YES;
				CLANG_WARN_STRICT_PROTOTYPES = YES;
				CLANG_WARN_SUSPICIOUS_MOVE = YES;
				CLANG_WARN_UNGUARDED_AVAILABILITY = YES_AGGRESSIVE;
				CLANG_WARN_UNREACHABLE_CODE = YES;
				CLANG_WARN__DUPLICATE_METHOD_MATCH = YES;
				COPY_PHASE_STRIP = NO;
				DEBUG_INFORMATION_FORMAT = dwarf;
				ENABLE_STRICT_OBJC_MSGSEND = YES;
				ENABLE_TESTABILITY = YES;
				GCC_C_LANGUAGE_STANDARD = gnu11;
				GCC_DYNAMIC_NO_PIC = NO;
				GCC_NO_COMMON_BLOCKS = YES;
				GCC_OPTIMIZATION_LEVEL = 0;
				GCC_PREPROCESSOR_DEFINITIONS = (
					"DEBUG=1",
					"$(inherited)",
				);
				GCC_WARN_64_TO_32_BIT_CONVERSION = YES;
				GCC_WARN_ABOUT_RETURN_TYPE = YES_ERROR;
				GCC_WARN_UNDECLARED_SELECTOR = YES;
				GCC_WARN_UNINITIALIZED_AUTOS = YES_AGGRESSIVE;
				GCC_WARN_UNUSED_FUNCTION = YES;
				GCC_WARN_UNUSED_VARIABLE = YES;
				MACOSX_DEPLOYMENT_TARGET = 12.3;
				MTL_ENABLE_DEBUG_INFO = INCLUDE_SOURCE;
				MTL_FAST_MATH = YES;
				ONLY_ACTIVE_ARCH = YES;
				SDKROOT = macosx;
			};
			name = Debug;
		};
		001F8D6728C8829D007A6F0F /* Release */ = {
			isa = XCBuildConfiguration;
			buildSettings = {
				ALWAYS_SEARCH_USER_PATHS = NO;
				CLANG_ANALYZER_NONNULL = YES;
				CLANG_ANALYZER_NUMBER_OBJECT_CONVERSION = YES_AGGRESSIVE;
				CLANG_CXX_LANGUAGE_STANDARD = "gnu++17";
				CLANG_ENABLE_MODULES = YES;
				CLANG_ENABLE_OBJC_ARC = YES;
				CLANG_ENABLE_OBJC_WEAK = YES;
				CLANG_WARN_BLOCK_CAPTURE_AUTORELEASING = YES;
				CLANG_WARN_BOOL_CONVERSION = YES;
				CLANG_WARN_COMMA = YES;
				CLANG_WARN_CONSTANT_CONVERSION = YES;
				CLANG_WARN_DEPRECATED_OBJC_IMPLEMENTATIONS = YES;
				CLANG_WARN_DIRECT_OBJC_ISA_USAGE = YES_ERROR;
				CLANG_WARN_DOCUMENTATION_COMMENTS = YES;
				CLANG_WARN_EMPTY_BODY = YES;
				CLANG_WARN_ENUM_CONVERSION = YES;
				CLANG_WARN_INFINITE_RECURSION = YES;
				CLANG_WARN_INT_CONVERSION = YES;
				CLANG_WARN_NON_LITERAL_NULL_CONVERSION = YES;
				CLANG_WARN_OBJC_IMPLICIT_RETAIN_SELF = YES;
				CLANG_WARN_OBJC_LITERAL_CONVERSION = YES;
				CLANG_WARN_OBJC_ROOT_CLASS = YES_ERROR;
				CLANG_WARN_QUOTED_INCLUDE_IN_FRAMEWORK_HEADER = YES;
				CLANG_WARN_RANGE_LOOP_ANALYSIS = YES;
				CLANG_WARN_STRICT_PROTOTYPES = YES;
				CLANG_WARN_SUSPICIOUS_MOVE = YES;
				CLANG_WARN_UNGUARDED_AVAILABILITY = YES_AGGRESSIVE;
				CLANG_WARN_UNREACHABLE_CODE = YES;
				CLANG_WARN__DUPLICATE_METHOD_MATCH = YES;
				COPY_PHASE_STRIP = NO;
				DEBUG_INFORMATION_FORMAT = "dwarf-with-dsym";
				ENABLE_NS_ASSERTIONS = NO;
				ENABLE_STRICT_OBJC_MSGSEND = YES;
				GCC_C_LANGUAGE_STANDARD = gnu11;
				GCC_NO_COMMON_BLOCKS = YES;
				GCC_WARN_64_TO_32_BIT_CONVERSION = YES;
				GCC_WARN_ABOUT_RETURN_TYPE = YES_ERROR;
				GCC_WARN_UNDECLARED_SELECTOR = YES;
				GCC_WARN_UNINITIALIZED_AUTOS = YES_AGGRESSIVE;
				GCC_WARN_UNUSED_FUNCTION = YES;
				GCC_WARN_UNUSED_VARIABLE = YES;
				MACOSX_DEPLOYMENT_TARGET = 12.3;
				MTL_ENABLE_DEBUG_INFO = NO;
				MTL_FAST_MATH = YES;
				SDKROOT = macosx;
			};
			name = Release;
		};
		001F8D6928C8829D007A6F0F /* Debug */ = {
			isa = XCBuildConfiguration;
			baseConfigurationReference = 486207C0208AEDF72FB9DA88 /* Pods-YLCategory-MacOS.debug.xcconfig */;
			buildSettings = {
				ASSETCATALOG_COMPILER_APPICON_NAME = AppIcon;
				ASSETCATALOG_COMPILER_GLOBAL_ACCENT_COLOR_NAME = AccentColor;
				CODE_SIGN_ENTITLEMENTS = "YLCategory-Demo/YLCategory_MacOS.entitlements";
				"CODE_SIGN_IDENTITY[sdk=macosx*]" = "-";
				CODE_SIGN_STYLE = Automatic;
				COMBINE_HIDPI_IMAGES = YES;
				CURRENT_PROJECT_VERSION = 2024032601;
				DEVELOPMENT_TEAM = 87LJF62PN6;
				ENABLE_HARDENED_RUNTIME = YES;
				GENERATE_INFOPLIST_FILE = YES;
				INFOPLIST_KEY_NSHumanReadableCopyright = "";
				INFOPLIST_KEY_NSMainStoryboardFile = Main;
				INFOPLIST_KEY_NSPrincipalClass = NSApplication;
				LD_RUNPATH_SEARCH_PATHS = (
					"$(inherited)",
					"@executable_path/../Frameworks",
				);
				MACOSX_DEPLOYMENT_TARGET = 10.14;
				MARKETING_VERSION = 1.0.9;
				PRODUCT_BUNDLE_IDENTIFIER = "com.wyl.YLCategory-MacOS";
				PRODUCT_NAME = "$(TARGET_NAME)";
				SWIFT_EMIT_LOC_STRINGS = YES;
			};
			name = Debug;
		};
		001F8D6A28C8829D007A6F0F /* Release */ = {
			isa = XCBuildConfiguration;
			baseConfigurationReference = 98ACFFA471F75C6924BB470A /* Pods-YLCategory-MacOS.release.xcconfig */;
			buildSettings = {
				ASSETCATALOG_COMPILER_APPICON_NAME = AppIcon;
				ASSETCATALOG_COMPILER_GLOBAL_ACCENT_COLOR_NAME = AccentColor;
				CODE_SIGN_ENTITLEMENTS = "YLCategory-Demo/YLCategory_MacOS.entitlements";
				"CODE_SIGN_IDENTITY[sdk=macosx*]" = "-";
				CODE_SIGN_STYLE = Automatic;
				COMBINE_HIDPI_IMAGES = YES;
				CURRENT_PROJECT_VERSION = 2024032601;
				DEVELOPMENT_TEAM = 87LJF62PN6;
				ENABLE_HARDENED_RUNTIME = YES;
				GENERATE_INFOPLIST_FILE = YES;
				INFOPLIST_KEY_NSHumanReadableCopyright = "";
				INFOPLIST_KEY_NSMainStoryboardFile = Main;
				INFOPLIST_KEY_NSPrincipalClass = NSApplication;
				LD_RUNPATH_SEARCH_PATHS = (
					"$(inherited)",
					"@executable_path/../Frameworks",
				);
				MACOSX_DEPLOYMENT_TARGET = 10.14;
				MARKETING_VERSION = 1.0.9;
				PRODUCT_BUNDLE_IDENTIFIER = "com.wyl.YLCategory-MacOS";
				PRODUCT_NAME = "$(TARGET_NAME)";
				SWIFT_EMIT_LOC_STRINGS = YES;
			};
			name = Release;
		};
/* End XCBuildConfiguration section */

/* Begin XCConfigurationList section */
		001F8D5028C8829B007A6F0F /* Build configuration list for PBXProject "YLCategory-MacOS" */ = {
			isa = XCConfigurationList;
			buildConfigurations = (
				001F8D6628C8829D007A6F0F /* Debug */,
				001F8D6728C8829D007A6F0F /* Release */,
			);
			defaultConfigurationIsVisible = 0;
			defaultConfigurationName = Release;
		};
		001F8D6828C8829D007A6F0F /* Build configuration list for PBXNativeTarget "YLCategory-MacOS" */ = {
			isa = XCConfigurationList;
			buildConfigurations = (
				001F8D6928C8829D007A6F0F /* Debug */,
				001F8D6A28C8829D007A6F0F /* Release */,
			);
			defaultConfigurationIsVisible = 0;
			defaultConfigurationName = Release;
		};
/* End XCConfigurationList section */
	};
	rootObject = 001F8D4D28C8829B007A6F0F /* Project object */;
}
