// !$*UTF8*$!
{
	archiveVersion = 1;
	classes = {
	};
	objectVersion = 55;
	objects = {

/* Begin PBXBuildFile section */
		00A979BB29E92D870066F7C7 /* Assets.xcassets in Resources */ = {isa = PBXBuildFile; fileRef = 00A9797F29E92D870066F7C7 /* Assets.xcassets */; };
		00A979BC29E92D870066F7C7 /* ViewController.m in Sources */ = {isa = PBXBuildFile; fileRef = 00A9798029E92D870066F7C7 /* ViewController.m */; };
		00A979BD29E92D870066F7C7 /* Main.storyboard in Resources */ = {isa = PBXBuildFile; fileRef = 00A9798229E92D870066F7C7 /* Main.storyboard */; };
		00A979BE29E92D870066F7C7 /* main.m in Sources */ = {isa = PBXBuildFile; fileRef = 00A9798429E92D870066F7C7 /* main.m */; };
		00A979BF29E92D870066F7C7 /* AppDelegate.m in Sources */ = {isa = PBXBuildFile; fileRef = 00A9798529E92D870066F7C7 /* AppDelegate.m */; };
		00A979C029E92D870066F7C7 /* NSView+gesture.m in Sources */ = {isa = PBXBuildFile; fileRef = 00A9798C29E92D870066F7C7 /* NSView+gesture.m */; };
		00A979C129E92D870066F7C7 /* NSView+frame.m in Sources */ = {isa = PBXBuildFile; fileRef = 00A9798D29E92D870066F7C7 /* NSView+frame.m */; };
		00A979C229E92D870066F7C7 /* NSView+category.m in Sources */ = {isa = PBXBuildFile; fileRef = 00A9798E29E92D870066F7C7 /* NSView+category.m */; };
		00A979C329E92D870066F7C7 /* NSControl+category.m in Sources */ = {isa = PBXBuildFile; fileRef = 00A9799129E92D870066F7C7 /* NSControl+category.m */; };
		00A979C429E92D870066F7C7 /* NSString+category.m in Sources */ = {isa = PBXBuildFile; fileRef = 00A9799929E92D870066F7C7 /* NSString+category.m */; };
		00A979C529E92D870066F7C7 /* NSString+bounds.m in Sources */ = {isa = PBXBuildFile; fileRef = 00A9799A29E92D870066F7C7 /* NSString+bounds.m */; };
		00A979C629E92D870066F7C7 /* NSString+predicate.m in Sources */ = {isa = PBXBuildFile; fileRef = 00A9799B29E92D870066F7C7 /* NSString+predicate.m */; };
		00A979C729E92D870066F7C7 /* NSString+secret.m in Sources */ = {isa = PBXBuildFile; fileRef = 00A9799C29E92D870066F7C7 /* NSString+secret.m */; };
		00A979C829E92D870066F7C7 /* NSImageView+category.m in Sources */ = {isa = PBXBuildFile; fileRef = 00A9799E29E92D870066F7C7 /* NSImageView+category.m */; };
		00A979C929E92D870066F7C7 /* NSTextField+category.m in Sources */ = {isa = PBXBuildFile; fileRef = 00A979A229E92D870066F7C7 /* NSTextField+category.m */; };
		00A979CA29E92D870066F7C7 /* NSButton+category.m in Sources */ = {isa = PBXBuildFile; fileRef = 00A979A429E92D870066F7C7 /* NSButton+category.m */; };
		00A979CB29E92D870066F7C7 /* NSAlert+category.m in Sources */ = {isa = PBXBuildFile; fileRef = 00A979A729E92D870066F7C7 /* NSAlert+category.m */; };
		00A979CC29E92D870066F7C7 /* NSObject+category.m in Sources */ = {isa = PBXBuildFile; fileRef = 00A979AB29E92D870066F7C7 /* NSObject+category.m */; };
		00A979CD29E92D870066F7C7 /* NSViewController+category.m in Sources */ = {isa = PBXBuildFile; fileRef = 00A979AE29E92D870066F7C7 /* NSViewController+category.m */; };
		00A979CE29E92D870066F7C7 /* NSImage+category.m in Sources */ = {isa = PBXBuildFile; fileRef = 00A979B129E92D870066F7C7 /* NSImage+category.m */; };
		00A979CF29E92D870066F7C7 /* NSWindow+frame.m in Sources */ = {isa = PBXBuildFile; fileRef = 00A979B529E92D870066F7C7 /* NSWindow+frame.m */; };
		00A979D029E92D870066F7C7 /* NSWindow+category.m in Sources */ = {isa = PBXBuildFile; fileRef = 00A979B629E92D870066F7C7 /* NSWindow+category.m */; };
		00A979D129E92D870066F7C7 /* NSDate+category.m in Sources */ = {isa = PBXBuildFile; fileRef = 00A979B929E92D870066F7C7 /* NSDate+category.m */; };
/* End PBXBuildFile section */

/* Begin PBXFileReference section */
		001F8D5528C8829B007A6F0F /* YLCategory-MacOS.app */ = {isa = PBXFileReference; explicitFileType = wrapper.application; includeInIndex = 0; path = "YLCategory-MacOS.app"; sourceTree = BUILT_PRODUCTS_DIR; };
		00A9797E29E92D870066F7C7 /* AppDelegate.h */ = {isa = PBXFileReference; fileEncoding = 4; lastKnownFileType = sourcecode.c.h; path = AppDelegate.h; sourceTree = "<group>"; };
		00A9797F29E92D870066F7C7 /* Assets.xcassets */ = {isa = PBXFileReference; lastKnownFileType = folder.assetcatalog; path = Assets.xcassets; sourceTree = "<group>"; };
		00A9798029E92D870066F7C7 /* ViewController.m */ = {isa = PBXFileReference; fileEncoding = 4; lastKnownFileType = sourcecode.c.objc; path = ViewController.m; sourceTree = "<group>"; };
		00A9798129E92D870066F7C7 /* YLCategory_MacOS.entitlements */ = {isa = PBXFileReference; fileEncoding = 4; lastKnownFileType = text.plist.entitlements; path = YLCategory_MacOS.entitlements; sourceTree = "<group>"; };
		00A9798329E92D870066F7C7 /* Base */ = {isa = PBXFileReference; lastKnownFileType = file.storyboard; name = Base; path = Base.lproj/Main.storyboard; sourceTree = "<group>"; };
		00A9798429E92D870066F7C7 /* main.m */ = {isa = PBXFileReference; fileEncoding = 4; lastKnownFileType = sourcecode.c.objc; path = main.m; sourceTree = "<group>"; };
		00A9798529E92D870066F7C7 /* AppDelegate.m */ = {isa = PBXFileReference; fileEncoding = 4; lastKnownFileType = sourcecode.c.objc; path = AppDelegate.m; sourceTree = "<group>"; };
		00A9798629E92D870066F7C7 /* ViewController.h */ = {isa = PBXFileReference; fileEncoding = 4; lastKnownFileType = sourcecode.c.h; path = ViewController.h; sourceTree = "<group>"; };
		00A9798929E92D870066F7C7 /* NSView+frame.h */ = {isa = PBXFileReference; fileEncoding = 4; lastKnownFileType = sourcecode.c.h; path = "NSView+frame.h"; sourceTree = "<group>"; };
		00A9798A29E92D870066F7C7 /* NSView+gesture.h */ = {isa = PBXFileReference; fileEncoding = 4; lastKnownFileType = sourcecode.c.h; path = "NSView+gesture.h"; sourceTree = "<group>"; };
		00A9798B29E92D870066F7C7 /* NSView+category.h */ = {isa = PBXFileReference; fileEncoding = 4; lastKnownFileType = sourcecode.c.h; path = "NSView+category.h"; sourceTree = "<group>"; };
		00A9798C29E92D870066F7C7 /* NSView+gesture.m */ = {isa = PBXFileReference; fileEncoding = 4; lastKnownFileType = sourcecode.c.objc; path = "NSView+gesture.m"; sourceTree = "<group>"; };
		00A9798D29E92D870066F7C7 /* NSView+frame.m */ = {isa = PBXFileReference; fileEncoding = 4; lastKnownFileType = sourcecode.c.objc; path = "NSView+frame.m"; sourceTree = "<group>"; };
		00A9798E29E92D870066F7C7 /* NSView+category.m */ = {isa = PBXFileReference; fileEncoding = 4; lastKnownFileType = sourcecode.c.objc; path = "NSView+category.m"; sourceTree = "<group>"; };
		00A9799029E92D870066F7C7 /* NSControl+category.h */ = {isa = PBXFileReference; fileEncoding = 4; lastKnownFileType = sourcecode.c.h; path = "NSControl+category.h"; sourceTree = "<group>"; };
		00A9799129E92D870066F7C7 /* NSControl+category.m */ = {isa = PBXFileReference; fileEncoding = 4; lastKnownFileType = sourcecode.c.objc; path = "NSControl+category.m"; sourceTree = "<group>"; };
		00A9799329E92D870066F7C7 /* Macro.h */ = {isa = PBXFileReference; fileEncoding = 4; lastKnownFileType = sourcecode.c.h; path = Macro.h; sourceTree = "<group>"; };
		00A9799529E92D870066F7C7 /* NSString+category.h */ = {isa = PBXFileReference; fileEncoding = 4; lastKnownFileType = sourcecode.c.h; path = "NSString+category.h"; sourceTree = "<group>"; };
		00A9799629E92D870066F7C7 /* NSString+bounds.h */ = {isa = PBXFileReference; fileEncoding = 4; lastKnownFileType = sourcecode.c.h; path = "NSString+bounds.h"; sourceTree = "<group>"; };
		00A9799729E92D870066F7C7 /* NSString+secret.h */ = {isa = PBXFileReference; fileEncoding = 4; lastKnownFileType = sourcecode.c.h; path = "NSString+secret.h"; sourceTree = "<group>"; };
		00A9799829E92D870066F7C7 /* NSString+predicate.h */ = {isa = PBXFileReference; fileEncoding = 4; lastKnownFileType = sourcecode.c.h; path = "NSString+predicate.h"; sourceTree = "<group>"; };
		00A9799929E92D870066F7C7 /* NSString+category.m */ = {isa = PBXFileReference; fileEncoding = 4; lastKnownFileType = sourcecode.c.objc; path = "NSString+category.m"; sourceTree = "<group>"; };
		00A9799A29E92D870066F7C7 /* NSString+bounds.m */ = {isa = PBXFileReference; fileEncoding = 4; lastKnownFileType = sourcecode.c.objc; path = "NSString+bounds.m"; sourceTree = "<group>"; };
		00A9799B29E92D870066F7C7 /* NSString+predicate.m */ = {isa = PBXFileReference; fileEncoding = 4; lastKnownFileType = sourcecode.c.objc; path = "NSString+predicate.m"; sourceTree = "<group>"; };
		00A9799C29E92D870066F7C7 /* NSString+secret.m */ = {isa = PBXFileReference; fileEncoding = 4; lastKnownFileType = sourcecode.c.objc; path = "NSString+secret.m"; sourceTree = "<group>"; };
		00A9799E29E92D870066F7C7 /* NSImageView+category.m */ = {isa = PBXFileReference; fileEncoding = 4; lastKnownFileType = sourcecode.c.objc; path = "NSImageView+category.m"; sourceTree = "<group>"; };
		00A9799F29E92D870066F7C7 /* NSImageView+category.h */ = {isa = PBXFileReference; fileEncoding = 4; lastKnownFileType = sourcecode.c.h; path = "NSImageView+category.h"; sourceTree = "<group>"; };
		00A979A129E92D870066F7C7 /* NSTextField+category.h */ = {isa = PBXFileReference; fileEncoding = 4; lastKnownFileType = sourcecode.c.h; path = "NSTextField+category.h"; sourceTree = "<group>"; };
		00A979A229E92D870066F7C7 /* NSTextField+category.m */ = {isa = PBXFileReference; fileEncoding = 4; lastKnownFileType = sourcecode.c.objc; path = "NSTextField+category.m"; sourceTree = "<group>"; };
		00A979A429E92D870066F7C7 /* NSButton+category.m */ = {isa = PBXFileReference; fileEncoding = 4; lastKnownFileType = sourcecode.c.objc; path = "NSButton+category.m"; sourceTree = "<group>"; };
		00A979A529E92D870066F7C7 /* NSButton+category.h */ = {isa = PBXFileReference; fileEncoding = 4; lastKnownFileType = sourcecode.c.h; path = "NSButton+category.h"; sourceTree = "<group>"; };
		00A979A729E92D870066F7C7 /* NSAlert+category.m */ = {isa = PBXFileReference; fileEncoding = 4; lastKnownFileType = sourcecode.c.objc; path = "NSAlert+category.m"; sourceTree = "<group>"; };
		00A979A829E92D870066F7C7 /* NSAlert+category.h */ = {isa = PBXFileReference; fileEncoding = 4; lastKnownFileType = sourcecode.c.h; path = "NSAlert+category.h"; sourceTree = "<group>"; };
		00A979AA29E92D870066F7C7 /* NSObject+category.h */ = {isa = PBXFileReference; fileEncoding = 4; lastKnownFileType = sourcecode.c.h; path = "NSObject+category.h"; sourceTree = "<group>"; };
		00A979AB29E92D870066F7C7 /* NSObject+category.m */ = {isa = PBXFileReference; fileEncoding = 4; lastKnownFileType = sourcecode.c.objc; path = "NSObject+category.m"; sourceTree = "<group>"; };
		00A979AC29E92D870066F7C7 /* YLCategory.h */ = {isa = PBXFileReference; fileEncoding = 4; lastKnownFileType = sourcecode.c.h; path = YLCategory.h; sourceTree = "<group>"; };
		00A979AE29E92D870066F7C7 /* NSViewController+category.m */ = {isa = PBXFileReference; fileEncoding = 4; lastKnownFileType = sourcecode.c.objc; path = "NSViewController+category.m"; sourceTree = "<group>"; };
		00A979AF29E92D870066F7C7 /* NSViewController+category.h */ = {isa = PBXFileReference; fileEncoding = 4; lastKnownFileType = sourcecode.c.h; path = "NSViewController+category.h"; sourceTree = "<group>"; };
		00A979B129E92D870066F7C7 /* NSImage+category.m */ = {isa = PBXFileReference; fileEncoding = 4; lastKnownFileType = sourcecode.c.objc; path = "NSImage+category.m"; sourceTree = "<group>"; };
		00A979B229E92D870066F7C7 /* NSImage+category.h */ = {isa = PBXFileReference; fileEncoding = 4; lastKnownFileType = sourcecode.c.h; path = "NSImage+category.h"; sourceTree = "<group>"; };
		00A979B429E92D870066F7C7 /* NSWindow+category.h */ = {isa = PBXFileReference; fileEncoding = 4; lastKnownFileType = sourcecode.c.h; path = "NSWindow+category.h"; sourceTree = "<group>"; };
		00A979B529E92D870066F7C7 /* NSWindow+frame.m */ = {isa = PBXFileReference; fileEncoding = 4; lastKnownFileType = sourcecode.c.objc; path = "NSWindow+frame.m"; sourceTree = "<group>"; };
		00A979B629E92D870066F7C7 /* NSWindow+category.m */ = {isa = PBXFileReference; fileEncoding = 4; lastKnownFileType = sourcecode.c.objc; path = "NSWindow+category.m"; sourceTree = "<group>"; };
		00A979B729E92D870066F7C7 /* NSWindow+frame.h */ = {isa = PBXFileReference; fileEncoding = 4; lastKnownFileType = sourcecode.c.h; path = "NSWindow+frame.h"; sourceTree = "<group>"; };
		00A979B929E92D870066F7C7 /* NSDate+category.m */ = {isa = PBXFileReference; fileEncoding = 4; lastKnownFileType = sourcecode.c.objc; path = "NSDate+category.m"; sourceTree = "<group>"; };
		00A979BA29E92D870066F7C7 /* NSDate+category.h */ = {isa = PBXFileReference; fileEncoding = 4; lastKnownFileType = sourcecode.c.h; path = "NSDate+category.h"; sourceTree = "<group>"; };
/* End PBXFileReference section */

/* Begin PBXFrameworksBuildPhase section */
		001F8D5228C8829B007A6F0F /* Frameworks */ = {
			isa = PBXFrameworksBuildPhase;
			buildActionMask = 2147483647;
			files = (
			);
			runOnlyForDeploymentPostprocessing = 0;
		};
/* End PBXFrameworksBuildPhase section */

/* Begin PBXGroup section */
		001F8D4C28C8829B007A6F0F = {
			isa = PBXGroup;
			children = (
				00A9797D29E92D870066F7C7 /* YLCategory-Demo */,
				00A9798729E92D870066F7C7 /* YLCategory-MacOS */,
				001F8D5628C8829B007A6F0F /* Products */,
			);
			sourceTree = "<group>";
		};
		001F8D5628C8829B007A6F0F /* Products */ = {
			isa = PBXGroup;
			children = (
				001F8D5528C8829B007A6F0F /* YLCategory-MacOS.app */,
			);
			name = Products;
			sourceTree = "<group>";
		};
		00A9797D29E92D870066F7C7 /* YLCategory-Demo */ = {
			isa = PBXGroup;
			children = (
				00A9797E29E92D870066F7C7 /* AppDelegate.h */,
				00A9798529E92D870066F7C7 /* AppDelegate.m */,
				00A9798629E92D870066F7C7 /* ViewController.h */,
				00A9798029E92D870066F7C7 /* ViewController.m */,
				00A9798129E92D870066F7C7 /* YLCategory_MacOS.entitlements */,
				00A9797F29E92D870066F7C7 /* Assets.xcassets */,
				00A9798229E92D870066F7C7 /* Main.storyboard */,
				00A9798429E92D870066F7C7 /* main.m */,
			);
			path = "YLCategory-Demo";
			sourceTree = "<group>";
		};
		00A9798729E92D870066F7C7 /* YLCategory-MacOS */ = {
			isa = PBXGroup;
			children = (
				00A9798829E92D870066F7C7 /* NSView */,
				00A9798F29E92D870066F7C7 /* NSControl */,
				00A9799229E92D870066F7C7 /* Other */,
				00A9799429E92D870066F7C7 /* NSString */,
				00A9799D29E92D870066F7C7 /* NSImageView */,
				00A979A029E92D870066F7C7 /* NSTextField */,
				00A979A329E92D870066F7C7 /* NSButton */,
				00A979A629E92D870066F7C7 /* NSAlert */,
				00A979A929E92D870066F7C7 /* NSObject */,
				00A979AC29E92D870066F7C7 /* YLCategory.h */,
				00A979AD29E92D870066F7C7 /* NSViewController */,
				00A979B029E92D870066F7C7 /* NSImage */,
				00A979B329E92D870066F7C7 /* NSWindow */,
				00A979B829E92D870066F7C7 /* NSDate */,
			);
			path = "YLCategory-MacOS";
			sourceTree = "<group>";
		};
		00A9798829E92D870066F7C7 /* NSView */ = {
			isa = PBXGroup;
			children = (
				00A9798929E92D870066F7C7 /* NSView+frame.h */,
				00A9798A29E92D870066F7C7 /* NSView+gesture.h */,
				00A9798B29E92D870066F7C7 /* NSView+category.h */,
				00A9798C29E92D870066F7C7 /* NSView+gesture.m */,
				00A9798D29E92D870066F7C7 /* NSView+frame.m */,
				00A9798E29E92D870066F7C7 /* NSView+category.m */,
			);
			path = NSView;
			sourceTree = "<group>";
		};
		00A9798F29E92D870066F7C7 /* NSControl */ = {
			isa = PBXGroup;
			children = (
				00A9799029E92D870066F7C7 /* NSControl+category.h */,
				00A9799129E92D870066F7C7 /* NSControl+category.m */,
			);
			path = NSControl;
			sourceTree = "<group>";
		};
		00A9799229E92D870066F7C7 /* Other */ = {
			isa = PBXGroup;
			children = (
				00A9799329E92D870066F7C7 /* Macro.h */,
			);
			path = Other;
			sourceTree = "<group>";
		};
		00A9799429E92D870066F7C7 /* NSString */ = {
			isa = PBXGroup;
			children = (
				00A9799529E92D870066F7C7 /* NSString+category.h */,
				00A9799629E92D870066F7C7 /* NSString+bounds.h */,
				00A9799729E92D870066F7C7 /* NSString+secret.h */,
				00A9799829E92D870066F7C7 /* NSString+predicate.h */,
				00A9799929E92D870066F7C7 /* NSString+category.m */,
				00A9799A29E92D870066F7C7 /* NSString+bounds.m */,
				00A9799B29E92D870066F7C7 /* NSString+predicate.m */,
				00A9799C29E92D870066F7C7 /* NSString+secret.m */,
			);
			path = NSString;
			sourceTree = "<group>";
		};
		00A9799D29E92D870066F7C7 /* NSImageView */ = {
			isa = PBXGroup;
			children = (
				00A9799E29E92D870066F7C7 /* NSImageView+category.m */,
				00A9799F29E92D870066F7C7 /* NSImageView+category.h */,
			);
			path = NSImageView;
			sourceTree = "<group>";
		};
		00A979A029E92D870066F7C7 /* NSTextField */ = {
			isa = PBXGroup;
			children = (
				00A979A129E92D870066F7C7 /* NSTextField+category.h */,
				00A979A229E92D870066F7C7 /* NSTextField+category.m */,
			);
			path = NSTextField;
			sourceTree = "<group>";
		};
		00A979A329E92D870066F7C7 /* NSButton */ = {
			isa = PBXGroup;
			children = (
				00A979A429E92D870066F7C7 /* NSButton+category.m */,
				00A979A529E92D870066F7C7 /* NSButton+category.h */,
			);
			path = NSButton;
			sourceTree = "<group>";
		};
		00A979A629E92D870066F7C7 /* NSAlert */ = {
			isa = PBXGroup;
			children = (
				00A979A729E92D870066F7C7 /* NSAlert+category.m */,
				00A979A829E92D870066F7C7 /* NSAlert+category.h */,
			);
			path = NSAlert;
			sourceTree = "<group>";
		};
		00A979A929E92D870066F7C7 /* NSObject */ = {
			isa = PBXGroup;
			children = (
				00A979AA29E92D870066F7C7 /* NSObject+category.h */,
				00A979AB29E92D870066F7C7 /* NSObject+category.m */,
			);
			path = NSObject;
			sourceTree = "<group>";
		};
		00A979AD29E92D870066F7C7 /* NSViewController */ = {
			isa = PBXGroup;
			children = (
				00A979AE29E92D870066F7C7 /* NSViewController+category.m */,
				00A979AF29E92D870066F7C7 /* NSViewController+category.h */,
			);
			path = NSViewController;
			sourceTree = "<group>";
		};
		00A979B029E92D870066F7C7 /* NSImage */ = {
			isa = PBXGroup;
			children = (
				00A979B129E92D870066F7C7 /* NSImage+category.m */,
				00A979B229E92D870066F7C7 /* NSImage+category.h */,
			);
			path = NSImage;
			sourceTree = "<group>";
		};
		00A979B329E92D870066F7C7 /* NSWindow */ = {
			isa = PBXGroup;
			children = (
				00A979B429E92D870066F7C7 /* NSWindow+category.h */,
				00A979B529E92D870066F7C7 /* NSWindow+frame.m */,
				00A979B629E92D870066F7C7 /* NSWindow+category.m */,
				00A979B729E92D870066F7C7 /* NSWindow+frame.h */,
			);
			path = NSWindow;
			sourceTree = "<group>";
		};
		00A979B829E92D870066F7C7 /* NSDate */ = {
			isa = PBXGroup;
			children = (
				00A979B929E92D870066F7C7 /* NSDate+category.m */,
				00A979BA29E92D870066F7C7 /* NSDate+category.h */,
			);
			path = NSDate;
			sourceTree = "<group>";
		};
/* End PBXGroup section */

/* Begin PBXNativeTarget section */
		001F8D5428C8829B007A6F0F /* YLCategory-MacOS */ = {
			isa = PBXNativeTarget;
			buildConfigurationList = 001F8D6828C8829D007A6F0F /* Build configuration list for PBXNativeTarget "YLCategory-MacOS" */;
			buildPhases = (
				001F8D5128C8829B007A6F0F /* Sources */,
				001F8D5228C8829B007A6F0F /* Frameworks */,
				001F8D5328C8829B007A6F0F /* Resources */,
			);
			buildRules = (
			);
			dependencies = (
			);
			name = "YLCategory-MacOS";
			productName = "YLCategory-MacOS";
			productReference = 001F8D5528C8829B007A6F0F /* YLCategory-MacOS.app */;
			productType = "com.apple.product-type.application";
		};
/* End PBXNativeTarget section */

/* Begin PBXProject section */
		001F8D4D28C8829B007A6F0F /* Project object */ = {
			isa = PBXProject;
			attributes = {
				BuildIndependentTargetsInParallel = 1;
				LastUpgradeCheck = 1340;
				TargetAttributes = {
					001F8D5428C8829B007A6F0F = {
						CreatedOnToolsVersion = 13.4.1;
					};
				};
			};
			buildConfigurationList = 001F8D5028C8829B007A6F0F /* Build configuration list for PBXProject "YLCategory-MacOS" */;
			compatibilityVersion = "Xcode 13.0";
			developmentRegion = en;
			hasScannedForEncodings = 0;
			knownRegions = (
				en,
				Base,
			);
			mainGroup = 001F8D4C28C8829B007A6F0F;
			productRefGroup = 001F8D5628C8829B007A6F0F /* Products */;
			projectDirPath = "";
			projectRoot = "";
			targets = (
				001F8D5428C8829B007A6F0F /* YLCategory-MacOS */,
			);
		};
/* End PBXProject section */

/* Begin PBXResourcesBuildPhase section */
		001F8D5328C8829B007A6F0F /* Resources */ = {
			isa = PBXResourcesBuildPhase;
			buildActionMask = 2147483647;
			files = (
				00A979BB29E92D870066F7C7 /* Assets.xcassets in Resources */,
				00A979BD29E92D870066F7C7 /* Main.storyboard in Resources */,
			);
			runOnlyForDeploymentPostprocessing = 0;
		};
/* End PBXResourcesBuildPhase section */

/* Begin PBXSourcesBuildPhase section */
		001F8D5128C8829B007A6F0F /* Sources */ = {
			isa = PBXSourcesBuildPhase;
			buildActionMask = 2147483647;
			files = (
				00A979CA29E92D870066F7C7 /* NSButton+category.m in Sources */,
				00A979BE29E92D870066F7C7 /* main.m in Sources */,
				00A979CE29E92D870066F7C7 /* NSImage+category.m in Sources */,
				00A979C829E92D870066F7C7 /* NSImageView+category.m in Sources */,
				00A979C329E92D870066F7C7 /* NSControl+category.m in Sources */,
				00A979C729E92D870066F7C7 /* NSString+secret.m in Sources */,
				00A979CD29E92D870066F7C7 /* NSViewController+category.m in Sources */,
				00A979C129E92D870066F7C7 /* NSView+frame.m in Sources */,
				00A979D029E92D870066F7C7 /* NSWindow+category.m in Sources */,
				00A979C529E92D870066F7C7 /* NSString+bounds.m in Sources */,
				00A979C029E92D870066F7C7 /* NSView+gesture.m in Sources */,
				00A979CB29E92D870066F7C7 /* NSAlert+category.m in Sources */,
				00A979BC29E92D870066F7C7 /* ViewController.m in Sources */,
				00A979CF29E92D870066F7C7 /* NSWindow+frame.m in Sources */,
				00A979D129E92D870066F7C7 /* NSDate+category.m in Sources */,
				00A979BF29E92D870066F7C7 /* AppDelegate.m in Sources */,
				00A979C629E92D870066F7C7 /* NSString+predicate.m in Sources */,
				00A979C929E92D870066F7C7 /* NSTextField+category.m in Sources */,
				00A979C229E92D870066F7C7 /* NSView+category.m in Sources */,
				00A979C429E92D870066F7C7 /* NSString+category.m in Sources */,
				00A979CC29E92D870066F7C7 /* NSObject+category.m in Sources */,
			);
			runOnlyForDeploymentPostprocessing = 0;
		};
/* End PBXSourcesBuildPhase section */

/* Begin PBXVariantGroup section */
		00A9798229E92D870066F7C7 /* Main.storyboard */ = {
			isa = PBXVariantGroup;
			children = (
				00A9798329E92D870066F7C7 /* Base */,
			);
			name = Main.storyboard;
			sourceTree = "<group>";
		};
/* End PBXVariantGroup section */

/* Begin XCBuildConfiguration section */
		001F8D6628C8829D007A6F0F /* Debug */ = {
			isa = XCBuildConfiguration;
			buildSettings = {
				ALWAYS_SEARCH_USER_PATHS = NO;
				CLANG_ANALYZER_NONNULL = YES;
				CLANG_ANALYZER_NUMBER_OBJECT_CONVERSION = YES_AGGRESSIVE;
				CLANG_CXX_LANGUAGE_STANDARD = "gnu++17";
				CLANG_ENABLE_MODULES = YES;
				CLANG_ENABLE_OBJC_ARC = YES;
				CLANG_ENABLE_OBJC_WEAK = YES;
				CLANG_WARN_BLOCK_CAPTURE_AUTORELEASING = YES;
				CLANG_WARN_BOOL_CONVERSION = YES;
				CLANG_WARN_COMMA = YES;
				CLANG_WARN_CONSTANT_CONVERSION = YES;
				CLANG_WARN_DEPRECATED_OBJC_IMPLEMENTATIONS = YES;
				CLANG_WARN_DIRECT_OBJC_ISA_USAGE = YES_ERROR;
				CLANG_WARN_DOCUMENTATION_COMMENTS = YES;
				CLANG_WARN_EMPTY_BODY = YES;
				CLANG_WARN_ENUM_CONVERSION = YES;
				CLANG_WARN_INFINITE_RECURSION = YES;
				CLANG_WARN_INT_CONVERSION = YES;
				CLANG_WARN_NON_LITERAL_NULL_CONVERSION = YES;
				CLANG_WARN_OBJC_IMPLICIT_RETAIN_SELF = YES;
				CLANG_WARN_OBJC_LITERAL_CONVERSION = YES;
				CLANG_WARN_OBJC_ROOT_CLASS = YES_ERROR;
				CLANG_WARN_QUOTED_INCLUDE_IN_FRAMEWORK_HEADER = YES;
				CLANG_WARN_RANGE_LOOP_ANALYSIS = YES;
				CLANG_WARN_STRICT_PROTOTYPES = YES;
				CLANG_WARN_SUSPICIOUS_MOVE = YES;
				CLANG_WARN_UNGUARDED_AVAILABILITY = YES_AGGRESSIVE;
				CLANG_WARN_UNREACHABLE_CODE = YES;
				CLANG_WARN__DUPLICATE_METHOD_MATCH = YES;
				COPY_PHASE_STRIP = NO;
				DEBUG_INFORMATION_FORMAT = dwarf;
				ENABLE_STRICT_OBJC_MSGSEND = YES;
				ENABLE_TESTABILITY = YES;
				GCC_C_LANGUAGE_STANDARD = gnu11;
				GCC_DYNAMIC_NO_PIC = NO;
				GCC_NO_COMMON_BLOCKS = YES;
				GCC_OPTIMIZATION_LEVEL = 0;
				GCC_PREPROCESSOR_DEFINITIONS = (
					"DEBUG=1",
					"$(inherited)",
				);
				GCC_WARN_64_TO_32_BIT_CONVERSION = YES;
				GCC_WARN_ABOUT_RETURN_TYPE = YES_ERROR;
				GCC_WARN_UNDECLARED_SELECTOR = YES;
				GCC_WARN_UNINITIALIZED_AUTOS = YES_AGGRESSIVE;
				GCC_WARN_UNUSED_FUNCTION = YES;
				GCC_WARN_UNUSED_VARIABLE = YES;
				MACOSX_DEPLOYMENT_TARGET = 12.3;
				MTL_ENABLE_DEBUG_INFO = INCLUDE_SOURCE;
				MTL_FAST_MATH = YES;
				ONLY_ACTIVE_ARCH = YES;
				SDKROOT = macosx;
			};
			name = Debug;
		};
		001F8D6728C8829D007A6F0F /* Release */ = {
			isa = XCBuildConfiguration;
			buildSettings = {
				ALWAYS_SEARCH_USER_PATHS = NO;
				CLANG_ANALYZER_NONNULL = YES;
				CLANG_ANALYZER_NUMBER_OBJECT_CONVERSION = YES_AGGRESSIVE;
				CLANG_CXX_LANGUAGE_STANDARD = "gnu++17";
				CLANG_ENABLE_MODULES = YES;
				CLANG_ENABLE_OBJC_ARC = YES;
				CLANG_ENABLE_OBJC_WEAK = YES;
				CLANG_WARN_BLOCK_CAPTURE_AUTORELEASING = YES;
				CLANG_WARN_BOOL_CONVERSION = YES;
				CLANG_WARN_COMMA = YES;
				CLANG_WARN_CONSTANT_CONVERSION = YES;
				CLANG_WARN_DEPRECATED_OBJC_IMPLEMENTATIONS = YES;
				CLANG_WARN_DIRECT_OBJC_ISA_USAGE = YES_ERROR;
				CLANG_WARN_DOCUMENTATION_COMMENTS = YES;
				CLANG_WARN_EMPTY_BODY = YES;
				CLANG_WARN_ENUM_CONVERSION = YES;
				CLANG_WARN_INFINITE_RECURSION = YES;
				CLANG_WARN_INT_CONVERSION = YES;
				CLANG_WARN_NON_LITERAL_NULL_CONVERSION = YES;
				CLANG_WARN_OBJC_IMPLICIT_RETAIN_SELF = YES;
				CLANG_WARN_OBJC_LITERAL_CONVERSION = YES;
				CLANG_WARN_OBJC_ROOT_CLASS = YES_ERROR;
				CLANG_WARN_QUOTED_INCLUDE_IN_FRAMEWORK_HEADER = YES;
				CLANG_WARN_RANGE_LOOP_ANALYSIS = YES;
				CLANG_WARN_STRICT_PROTOTYPES = YES;
				CLANG_WARN_SUSPICIOUS_MOVE = YES;
				CLANG_WARN_UNGUARDED_AVAILABILITY = YES_AGGRESSIVE;
				CLANG_WARN_UNREACHABLE_CODE = YES;
				CLANG_WARN__DUPLICATE_METHOD_MATCH = YES;
				COPY_PHASE_STRIP = NO;
				DEBUG_INFORMATION_FORMAT = "dwarf-with-dsym";
				ENABLE_NS_ASSERTIONS = NO;
				ENABLE_STRICT_OBJC_MSGSEND = YES;
				GCC_C_LANGUAGE_STANDARD = gnu11;
				GCC_NO_COMMON_BLOCKS = YES;
				GCC_WARN_64_TO_32_BIT_CONVERSION = YES;
				GCC_WARN_ABOUT_RETURN_TYPE = YES_ERROR;
				GCC_WARN_UNDECLARED_SELECTOR = YES;
				GCC_WARN_UNINITIALIZED_AUTOS = YES_AGGRESSIVE;
				GCC_WARN_UNUSED_FUNCTION = YES;
				GCC_WARN_UNUSED_VARIABLE = YES;
				MACOSX_DEPLOYMENT_TARGET = 12.3;
				MTL_ENABLE_DEBUG_INFO = NO;
				MTL_FAST_MATH = YES;
				SDKROOT = macosx;
			};
			name = Release;
		};
		001F8D6928C8829D007A6F0F /* Debug */ = {
			isa = XCBuildConfiguration;
			buildSettings = {
				ASSETCATALOG_COMPILER_APPICON_NAME = AppIcon;
				ASSETCATALOG_COMPILER_GLOBAL_ACCENT_COLOR_NAME = AccentColor;
				CODE_SIGN_ENTITLEMENTS = "YLCategory-Demo/YLCategory_MacOS.entitlements";
				"CODE_SIGN_IDENTITY[sdk=macosx*]" = "-";
				CODE_SIGN_STYLE = Automatic;
				COMBINE_HIDPI_IMAGES = YES;
				CURRENT_PROJECT_VERSION = 1;
				DEVELOPMENT_TEAM = 87LJF62PN6;
				ENABLE_HARDENED_RUNTIME = YES;
				GENERATE_INFOPLIST_FILE = YES;
				INFOPLIST_KEY_NSHumanReadableCopyright = "";
				INFOPLIST_KEY_NSMainStoryboardFile = Main;
				INFOPLIST_KEY_NSPrincipalClass = NSApplication;
				LD_RUNPATH_SEARCH_PATHS = (
					"$(inherited)",
					"@executable_path/../Frameworks",
				);
				MARKETING_VERSION = 1.0;
				PRODUCT_BUNDLE_IDENTIFIER = "com.wyl.YLCategory-MacOS";
				PRODUCT_NAME = "$(TARGET_NAME)";
				SWIFT_EMIT_LOC_STRINGS = YES;
			};
			name = Debug;
		};
		001F8D6A28C8829D007A6F0F /* Release */ = {
			isa = XCBuildConfiguration;
			buildSettings = {
				ASSETCATALOG_COMPILER_APPICON_NAME = AppIcon;
				ASSETCATALOG_COMPILER_GLOBAL_ACCENT_COLOR_NAME = AccentColor;
				CODE_SIGN_ENTITLEMENTS = "YLCategory-Demo/YLCategory_MacOS.entitlements";
				"CODE_SIGN_IDENTITY[sdk=macosx*]" = "-";
				CODE_SIGN_STYLE = Automatic;
				COMBINE_HIDPI_IMAGES = YES;
				CURRENT_PROJECT_VERSION = 1;
				DEVELOPMENT_TEAM = 87LJF62PN6;
				ENABLE_HARDENED_RUNTIME = YES;
				GENERATE_INFOPLIST_FILE = YES;
				INFOPLIST_KEY_NSHumanReadableCopyright = "";
				INFOPLIST_KEY_NSMainStoryboardFile = Main;
				INFOPLIST_KEY_NSPrincipalClass = NSApplication;
				LD_RUNPATH_SEARCH_PATHS = (
					"$(inherited)",
					"@executable_path/../Frameworks",
				);
				MARKETING_VERSION = 1.0;
				PRODUCT_BUNDLE_IDENTIFIER = "com.wyl.YLCategory-MacOS";
				PRODUCT_NAME = "$(TARGET_NAME)";
				SWIFT_EMIT_LOC_STRINGS = YES;
			};
			name = Release;
		};
/* End XCBuildConfiguration section */

/* Begin XCConfigurationList section */
		001F8D5028C8829B007A6F0F /* Build configuration list for PBXProject "YLCategory-MacOS" */ = {
			isa = XCConfigurationList;
			buildConfigurations = (
				001F8D6628C8829D007A6F0F /* Debug */,
				001F8D6728C8829D007A6F0F /* Release */,
			);
			defaultConfigurationIsVisible = 0;
			defaultConfigurationName = Release;
		};
		001F8D6828C8829D007A6F0F /* Build configuration list for PBXNativeTarget "YLCategory-MacOS" */ = {
			isa = XCConfigurationList;
			buildConfigurations = (
				001F8D6928C8829D007A6F0F /* Debug */,
				001F8D6A28C8829D007A6F0F /* Release */,
			);
			defaultConfigurationIsVisible = 0;
			defaultConfigurationName = Release;
		};
/* End XCConfigurationList section */
	};
	rootObject = 001F8D4D28C8829B007A6F0F /* Project object */;
}
